{
  "originHash" : "d6abd9716227493a2d07d77e6945341e05a54457c3128151eaa8bad4ebbb28b5",
  "pins" : [
    {
      "identity" : "checkerskit",
      "kind" : "remoteSourceControl",
      "location" : "https://github.com/stephenbensley/CheckersKit",
      "state" : {
        "branch" : "main",
        "revision" : "64a650e27cf4faae6e54d0b770d61230bf503310"
      }
    },
    {
      "identity" : "utilikit",
      "kind" : "remoteSourceControl",
      "location" : "https://github.com/stephenbensley/UtiliKit",
      "state" : {
        "branch" : "main",
        "revision" : "0338dc22c91abff33b1a29f78055f52c00a7cc48"
      }
    }
  ],
  "version" : 3
}
