{
  "originHash" : "d6abd9716227493a2d07d77e6945341e05a54457c3128151eaa8bad4ebbb28b5",
  "pins" : [
    {
      "identity" : "checkerskit",
      "kind" : "remoteSourceControl",
      "location" : "https://github.com/stephenbensley/CheckersKit",
      "state" : {
        "branch" : "main",
        "revision" : "187853db30a2881bbd816577dd1392d9ba9a71c0"
      }
    },
    {
      "identity" : "utilikit",
      "kind" : "remoteSourceControl",
      "location" : "https://github.com/stephenbensley/UtiliKit",
      "state" : {
        "branch" : "main",
        "revision" : "f797270038f0e9d06b269ddd45fcdc45edc50139"
      }
    }
  ],
  "version" : 3
}
