// !$*UTF8*$!
{
	archiveVersion = 1;
	classes = {
	};
	objectVersion = 60;
	objects = {

/* Begin PBXBuildFile section */
		DC1D07352C7E401B000B7D5B /* UtiliKit in Frameworks */ = {isa = PBXBuildFile; productRef = DC1D07342C7E401B000B7D5B /* UtiliKit */; };
		DC1D07372C7E404A000B7D5B /* UtiliKit in Frameworks */ = {isa = PBXBuildFile; productRef = DC1D07362C7E404A000B7D5B /* UtiliKit */; };
		DC1D07392C7E4066000B7D5B /* UtiliKit in Frameworks */ = {isa = PBXBuildFile; productRef = DC1D07382C7E4066000B7D5B /* UtiliKit */; };
		DC1D073B2C7E407F000B7D5B /* UtiliKit in Frameworks */ = {isa = PBXBuildFile; productRef = DC1D073A2C7E407F000B7D5B /* UtiliKit */; };
		DC1D073D2C7E5CEA000B7D5B /* MenuView.swift in Sources */ = {isa = PBXBuildFile; fileRef = DC1D073C2C7E5CEA000B7D5B /* MenuView.swift */; };
		DC1D073F2C7E5CFC000B7D5B /* RulesView.swift in Sources */ = {isa = PBXBuildFile; fileRef = DC1D073E2C7E5CFC000B7D5B /* RulesView.swift */; };
		DC1D07412C7E5D31000B7D5B /* UrModel.swift in Sources */ = {isa = PBXBuildFile; fileRef = DC1D07402C7E5D31000B7D5B /* UrModel.swift */; };
		DC1D07432C7E5F0A000B7D5B /* rules.txt in Resources */ = {isa = PBXBuildFile; fileRef = DC1D07422C7E5F0A000B7D5B /* rules.txt */; };
		DC28E04E2C7E0B4100C0FD2C /* UtiliKit in Frameworks */ = {isa = PBXBuildFile; productRef = DC28E04D2C7E0B4100C0FD2C /* UtiliKit */; };
		DC28E0502C7E0B6E00C0FD2C /* UtiliKit in Frameworks */ = {isa = PBXBuildFile; productRef = DC28E04F2C7E0B6E00C0FD2C /* UtiliKit */; };
		DC729EB22C7A4AAA00193A2E /* SolverApp.swift in Sources */ = {isa = PBXBuildFile; fileRef = DC729EB12C7A4AAA00193A2E /* SolverApp.swift */; };
		DC729EB42C7A4AAA00193A2E /* ContentView.swift in Sources */ = {isa = PBXBuildFile; fileRef = DC729EB32C7A4AAA00193A2E /* ContentView.swift */; };
		DC729EB62C7A4AAB00193A2E /* Assets.xcassets in Resources */ = {isa = PBXBuildFile; fileRef = DC729EB52C7A4AAB00193A2E /* Assets.xcassets */; };
		DC729ECB2C7A4BC300193A2E /* BufferedTextFile.swift in Sources */ = {isa = PBXBuildFile; fileRef = DC729EC92C7A4BC300193A2E /* BufferedTextFile.swift */; };
		DC729ECC2C7A4BC300193A2E /* DynamoDbFileGenerator.swift in Sources */ = {isa = PBXBuildFile; fileRef = DC729ECA2C7A4BC300193A2E /* DynamoDbFileGenerator.swift */; };
		DC729ECE2C7A4BFB00193A2E /* urSolution.data in CopyFiles */ = {isa = PBXBuildFile; fileRef = DC729EA22C7A438400193A2E /* urSolution.data */; };
		DC729F0A2C7A688600193A2E /* urSolution.data in CopyFiles */ = {isa = PBXBuildFile; fileRef = DC729EA22C7A438400193A2E /* urSolution.data */; };
		DC729F0B2C7A68C200193A2E /* DynamoNodeTests.swift in Sources */ = {isa = PBXBuildFile; fileRef = DC729E942C7A429F00193A2E /* DynamoNodeTests.swift */; };
		DC729F0C2C7A68C200193A2E /* PositionAnalyzerTests.swift in Sources */ = {isa = PBXBuildFile; fileRef = DC729EE32C7A507000193A2E /* PositionAnalyzerTests.swift */; };
		DC729F182C7A6B7A00193A2E /* Tournament.swift in Sources */ = {isa = PBXBuildFile; fileRef = DC729EF42C7A580E00193A2E /* Tournament.swift */; };
		DC729F1E2C7A6BB100193A2E /* urSolution.data in CopyFiles */ = {isa = PBXBuildFile; fileRef = DC729EA22C7A438400193A2E /* urSolution.data */; };
		DC729F212C7A8C5D00193A2E /* AWSConfig.swift in Sources */ = {isa = PBXBuildFile; fileRef = DC729E8B2C7A428800193A2E /* AWSConfig.swift */; };
		DC729F222C7A8C5D00193A2E /* Solver.swift in Sources */ = {isa = PBXBuildFile; fileRef = DC89A5932C7A410A005D0269 /* Solver.swift */; };
		DC729F232C7A8C5D00193A2E /* Ur.swift in Sources */ = {isa = PBXBuildFile; fileRef = DC89A5942C7A410A005D0269 /* Ur.swift */; };
		DC729F252C7A8C5D00193A2E /* PositionValues.swift in Sources */ = {isa = PBXBuildFile; fileRef = DC89A5962C7A410A005D0269 /* PositionValues.swift */; };
		DC729F262C7A8C5D00193A2E /* SafeCounts.swift in Sources */ = {isa = PBXBuildFile; fileRef = DC89A5972C7A410A005D0269 /* SafeCounts.swift */; };
		DC729F282C7A8C5D00193A2E /* PlayerPosition.swift in Sources */ = {isa = PBXBuildFile; fileRef = DC89A5982C7A410A005D0269 /* PlayerPosition.swift */; };
		DC729F292C7A8C5D00193A2E /* GamePosition.swift in Sources */ = {isa = PBXBuildFile; fileRef = DC89A5922C7A410A005D0269 /* GamePosition.swift */; };
		DC729F2A2C7A8C5D00193A2E /* PositionAnalyzer.swift in Sources */ = {isa = PBXBuildFile; fileRef = DC729E8E2C7A428800193A2E /* PositionAnalyzer.swift */; };
		DC729F2B2C7A8C5D00193A2E /* SolutionDBClient.swift in Sources */ = {isa = PBXBuildFile; fileRef = DC729E8A2C7A428800193A2E /* SolutionDBClient.swift */; };
		DC729F2C2C7A8C5D00193A2E /* DynamoNode.swift in Sources */ = {isa = PBXBuildFile; fileRef = DC729E8C2C7A428800193A2E /* DynamoNode.swift */; };
		DC729F2D2C7A8C5D00193A2E /* SolutionDB.swift in Sources */ = {isa = PBXBuildFile; fileRef = DC729F1F2C7A840300193A2E /* SolutionDB.swift */; };
		DC729F2E2C7A8C5D00193A2E /* GameModel.swift in Sources */ = {isa = PBXBuildFile; fileRef = DC729EE72C7A53ED00193A2E /* GameModel.swift */; };
		DC729F2F2C7A8C5D00193A2E /* PositionValuesBuilder.swift in Sources */ = {isa = PBXBuildFile; fileRef = DC89A5952C7A410A005D0269 /* PositionValuesBuilder.swift */; };
		DC729F302C7A8C5D00193A2E /* AWSConfig.swift in Sources */ = {isa = PBXBuildFile; fileRef = DC729E8B2C7A428800193A2E /* AWSConfig.swift */; };
		DC729F312C7A8C5D00193A2E /* Solver.swift in Sources */ = {isa = PBXBuildFile; fileRef = DC89A5932C7A410A005D0269 /* Solver.swift */; };
		DC729F322C7A8C5D00193A2E /* Ur.swift in Sources */ = {isa = PBXBuildFile; fileRef = DC89A5942C7A410A005D0269 /* Ur.swift */; };
		DC729F342C7A8C5D00193A2E /* PositionValues.swift in Sources */ = {isa = PBXBuildFile; fileRef = DC89A5962C7A410A005D0269 /* PositionValues.swift */; };
		DC729F352C7A8C5D00193A2E /* SafeCounts.swift in Sources */ = {isa = PBXBuildFile; fileRef = DC89A5972C7A410A005D0269 /* SafeCounts.swift */; };
		DC729F372C7A8C5D00193A2E /* PlayerPosition.swift in Sources */ = {isa = PBXBuildFile; fileRef = DC89A5982C7A410A005D0269 /* PlayerPosition.swift */; };
		DC729F382C7A8C5D00193A2E /* GamePosition.swift in Sources */ = {isa = PBXBuildFile; fileRef = DC89A5922C7A410A005D0269 /* GamePosition.swift */; };
		DC729F392C7A8C5D00193A2E /* PositionAnalyzer.swift in Sources */ = {isa = PBXBuildFile; fileRef = DC729E8E2C7A428800193A2E /* PositionAnalyzer.swift */; };
		DC729F3A2C7A8C5D00193A2E /* SolutionDBClient.swift in Sources */ = {isa = PBXBuildFile; fileRef = DC729E8A2C7A428800193A2E /* SolutionDBClient.swift */; };
		DC729F3B2C7A8C5D00193A2E /* DynamoNode.swift in Sources */ = {isa = PBXBuildFile; fileRef = DC729E8C2C7A428800193A2E /* DynamoNode.swift */; };
		DC729F3C2C7A8C5D00193A2E /* SolutionDB.swift in Sources */ = {isa = PBXBuildFile; fileRef = DC729F1F2C7A840300193A2E /* SolutionDB.swift */; };
		DC729F3D2C7A8C5D00193A2E /* GameModel.swift in Sources */ = {isa = PBXBuildFile; fileRef = DC729EE72C7A53ED00193A2E /* GameModel.swift */; };
		DC729F3E2C7A8C5D00193A2E /* PositionValuesBuilder.swift in Sources */ = {isa = PBXBuildFile; fileRef = DC89A5952C7A410A005D0269 /* PositionValuesBuilder.swift */; };
		DC729F3F2C7A8C5E00193A2E /* AWSConfig.swift in Sources */ = {isa = PBXBuildFile; fileRef = DC729E8B2C7A428800193A2E /* AWSConfig.swift */; };
		DC729F402C7A8C5E00193A2E /* Solver.swift in Sources */ = {isa = PBXBuildFile; fileRef = DC89A5932C7A410A005D0269 /* Solver.swift */; };
		DC729F412C7A8C5E00193A2E /* Ur.swift in Sources */ = {isa = PBXBuildFile; fileRef = DC89A5942C7A410A005D0269 /* Ur.swift */; };
		DC729F432C7A8C5E00193A2E /* PositionValues.swift in Sources */ = {isa = PBXBuildFile; fileRef = DC89A5962C7A410A005D0269 /* PositionValues.swift */; };
		DC729F442C7A8C5E00193A2E /* SafeCounts.swift in Sources */ = {isa = PBXBuildFile; fileRef = DC89A5972C7A410A005D0269 /* SafeCounts.swift */; };
		DC729F452C7A8C5E00193A2E /* Strategy.swift in Sources */ = {isa = PBXBuildFile; fileRef = DC729EE52C7A527300193A2E /* Strategy.swift */; };
		DC729F462C7A8C5E00193A2E /* PlayerPosition.swift in Sources */ = {isa = PBXBuildFile; fileRef = DC89A5982C7A410A005D0269 /* PlayerPosition.swift */; };
		DC729F472C7A8C5E00193A2E /* GamePosition.swift in Sources */ = {isa = PBXBuildFile; fileRef = DC89A5922C7A410A005D0269 /* GamePosition.swift */; };
		DC729F482C7A8C5E00193A2E /* PositionAnalyzer.swift in Sources */ = {isa = PBXBuildFile; fileRef = DC729E8E2C7A428800193A2E /* PositionAnalyzer.swift */; };
		DC729F492C7A8C5E00193A2E /* SolutionDBClient.swift in Sources */ = {isa = PBXBuildFile; fileRef = DC729E8A2C7A428800193A2E /* SolutionDBClient.swift */; };
		DC729F4A2C7A8C5E00193A2E /* DynamoNode.swift in Sources */ = {isa = PBXBuildFile; fileRef = DC729E8C2C7A428800193A2E /* DynamoNode.swift */; };
		DC729F4B2C7A8C5E00193A2E /* SolutionDB.swift in Sources */ = {isa = PBXBuildFile; fileRef = DC729F1F2C7A840300193A2E /* SolutionDB.swift */; };
		DC729F4C2C7A8C5E00193A2E /* GameModel.swift in Sources */ = {isa = PBXBuildFile; fileRef = DC729EE72C7A53ED00193A2E /* GameModel.swift */; };
		DC729F4D2C7A8C5E00193A2E /* PositionValuesBuilder.swift in Sources */ = {isa = PBXBuildFile; fileRef = DC89A5952C7A410A005D0269 /* PositionValuesBuilder.swift */; };
		DC89A5A52C7A413B005D0269 /* PlayerPositionTests.swift in Sources */ = {isa = PBXBuildFile; fileRef = DC89A5A12C7A413B005D0269 /* PlayerPositionTests.swift */; };
		DC89A5A62C7A413B005D0269 /* PositionValuesBuilderTests.swift in Sources */ = {isa = PBXBuildFile; fileRef = DC89A5A22C7A413B005D0269 /* PositionValuesBuilderTests.swift */; };
		DC89A5A72C7A413B005D0269 /* TestUtils.swift in Sources */ = {isa = PBXBuildFile; fileRef = DC89A5A32C7A413B005D0269 /* TestUtils.swift */; };
		DC89A5A82C7A413B005D0269 /* GamePositionTests.swift in Sources */ = {isa = PBXBuildFile; fileRef = DC89A5A42C7A413B005D0269 /* GamePositionTests.swift */; };
		DC96FB522C7E0C0700ECB509 /* UtiliKit in Frameworks */ = {isa = PBXBuildFile; productRef = DC96FB512C7E0C0700ECB509 /* UtiliKit */; };
		DC96FB552C7E0CCB00ECB509 /* UtiliKit in Frameworks */ = {isa = PBXBuildFile; productRef = DC96FB542C7E0CCB00ECB509 /* UtiliKit */; };
		DC96FB572C7E0D2100ECB509 /* BoardPositions.swift in Sources */ = {isa = PBXBuildFile; fileRef = DC96FB562C7E0D2100ECB509 /* BoardPositions.swift */; };
		DCA00C332C7A8E9100C9E1D2 /* Solver.swift in Sources */ = {isa = PBXBuildFile; fileRef = DC89A5932C7A410A005D0269 /* Solver.swift */; };
		DCA00C342C7A8E9100C9E1D2 /* Ur.swift in Sources */ = {isa = PBXBuildFile; fileRef = DC89A5942C7A410A005D0269 /* Ur.swift */; };
		DCA00C352C7A8E9100C9E1D2 /* DynamoNode.swift in Sources */ = {isa = PBXBuildFile; fileRef = DC729E8C2C7A428800193A2E /* DynamoNode.swift */; };
		DCA00C362C7A8E9100C9E1D2 /* SolutionDB.swift in Sources */ = {isa = PBXBuildFile; fileRef = DC729F1F2C7A840300193A2E /* SolutionDB.swift */; };
		DCA00C382C7A8E9100C9E1D2 /* PositionValuesBuilder.swift in Sources */ = {isa = PBXBuildFile; fileRef = DC89A5952C7A410A005D0269 /* PositionValuesBuilder.swift */; };
		DCA00C392C7A8E9100C9E1D2 /* SafeCounts.swift in Sources */ = {isa = PBXBuildFile; fileRef = DC89A5972C7A410A005D0269 /* SafeCounts.swift */; };
		DCA00C3A2C7A8E9100C9E1D2 /* SolutionDBClient.swift in Sources */ = {isa = PBXBuildFile; fileRef = DC729E8A2C7A428800193A2E /* SolutionDBClient.swift */; };
		DCA00C3C2C7A8E9100C9E1D2 /* GameModel.swift in Sources */ = {isa = PBXBuildFile; fileRef = DC729EE72C7A53ED00193A2E /* GameModel.swift */; };
		DCA00C3D2C7A8E9100C9E1D2 /* AWSConfig.swift in Sources */ = {isa = PBXBuildFile; fileRef = DC729E8B2C7A428800193A2E /* AWSConfig.swift */; };
		DCA00C3E2C7A8E9100C9E1D2 /* GamePosition.swift in Sources */ = {isa = PBXBuildFile; fileRef = DC89A5922C7A410A005D0269 /* GamePosition.swift */; };
		DCA00C3F2C7A8E9100C9E1D2 /* PlayerPosition.swift in Sources */ = {isa = PBXBuildFile; fileRef = DC89A5982C7A410A005D0269 /* PlayerPosition.swift */; };
		DCA00C402C7A8E9100C9E1D2 /* PositionAnalyzer.swift in Sources */ = {isa = PBXBuildFile; fileRef = DC729E8E2C7A428800193A2E /* PositionAnalyzer.swift */; };
		DCA00C412C7A8E9100C9E1D2 /* PositionValues.swift in Sources */ = {isa = PBXBuildFile; fileRef = DC89A5962C7A410A005D0269 /* PositionValues.swift */; };
		DCA00C452C7AAF6600C9E1D2 /* GameModelTests.swift in Sources */ = {isa = PBXBuildFile; fileRef = DCA00C442C7AAF6600C9E1D2 /* GameModelTests.swift */; };
		DCA00C472C7AB20700C9E1D2 /* SafeCountsTests.swift in Sources */ = {isa = PBXBuildFile; fileRef = DCA00C462C7AB20700C9E1D2 /* SafeCountsTests.swift */; };
		DCA00C492C7B942600C9E1D2 /* CloudDBClientTests.swift in Sources */ = {isa = PBXBuildFile; fileRef = DCA00C482C7B942600C9E1D2 /* CloudDBClientTests.swift */; };
		DCA00C512C7BCA8500C9E1D2 /* UrCoachApp.swift in Sources */ = {isa = PBXBuildFile; fileRef = DCA00C502C7BCA8500C9E1D2 /* UrCoachApp.swift */; };
		DCA00C532C7BCA8500C9E1D2 /* ContentView.swift in Sources */ = {isa = PBXBuildFile; fileRef = DCA00C522C7BCA8500C9E1D2 /* ContentView.swift */; };
		DCA00C552C7BCA8600C9E1D2 /* Assets.xcassets in Resources */ = {isa = PBXBuildFile; fileRef = DCA00C542C7BCA8600C9E1D2 /* Assets.xcassets */; };
		DCA00C6A2C7CC0BE00C9E1D2 /* GameScene.swift in Sources */ = {isa = PBXBuildFile; fileRef = DCA00C692C7CC0BE00C9E1D2 /* GameScene.swift */; };
		DCA00C7E2C7CF2E400C9E1D2 /* GamePosition.swift in Sources */ = {isa = PBXBuildFile; fileRef = DC89A5922C7A410A005D0269 /* GamePosition.swift */; };
		DCA00C7F2C7CF2E400C9E1D2 /* PositionValuesBuilder.swift in Sources */ = {isa = PBXBuildFile; fileRef = DC89A5952C7A410A005D0269 /* PositionValuesBuilder.swift */; };
		DCA00C802C7CF2E400C9E1D2 /* Ur.swift in Sources */ = {isa = PBXBuildFile; fileRef = DC89A5942C7A410A005D0269 /* Ur.swift */; };
		DCA00C812C7CF2E400C9E1D2 /* SafeCounts.swift in Sources */ = {isa = PBXBuildFile; fileRef = DC89A5972C7A410A005D0269 /* SafeCounts.swift */; };
		DCA00C822C7CF2E400C9E1D2 /* SolutionDB.swift in Sources */ = {isa = PBXBuildFile; fileRef = DC729F1F2C7A840300193A2E /* SolutionDB.swift */; };
		DCA00C832C7CF2E400C9E1D2 /* PositionAnalyzer.swift in Sources */ = {isa = PBXBuildFile; fileRef = DC729E8E2C7A428800193A2E /* PositionAnalyzer.swift */; };
		DCA00C842C7CF2E400C9E1D2 /* DynamoNode.swift in Sources */ = {isa = PBXBuildFile; fileRef = DC729E8C2C7A428800193A2E /* DynamoNode.swift */; };
		DCA00C852C7CF2E400C9E1D2 /* AWSConfig.swift in Sources */ = {isa = PBXBuildFile; fileRef = DC729E8B2C7A428800193A2E /* AWSConfig.swift */; };
		DCA00C862C7CF2E400C9E1D2 /* SolutionDBClient.swift in Sources */ = {isa = PBXBuildFile; fileRef = DC729E8A2C7A428800193A2E /* SolutionDBClient.swift */; };
		DCA00C872C7CF2E400C9E1D2 /* PositionValues.swift in Sources */ = {isa = PBXBuildFile; fileRef = DC89A5962C7A410A005D0269 /* PositionValues.swift */; };
		DCA00C882C7CF2E400C9E1D2 /* GameModel.swift in Sources */ = {isa = PBXBuildFile; fileRef = DC729EE72C7A53ED00193A2E /* GameModel.swift */; };
		DCA00C892C7CF2E400C9E1D2 /* Solver.swift in Sources */ = {isa = PBXBuildFile; fileRef = DC89A5932C7A410A005D0269 /* Solver.swift */; };
		DCA00C8A2C7CF2E400C9E1D2 /* PlayerPosition.swift in Sources */ = {isa = PBXBuildFile; fileRef = DC89A5982C7A410A005D0269 /* PlayerPosition.swift */; };
		DCA00C972C7E07B700C9E1D2 /* UtiliKit in Frameworks */ = {isa = PBXBuildFile; productRef = DCA00C962C7E07B700C9E1D2 /* UtiliKit */; };
/* End PBXBuildFile section */

/* Begin PBXCopyFilesBuildPhase section */
		DC729EC02C7A4BB400193A2E /* CopyFiles */ = {
			isa = PBXCopyFilesBuildPhase;
			buildActionMask = 12;
			dstPath = "";
			dstSubfolderSpec = 16;
			files = (
				DC729ECE2C7A4BFB00193A2E /* urSolution.data in CopyFiles */,
			);
			runOnlyForDeploymentPostprocessing = 0;
		};
		DC729ED42C7A4CD700193A2E /* Embed Frameworks */ = {
			isa = PBXCopyFilesBuildPhase;
			buildActionMask = 2147483647;
			dstPath = "";
			dstSubfolderSpec = 10;
			files = (
			);
			name = "Embed Frameworks";
			runOnlyForDeploymentPostprocessing = 0;
		};
		DC729EDD2C7A4CDE00193A2E /* Embed Frameworks */ = {
			isa = PBXCopyFilesBuildPhase;
			buildActionMask = 2147483647;
			dstPath = "";
			dstSubfolderSpec = 10;
			files = (
			);
			name = "Embed Frameworks";
			runOnlyForDeploymentPostprocessing = 0;
		};
		DC729F092C7A687B00193A2E /* CopyFiles */ = {
			isa = PBXCopyFilesBuildPhase;
			buildActionMask = 2147483647;
			dstPath = "";
			dstSubfolderSpec = 16;
			files = (
				DC729F0A2C7A688600193A2E /* urSolution.data in CopyFiles */,
			);
			runOnlyForDeploymentPostprocessing = 0;
		};
		DC729F0F2C7A6B7100193A2E /* CopyFiles */ = {
			isa = PBXCopyFilesBuildPhase;
			buildActionMask = 12;
			dstPath = "";
			dstSubfolderSpec = 16;
			files = (
				DC729F1E2C7A6BB100193A2E /* urSolution.data in CopyFiles */,
			);
			runOnlyForDeploymentPostprocessing = 0;
		};
		DC729F1D2C7A6BA300193A2E /* Embed Frameworks */ = {
			isa = PBXCopyFilesBuildPhase;
			buildActionMask = 2147483647;
			dstPath = "";
			dstSubfolderSpec = 10;
			files = (
			);
			name = "Embed Frameworks";
			runOnlyForDeploymentPostprocessing = 0;
		};
/* End PBXCopyFilesBuildPhase section */

/* Begin PBXFileReference section */
		DC1D073C2C7E5CEA000B7D5B /* MenuView.swift */ = {isa = PBXFileReference; lastKnownFileType = sourcecode.swift; path = MenuView.swift; sourceTree = "<group>"; };
		DC1D073E2C7E5CFC000B7D5B /* RulesView.swift */ = {isa = PBXFileReference; lastKnownFileType = sourcecode.swift; path = RulesView.swift; sourceTree = "<group>"; };
		DC1D07402C7E5D31000B7D5B /* UrModel.swift */ = {isa = PBXFileReference; lastKnownFileType = sourcecode.swift; path = UrModel.swift; sourceTree = "<group>"; };
		DC1D07422C7E5F0A000B7D5B /* rules.txt */ = {isa = PBXFileReference; fileEncoding = 4; lastKnownFileType = text; path = rules.txt; sourceTree = "<group>"; };
		DC729E8A2C7A428800193A2E /* SolutionDBClient.swift */ = {isa = PBXFileReference; fileEncoding = 4; lastKnownFileType = sourcecode.swift; path = SolutionDBClient.swift; sourceTree = "<group>"; };
		DC729E8B2C7A428800193A2E /* AWSConfig.swift */ = {isa = PBXFileReference; fileEncoding = 4; lastKnownFileType = sourcecode.swift; path = AWSConfig.swift; sourceTree = "<group>"; };
		DC729E8C2C7A428800193A2E /* DynamoNode.swift */ = {isa = PBXFileReference; fileEncoding = 4; lastKnownFileType = sourcecode.swift; path = DynamoNode.swift; sourceTree = "<group>"; };
		DC729E8E2C7A428800193A2E /* PositionAnalyzer.swift */ = {isa = PBXFileReference; fileEncoding = 4; lastKnownFileType = sourcecode.swift; path = PositionAnalyzer.swift; sourceTree = "<group>"; };
		DC729E942C7A429F00193A2E /* DynamoNodeTests.swift */ = {isa = PBXFileReference; fileEncoding = 4; lastKnownFileType = sourcecode.swift; path = DynamoNodeTests.swift; sourceTree = "<group>"; };
		DC729EA22C7A438400193A2E /* urSolution.data */ = {isa = PBXFileReference; lastKnownFileType = file; path = urSolution.data; sourceTree = "<group>"; };
		DC729EAF2C7A4AAA00193A2E /* Ur Solver.app */ = {isa = PBXFileReference; explicitFileType = wrapper.application; includeInIndex = 0; path = "Ur Solver.app"; sourceTree = BUILT_PRODUCTS_DIR; };
		DC729EB12C7A4AAA00193A2E /* SolverApp.swift */ = {isa = PBXFileReference; lastKnownFileType = sourcecode.swift; path = SolverApp.swift; sourceTree = "<group>"; };
		DC729EB32C7A4AAA00193A2E /* ContentView.swift */ = {isa = PBXFileReference; lastKnownFileType = sourcecode.swift; path = ContentView.swift; sourceTree = "<group>"; };
		DC729EB52C7A4AAB00193A2E /* Assets.xcassets */ = {isa = PBXFileReference; lastKnownFileType = folder.assetcatalog; path = Assets.xcassets; sourceTree = "<group>"; };
		DC729EBA2C7A4AAB00193A2E /* Solver.entitlements */ = {isa = PBXFileReference; lastKnownFileType = text.plist.entitlements; path = Solver.entitlements; sourceTree = "<group>"; };
		DC729EC22C7A4BB400193A2E /* DynamoDBGen */ = {isa = PBXFileReference; explicitFileType = "compiled.mach-o.executable"; includeInIndex = 0; path = DynamoDBGen; sourceTree = BUILT_PRODUCTS_DIR; };
		DC729EC92C7A4BC300193A2E /* BufferedTextFile.swift */ = {isa = PBXFileReference; fileEncoding = 4; lastKnownFileType = sourcecode.swift; path = BufferedTextFile.swift; sourceTree = "<group>"; };
		DC729ECA2C7A4BC300193A2E /* DynamoDbFileGenerator.swift */ = {isa = PBXFileReference; fileEncoding = 4; lastKnownFileType = sourcecode.swift; path = DynamoDbFileGenerator.swift; sourceTree = "<group>"; };
		DC729EE32C7A507000193A2E /* PositionAnalyzerTests.swift */ = {isa = PBXFileReference; lastKnownFileType = sourcecode.swift; path = PositionAnalyzerTests.swift; sourceTree = "<group>"; };
		DC729EE52C7A527300193A2E /* Strategy.swift */ = {isa = PBXFileReference; fileEncoding = 4; lastKnownFileType = sourcecode.swift; path = Strategy.swift; sourceTree = "<group>"; };
		DC729EE72C7A53ED00193A2E /* GameModel.swift */ = {isa = PBXFileReference; fileEncoding = 4; lastKnownFileType = sourcecode.swift; path = GameModel.swift; sourceTree = "<group>"; };
		DC729EF42C7A580E00193A2E /* Tournament.swift */ = {isa = PBXFileReference; lastKnownFileType = sourcecode.swift; path = Tournament.swift; sourceTree = "<group>"; };
		DC729F112C7A6B7100193A2E /* Tournament */ = {isa = PBXFileReference; explicitFileType = "compiled.mach-o.executable"; includeInIndex = 0; path = Tournament; sourceTree = BUILT_PRODUCTS_DIR; };
		DC729F1F2C7A840300193A2E /* SolutionDB.swift */ = {isa = PBXFileReference; lastKnownFileType = sourcecode.swift; path = SolutionDB.swift; sourceTree = "<group>"; };
		DC89A5832C7A40F5005D0269 /* UrCoreTests.xctest */ = {isa = PBXFileReference; explicitFileType = wrapper.cfbundle; includeInIndex = 0; path = UrCoreTests.xctest; sourceTree = BUILT_PRODUCTS_DIR; };
		DC89A5922C7A410A005D0269 /* GamePosition.swift */ = {isa = PBXFileReference; fileEncoding = 4; lastKnownFileType = sourcecode.swift; path = GamePosition.swift; sourceTree = "<group>"; };
		DC89A5932C7A410A005D0269 /* Solver.swift */ = {isa = PBXFileReference; fileEncoding = 4; lastKnownFileType = sourcecode.swift; path = Solver.swift; sourceTree = "<group>"; };
		DC89A5942C7A410A005D0269 /* Ur.swift */ = {isa = PBXFileReference; fileEncoding = 4; lastKnownFileType = sourcecode.swift; path = Ur.swift; sourceTree = "<group>"; };
		DC89A5952C7A410A005D0269 /* PositionValuesBuilder.swift */ = {isa = PBXFileReference; fileEncoding = 4; lastKnownFileType = sourcecode.swift; path = PositionValuesBuilder.swift; sourceTree = "<group>"; };
		DC89A5962C7A410A005D0269 /* PositionValues.swift */ = {isa = PBXFileReference; fileEncoding = 4; lastKnownFileType = sourcecode.swift; path = PositionValues.swift; sourceTree = "<group>"; };
		DC89A5972C7A410A005D0269 /* SafeCounts.swift */ = {isa = PBXFileReference; fileEncoding = 4; lastKnownFileType = sourcecode.swift; path = SafeCounts.swift; sourceTree = "<group>"; };
		DC89A5982C7A410A005D0269 /* PlayerPosition.swift */ = {isa = PBXFileReference; fileEncoding = 4; lastKnownFileType = sourcecode.swift; path = PlayerPosition.swift; sourceTree = "<group>"; };
		DC89A5A12C7A413B005D0269 /* PlayerPositionTests.swift */ = {isa = PBXFileReference; fileEncoding = 4; lastKnownFileType = sourcecode.swift; path = PlayerPositionTests.swift; sourceTree = "<group>"; };
		DC89A5A22C7A413B005D0269 /* PositionValuesBuilderTests.swift */ = {isa = PBXFileReference; fileEncoding = 4; lastKnownFileType = sourcecode.swift; path = PositionValuesBuilderTests.swift; sourceTree = "<group>"; };
		DC89A5A32C7A413B005D0269 /* TestUtils.swift */ = {isa = PBXFileReference; fileEncoding = 4; lastKnownFileType = sourcecode.swift; path = TestUtils.swift; sourceTree = "<group>"; };
		DC89A5A42C7A413B005D0269 /* GamePositionTests.swift */ = {isa = PBXFileReference; fileEncoding = 4; lastKnownFileType = sourcecode.swift; path = GamePositionTests.swift; sourceTree = "<group>"; };
		DC96FB562C7E0D2100ECB509 /* BoardPositions.swift */ = {isa = PBXFileReference; lastKnownFileType = sourcecode.swift; path = BoardPositions.swift; sourceTree = "<group>"; };
		DCA00C442C7AAF6600C9E1D2 /* GameModelTests.swift */ = {isa = PBXFileReference; lastKnownFileType = sourcecode.swift; path = GameModelTests.swift; sourceTree = "<group>"; };
		DCA00C462C7AB20700C9E1D2 /* SafeCountsTests.swift */ = {isa = PBXFileReference; lastKnownFileType = sourcecode.swift; path = SafeCountsTests.swift; sourceTree = "<group>"; };
		DCA00C482C7B942600C9E1D2 /* CloudDBClientTests.swift */ = {isa = PBXFileReference; lastKnownFileType = sourcecode.swift; path = CloudDBClientTests.swift; sourceTree = "<group>"; };
		DCA00C4E2C7BCA8500C9E1D2 /* UrCoach.app */ = {isa = PBXFileReference; explicitFileType = wrapper.application; includeInIndex = 0; path = UrCoach.app; sourceTree = BUILT_PRODUCTS_DIR; };
		DCA00C502C7BCA8500C9E1D2 /* UrCoachApp.swift */ = {isa = PBXFileReference; lastKnownFileType = sourcecode.swift; path = UrCoachApp.swift; sourceTree = "<group>"; };
		DCA00C522C7BCA8500C9E1D2 /* ContentView.swift */ = {isa = PBXFileReference; lastKnownFileType = sourcecode.swift; path = ContentView.swift; sourceTree = "<group>"; };
		DCA00C542C7BCA8600C9E1D2 /* Assets.xcassets */ = {isa = PBXFileReference; lastKnownFileType = folder.assetcatalog; path = Assets.xcassets; sourceTree = "<group>"; };
		DCA00C692C7CC0BE00C9E1D2 /* GameScene.swift */ = {isa = PBXFileReference; lastKnownFileType = sourcecode.swift; path = GameScene.swift; sourceTree = "<group>"; };
/* End PBXFileReference section */

/* Begin PBXFrameworksBuildPhase section */
		DC729EAC2C7A4AAA00193A2E /* Frameworks */ = {
			isa = PBXFrameworksBuildPhase;
			buildActionMask = 2147483647;
			files = (
				DC1D07352C7E401B000B7D5B /* UtiliKit in Frameworks */,
			);
			runOnlyForDeploymentPostprocessing = 0;
		};
		DC729EBF2C7A4BB400193A2E /* Frameworks */ = {
			isa = PBXFrameworksBuildPhase;
			buildActionMask = 2147483647;
			files = (
				DC1D07392C7E4066000B7D5B /* UtiliKit in Frameworks */,
			);
			runOnlyForDeploymentPostprocessing = 0;
		};
		DC729F0E2C7A6B7100193A2E /* Frameworks */ = {
			isa = PBXFrameworksBuildPhase;
			buildActionMask = 2147483647;
			files = (
				DC1D07372C7E404A000B7D5B /* UtiliKit in Frameworks */,
			);
			runOnlyForDeploymentPostprocessing = 0;
		};
		DC89A5802C7A40F5005D0269 /* Frameworks */ = {
			isa = PBXFrameworksBuildPhase;
			buildActionMask = 2147483647;
			files = (
				DC1D073B2C7E407F000B7D5B /* UtiliKit in Frameworks */,
			);
			runOnlyForDeploymentPostprocessing = 0;
		};
		DCA00C4B2C7BCA8500C9E1D2 /* Frameworks */ = {
			isa = PBXFrameworksBuildPhase;
			buildActionMask = 2147483647;
			files = (
				DC28E0502C7E0B6E00C0FD2C /* UtiliKit in Frameworks */,
				DC96FB552C7E0CCB00ECB509 /* UtiliKit in Frameworks */,
				DCA00C972C7E07B700C9E1D2 /* UtiliKit in Frameworks */,
				DC28E04E2C7E0B4100C0FD2C /* UtiliKit in Frameworks */,
				DC96FB522C7E0C0700ECB509 /* UtiliKit in Frameworks */,
			);
			runOnlyForDeploymentPostprocessing = 0;
		};
/* End PBXFrameworksBuildPhase section */

/* Begin PBXGroup section */
		DC729EA12C7A436F00193A2E /* Resources */ = {
			isa = PBXGroup;
			children = (
				DC729EA22C7A438400193A2E /* urSolution.data */,
			);
			path = Resources;
			sourceTree = "<group>";
		};
		DC729EB02C7A4AAA00193A2E /* Solver */ = {
			isa = PBXGroup;
			children = (
				DC729EB12C7A4AAA00193A2E /* SolverApp.swift */,
				DC729EB32C7A4AAA00193A2E /* ContentView.swift */,
				DC729EB52C7A4AAB00193A2E /* Assets.xcassets */,
				DC729EBA2C7A4AAB00193A2E /* Solver.entitlements */,
			);
			path = Solver;
			sourceTree = "<group>";
		};
		DC729EC32C7A4BB400193A2E /* DynamoDBGen */ = {
			isa = PBXGroup;
			children = (
				DC729EC92C7A4BC300193A2E /* BufferedTextFile.swift */,
				DC729ECA2C7A4BC300193A2E /* DynamoDbFileGenerator.swift */,
			);
			path = DynamoDBGen;
			sourceTree = "<group>";
		};
		DC729ECF2C7A4CD700193A2E /* Frameworks */ = {
			isa = PBXGroup;
			children = (
			);
			name = Frameworks;
			sourceTree = "<group>";
		};
		DC729F122C7A6B7100193A2E /* Tournament */ = {
			isa = PBXGroup;
			children = (
				DC729EE52C7A527300193A2E /* Strategy.swift */,
				DC729EF42C7A580E00193A2E /* Tournament.swift */,
			);
			path = Tournament;
			sourceTree = "<group>";
		};
		DC89A56F2C7A40E1005D0269 = {
			isa = PBXGroup;
			children = (
				DC729EC32C7A4BB400193A2E /* DynamoDBGen */,
				DC729ECF2C7A4CD700193A2E /* Frameworks */,
				DC89A57C2C7A40F5005D0269 /* Products */,
				DC729EA12C7A436F00193A2E /* Resources */,
				DC729EB02C7A4AAA00193A2E /* Solver */,
				DC729F122C7A6B7100193A2E /* Tournament */,
				DCA00C4F2C7BCA8500C9E1D2 /* UrCoach */,
				DC89A57D2C7A40F5005D0269 /* UrCore */,
				DC89A5872C7A40F5005D0269 /* UrCoreTests */,
			);
			sourceTree = "<group>";
		};
		DC89A57C2C7A40F5005D0269 /* Products */ = {
			isa = PBXGroup;
			children = (
				DC89A5832C7A40F5005D0269 /* UrCoreTests.xctest */,
				DC729EAF2C7A4AAA00193A2E /* Ur Solver.app */,
				DC729EC22C7A4BB400193A2E /* DynamoDBGen */,
				DC729F112C7A6B7100193A2E /* Tournament */,
				DCA00C4E2C7BCA8500C9E1D2 /* UrCoach.app */,
			);
			name = Products;
			sourceTree = "<group>";
		};
		DC89A57D2C7A40F5005D0269 /* UrCore */ = {
			isa = PBXGroup;
			children = (
				DC729E8B2C7A428800193A2E /* AWSConfig.swift */,
				DC729E8C2C7A428800193A2E /* DynamoNode.swift */,
				DC729EE72C7A53ED00193A2E /* GameModel.swift */,
				DC89A5922C7A410A005D0269 /* GamePosition.swift */,
				DC89A5982C7A410A005D0269 /* PlayerPosition.swift */,
				DC729E8E2C7A428800193A2E /* PositionAnalyzer.swift */,
				DC89A5962C7A410A005D0269 /* PositionValues.swift */,
				DC89A5952C7A410A005D0269 /* PositionValuesBuilder.swift */,
				DC89A5972C7A410A005D0269 /* SafeCounts.swift */,
				DC729F1F2C7A840300193A2E /* SolutionDB.swift */,
				DC729E8A2C7A428800193A2E /* SolutionDBClient.swift */,
				DC89A5932C7A410A005D0269 /* Solver.swift */,
				DC89A5942C7A410A005D0269 /* Ur.swift */,
			);
			path = UrCore;
			sourceTree = "<group>";
		};
		DC89A5872C7A40F5005D0269 /* UrCoreTests */ = {
			isa = PBXGroup;
			children = (
				DCA00C482C7B942600C9E1D2 /* CloudDBClientTests.swift */,
				DC729E942C7A429F00193A2E /* DynamoNodeTests.swift */,
				DCA00C442C7AAF6600C9E1D2 /* GameModelTests.swift */,
				DC89A5A42C7A413B005D0269 /* GamePositionTests.swift */,
				DC89A5A12C7A413B005D0269 /* PlayerPositionTests.swift */,
				DC729EE32C7A507000193A2E /* PositionAnalyzerTests.swift */,
				DC89A5A22C7A413B005D0269 /* PositionValuesBuilderTests.swift */,
				DCA00C462C7AB20700C9E1D2 /* SafeCountsTests.swift */,
				DC89A5A32C7A413B005D0269 /* TestUtils.swift */,
			);
			path = UrCoreTests;
			sourceTree = "<group>";
		};
		DCA00C4F2C7BCA8500C9E1D2 /* UrCoach */ = {
			isa = PBXGroup;
			children = (
				DCA00C542C7BCA8600C9E1D2 /* Assets.xcassets */,
				DCA00C5C2C7BCAB500C9E1D2 /* Model */,
				DCA00C5F2C7BCACD00C9E1D2 /* Resources */,
				DCA00C5D2C7BCABC00C9E1D2 /* Scene */,
				DCA00C5E2C7BCAC200C9E1D2 /* View */,
			);
			path = UrCoach;
			sourceTree = "<group>";
		};
		DCA00C5C2C7BCAB500C9E1D2 /* Model */ = {
			isa = PBXGroup;
			children = (
				DC1D07402C7E5D31000B7D5B /* UrModel.swift */,
			);
			path = Model;
			sourceTree = "<group>";
		};
		DCA00C5D2C7BCABC00C9E1D2 /* Scene */ = {
			isa = PBXGroup;
			children = (
				DC96FB562C7E0D2100ECB509 /* BoardPositions.swift */,
				DCA00C692C7CC0BE00C9E1D2 /* GameScene.swift */,
			);
			path = Scene;
			sourceTree = "<group>";
		};
		DCA00C5E2C7BCAC200C9E1D2 /* View */ = {
			isa = PBXGroup;
			children = (
				DCA00C522C7BCA8500C9E1D2 /* ContentView.swift */,
				DC1D073C2C7E5CEA000B7D5B /* MenuView.swift */,
				DC1D073E2C7E5CFC000B7D5B /* RulesView.swift */,
				DCA00C502C7BCA8500C9E1D2 /* UrCoachApp.swift */,
			);
			path = View;
			sourceTree = "<group>";
		};
		DCA00C5F2C7BCACD00C9E1D2 /* Resources */ = {
			isa = PBXGroup;
			children = (
				DC1D07422C7E5F0A000B7D5B /* rules.txt */,
			);
			path = Resources;
			sourceTree = "<group>";
		};
/* End PBXGroup section */

/* Begin PBXNativeTarget section */
		DC729EAE2C7A4AAA00193A2E /* Solver */ = {
			isa = PBXNativeTarget;
			buildConfigurationList = DC729EBB2C7A4AAB00193A2E /* Build configuration list for PBXNativeTarget "Solver" */;
			buildPhases = (
				DC729EAB2C7A4AAA00193A2E /* Sources */,
				DC729EAC2C7A4AAA00193A2E /* Frameworks */,
				DC729EAD2C7A4AAA00193A2E /* Resources */,
				DC729ED42C7A4CD700193A2E /* Embed Frameworks */,
			);
			buildRules = (
			);
			dependencies = (
			);
			name = Solver;
			packageProductDependencies = (
				DC1D07342C7E401B000B7D5B /* UtiliKit */,
			);
			productName = Solver;
			productReference = DC729EAF2C7A4AAA00193A2E /* Ur Solver.app */;
			productType = "com.apple.product-type.application";
		};
		DC729EC12C7A4BB400193A2E /* DynamoDBGen */ = {
			isa = PBXNativeTarget;
			buildConfigurationList = DC729EC62C7A4BB400193A2E /* Build configuration list for PBXNativeTarget "DynamoDBGen" */;
			buildPhases = (
				DC729EBE2C7A4BB400193A2E /* Sources */,
				DC729EBF2C7A4BB400193A2E /* Frameworks */,
				DC729EC02C7A4BB400193A2E /* CopyFiles */,
				DC729EDD2C7A4CDE00193A2E /* Embed Frameworks */,
			);
			buildRules = (
			);
			dependencies = (
			);
			name = DynamoDBGen;
			packageProductDependencies = (
				DC1D07382C7E4066000B7D5B /* UtiliKit */,
			);
			productName = DynamoDBGen;
			productReference = DC729EC22C7A4BB400193A2E /* DynamoDBGen */;
			productType = "com.apple.product-type.tool";
		};
		DC729F102C7A6B7100193A2E /* Tournament */ = {
			isa = PBXNativeTarget;
			buildConfigurationList = DC729F152C7A6B7100193A2E /* Build configuration list for PBXNativeTarget "Tournament" */;
			buildPhases = (
				DC729F0D2C7A6B7100193A2E /* Sources */,
				DC729F0E2C7A6B7100193A2E /* Frameworks */,
				DC729F0F2C7A6B7100193A2E /* CopyFiles */,
				DC729F1D2C7A6BA300193A2E /* Embed Frameworks */,
			);
			buildRules = (
			);
			dependencies = (
			);
			name = Tournament;
			packageProductDependencies = (
				DC1D07362C7E404A000B7D5B /* UtiliKit */,
			);
			productName = Tournament;
			productReference = DC729F112C7A6B7100193A2E /* Tournament */;
			productType = "com.apple.product-type.tool";
		};
		DC89A5822C7A40F5005D0269 /* UrCoreTests */ = {
			isa = PBXNativeTarget;
			buildConfigurationList = DC89A58E2C7A40F5005D0269 /* Build configuration list for PBXNativeTarget "UrCoreTests" */;
			buildPhases = (
				DC89A57F2C7A40F5005D0269 /* Sources */,
				DC89A5802C7A40F5005D0269 /* Frameworks */,
				DC89A5812C7A40F5005D0269 /* Resources */,
				DC729F092C7A687B00193A2E /* CopyFiles */,
			);
			buildRules = (
			);
			dependencies = (
			);
			name = UrCoreTests;
			packageProductDependencies = (
				DC1D073A2C7E407F000B7D5B /* UtiliKit */,
			);
			productName = UrCoreTests;
			productReference = DC89A5832C7A40F5005D0269 /* UrCoreTests.xctest */;
			productType = "com.apple.product-type.bundle.unit-test";
		};
		DCA00C4D2C7BCA8500C9E1D2 /* UrCoach */ = {
			isa = PBXNativeTarget;
			buildConfigurationList = DCA00C5B2C7BCA8600C9E1D2 /* Build configuration list for PBXNativeTarget "UrCoach" */;
			buildPhases = (
				DCA00C4A2C7BCA8500C9E1D2 /* Sources */,
				DCA00C4B2C7BCA8500C9E1D2 /* Frameworks */,
				DCA00C4C2C7BCA8500C9E1D2 /* Resources */,
			);
			buildRules = (
			);
			dependencies = (
			);
			name = UrCoach;
			packageProductDependencies = (
				DCA00C962C7E07B700C9E1D2 /* UtiliKit */,
				DC28E04D2C7E0B4100C0FD2C /* UtiliKit */,
				DC28E04F2C7E0B6E00C0FD2C /* UtiliKit */,
				DC96FB512C7E0C0700ECB509 /* UtiliKit */,
				DC96FB542C7E0CCB00ECB509 /* UtiliKit */,
			);
			productName = UrCoach;
			productReference = DCA00C4E2C7BCA8500C9E1D2 /* UrCoach.app */;
			productType = "com.apple.product-type.application";
		};
/* End PBXNativeTarget section */

/* Begin PBXProject section */
		DC89A5702C7A40E1005D0269 /* Project object */ = {
			isa = PBXProject;
			attributes = {
				BuildIndependentTargetsInParallel = 1;
				LastSwiftUpdateCheck = 1540;
				LastUpgradeCheck = 1540;
				TargetAttributes = {
					DC729EAE2C7A4AAA00193A2E = {
						CreatedOnToolsVersion = 15.4;
					};
					DC729EC12C7A4BB400193A2E = {
						CreatedOnToolsVersion = 15.4;
					};
					DC729F102C7A6B7100193A2E = {
						CreatedOnToolsVersion = 15.4;
					};
					DC89A5822C7A40F5005D0269 = {
						CreatedOnToolsVersion = 15.4;
					};
					DCA00C4D2C7BCA8500C9E1D2 = {
						CreatedOnToolsVersion = 15.4;
					};
				};
			};
			buildConfigurationList = DC89A5732C7A40E1005D0269 /* Build configuration list for PBXProject "UrCoach" */;
			compatibilityVersion = "Xcode 14.0";
			developmentRegion = en;
			hasScannedForEncodings = 0;
			knownRegions = (
				en,
				Base,
			);
			mainGroup = DC89A56F2C7A40E1005D0269;
			packageReferences = (
				DC96FB532C7E0CCB00ECB509 /* XCLocalSwiftPackageReference "../UtiliKit" */,
			);
			productRefGroup = DC89A57C2C7A40F5005D0269 /* Products */;
			projectDirPath = "";
			projectRoot = "";
			targets = (
				DC729EC12C7A4BB400193A2E /* DynamoDBGen */,
				DC729EAE2C7A4AAA00193A2E /* Solver */,
				DC729F102C7A6B7100193A2E /* Tournament */,
				DCA00C4D2C7BCA8500C9E1D2 /* UrCoach */,
				DC89A5822C7A40F5005D0269 /* UrCoreTests */,
			);
		};
/* End PBXProject section */

/* Begin PBXResourcesBuildPhase section */
		DC729EAD2C7A4AAA00193A2E /* Resources */ = {
			isa = PBXResourcesBuildPhase;
			buildActionMask = 2147483647;
			files = (
				DC729EB62C7A4AAB00193A2E /* Assets.xcassets in Resources */,
			);
			runOnlyForDeploymentPostprocessing = 0;
		};
		DC89A5812C7A40F5005D0269 /* Resources */ = {
			isa = PBXResourcesBuildPhase;
			buildActionMask = 2147483647;
			files = (
			);
			runOnlyForDeploymentPostprocessing = 0;
		};
		DCA00C4C2C7BCA8500C9E1D2 /* Resources */ = {
			isa = PBXResourcesBuildPhase;
			buildActionMask = 2147483647;
			files = (
				DC1D07432C7E5F0A000B7D5B /* rules.txt in Resources */,
				DCA00C552C7BCA8600C9E1D2 /* Assets.xcassets in Resources */,
			);
			runOnlyForDeploymentPostprocessing = 0;
		};
/* End PBXResourcesBuildPhase section */

/* Begin PBXSourcesBuildPhase section */
		DC729EAB2C7A4AAA00193A2E /* Sources */ = {
			isa = PBXSourcesBuildPhase;
			buildActionMask = 2147483647;
			files = (
				DC729EB42C7A4AAA00193A2E /* ContentView.swift in Sources */,
				DC729EB22C7A4AAA00193A2E /* SolverApp.swift in Sources */,
				DC729F302C7A8C5D00193A2E /* AWSConfig.swift in Sources */,
				DC729F312C7A8C5D00193A2E /* Solver.swift in Sources */,
				DC729F322C7A8C5D00193A2E /* Ur.swift in Sources */,
				DC729F342C7A8C5D00193A2E /* PositionValues.swift in Sources */,
				DC729F352C7A8C5D00193A2E /* SafeCounts.swift in Sources */,
				DC729F372C7A8C5D00193A2E /* PlayerPosition.swift in Sources */,
				DC729F382C7A8C5D00193A2E /* GamePosition.swift in Sources */,
				DC729F392C7A8C5D00193A2E /* PositionAnalyzer.swift in Sources */,
				DC729F3A2C7A8C5D00193A2E /* SolutionDBClient.swift in Sources */,
				DC729F3B2C7A8C5D00193A2E /* DynamoNode.swift in Sources */,
				DC729F3C2C7A8C5D00193A2E /* SolutionDB.swift in Sources */,
				DC729F3D2C7A8C5D00193A2E /* GameModel.swift in Sources */,
				DC729F3E2C7A8C5D00193A2E /* PositionValuesBuilder.swift in Sources */,
			);
			runOnlyForDeploymentPostprocessing = 0;
		};
		DC729EBE2C7A4BB400193A2E /* Sources */ = {
			isa = PBXSourcesBuildPhase;
			buildActionMask = 2147483647;
			files = (
				DC729ECB2C7A4BC300193A2E /* BufferedTextFile.swift in Sources */,
				DC729ECC2C7A4BC300193A2E /* DynamoDbFileGenerator.swift in Sources */,
				DC729F212C7A8C5D00193A2E /* AWSConfig.swift in Sources */,
				DC729F222C7A8C5D00193A2E /* Solver.swift in Sources */,
				DC729F232C7A8C5D00193A2E /* Ur.swift in Sources */,
				DC729F252C7A8C5D00193A2E /* PositionValues.swift in Sources */,
				DC729F262C7A8C5D00193A2E /* SafeCounts.swift in Sources */,
				DC729F282C7A8C5D00193A2E /* PlayerPosition.swift in Sources */,
				DC729F292C7A8C5D00193A2E /* GamePosition.swift in Sources */,
				DC729F2A2C7A8C5D00193A2E /* PositionAnalyzer.swift in Sources */,
				DC729F2B2C7A8C5D00193A2E /* SolutionDBClient.swift in Sources */,
				DC729F2C2C7A8C5D00193A2E /* DynamoNode.swift in Sources */,
				DC729F2D2C7A8C5D00193A2E /* SolutionDB.swift in Sources */,
				DC729F2E2C7A8C5D00193A2E /* GameModel.swift in Sources */,
				DC729F2F2C7A8C5D00193A2E /* PositionValuesBuilder.swift in Sources */,
			);
			runOnlyForDeploymentPostprocessing = 0;
		};
		DC729F0D2C7A6B7100193A2E /* Sources */ = {
			isa = PBXSourcesBuildPhase;
			buildActionMask = 2147483647;
			files = (
				DC729F3F2C7A8C5E00193A2E /* AWSConfig.swift in Sources */,
				DC729F402C7A8C5E00193A2E /* Solver.swift in Sources */,
				DC729F412C7A8C5E00193A2E /* Ur.swift in Sources */,
				DC729F432C7A8C5E00193A2E /* PositionValues.swift in Sources */,
				DC729F442C7A8C5E00193A2E /* SafeCounts.swift in Sources */,
				DC729F452C7A8C5E00193A2E /* Strategy.swift in Sources */,
				DC729F462C7A8C5E00193A2E /* PlayerPosition.swift in Sources */,
				DC729F472C7A8C5E00193A2E /* GamePosition.swift in Sources */,
				DC729F482C7A8C5E00193A2E /* PositionAnalyzer.swift in Sources */,
				DC729F492C7A8C5E00193A2E /* SolutionDBClient.swift in Sources */,
				DC729F4A2C7A8C5E00193A2E /* DynamoNode.swift in Sources */,
				DC729F4B2C7A8C5E00193A2E /* SolutionDB.swift in Sources */,
				DC729F4C2C7A8C5E00193A2E /* GameModel.swift in Sources */,
				DC729F4D2C7A8C5E00193A2E /* PositionValuesBuilder.swift in Sources */,
				DC729F182C7A6B7A00193A2E /* Tournament.swift in Sources */,
			);
			runOnlyForDeploymentPostprocessing = 0;
		};
		DC89A57F2C7A40F5005D0269 /* Sources */ = {
			isa = PBXSourcesBuildPhase;
			buildActionMask = 2147483647;
			files = (
				DC89A5A52C7A413B005D0269 /* PlayerPositionTests.swift in Sources */,
				DC729F0B2C7A68C200193A2E /* DynamoNodeTests.swift in Sources */,
				DC729F0C2C7A68C200193A2E /* PositionAnalyzerTests.swift in Sources */,
				DC89A5A62C7A413B005D0269 /* PositionValuesBuilderTests.swift in Sources */,
				DCA00C332C7A8E9100C9E1D2 /* Solver.swift in Sources */,
				DCA00C342C7A8E9100C9E1D2 /* Ur.swift in Sources */,
				DCA00C352C7A8E9100C9E1D2 /* DynamoNode.swift in Sources */,
				DCA00C362C7A8E9100C9E1D2 /* SolutionDB.swift in Sources */,
				DCA00C452C7AAF6600C9E1D2 /* GameModelTests.swift in Sources */,
				DCA00C382C7A8E9100C9E1D2 /* PositionValuesBuilder.swift in Sources */,
				DCA00C492C7B942600C9E1D2 /* CloudDBClientTests.swift in Sources */,
				DCA00C392C7A8E9100C9E1D2 /* SafeCounts.swift in Sources */,
				DCA00C3A2C7A8E9100C9E1D2 /* SolutionDBClient.swift in Sources */,
				DCA00C3C2C7A8E9100C9E1D2 /* GameModel.swift in Sources */,
				DCA00C3D2C7A8E9100C9E1D2 /* AWSConfig.swift in Sources */,
				DCA00C3E2C7A8E9100C9E1D2 /* GamePosition.swift in Sources */,
				DCA00C3F2C7A8E9100C9E1D2 /* PlayerPosition.swift in Sources */,
				DCA00C402C7A8E9100C9E1D2 /* PositionAnalyzer.swift in Sources */,
				DCA00C412C7A8E9100C9E1D2 /* PositionValues.swift in Sources */,
				DC89A5A72C7A413B005D0269 /* TestUtils.swift in Sources */,
				DC89A5A82C7A413B005D0269 /* GamePositionTests.swift in Sources */,
				DCA00C472C7AB20700C9E1D2 /* SafeCountsTests.swift in Sources */,
			);
			runOnlyForDeploymentPostprocessing = 0;
		};
		DCA00C4A2C7BCA8500C9E1D2 /* Sources */ = {
			isa = PBXSourcesBuildPhase;
			buildActionMask = 2147483647;
			files = (
				DCA00C6A2C7CC0BE00C9E1D2 /* GameScene.swift in Sources */,
				DCA00C7E2C7CF2E400C9E1D2 /* GamePosition.swift in Sources */,
				DCA00C7F2C7CF2E400C9E1D2 /* PositionValuesBuilder.swift in Sources */,
				DC1D07412C7E5D31000B7D5B /* UrModel.swift in Sources */,
				DC1D073D2C7E5CEA000B7D5B /* MenuView.swift in Sources */,
				DC96FB572C7E0D2100ECB509 /* BoardPositions.swift in Sources */,
				DCA00C802C7CF2E400C9E1D2 /* Ur.swift in Sources */,
				DCA00C812C7CF2E400C9E1D2 /* SafeCounts.swift in Sources */,
				DCA00C822C7CF2E400C9E1D2 /* SolutionDB.swift in Sources */,
				DCA00C832C7CF2E400C9E1D2 /* PositionAnalyzer.swift in Sources */,
				DCA00C842C7CF2E400C9E1D2 /* DynamoNode.swift in Sources */,
				DCA00C852C7CF2E400C9E1D2 /* AWSConfig.swift in Sources */,
				DCA00C862C7CF2E400C9E1D2 /* SolutionDBClient.swift in Sources */,
				DCA00C872C7CF2E400C9E1D2 /* PositionValues.swift in Sources */,
				DCA00C882C7CF2E400C9E1D2 /* GameModel.swift in Sources */,
				DCA00C892C7CF2E400C9E1D2 /* Solver.swift in Sources */,
				DCA00C8A2C7CF2E400C9E1D2 /* PlayerPosition.swift in Sources */,
				DC1D073F2C7E5CFC000B7D5B /* RulesView.swift in Sources */,
				DCA00C532C7BCA8500C9E1D2 /* ContentView.swift in Sources */,
				DCA00C512C7BCA8500C9E1D2 /* UrCoachApp.swift in Sources */,
			);
			runOnlyForDeploymentPostprocessing = 0;
		};
/* End PBXSourcesBuildPhase section */

/* Begin XCBuildConfiguration section */
		DC729EBC2C7A4AAB00193A2E /* Debug */ = {
			isa = XCBuildConfiguration;
			buildSettings = {
				ALWAYS_SEARCH_USER_PATHS = NO;
				ASSETCATALOG_COMPILER_APPICON_NAME = AppIcon;
				ASSETCATALOG_COMPILER_GENERATE_SWIFT_ASSET_SYMBOL_EXTENSIONS = YES;
				ASSETCATALOG_COMPILER_GLOBAL_ACCENT_COLOR_NAME = AccentColor;
				CLANG_ANALYZER_NONNULL = YES;
				CLANG_ANALYZER_NUMBER_OBJECT_CONVERSION = YES_AGGRESSIVE;
				CLANG_CXX_LANGUAGE_STANDARD = "gnu++20";
				CLANG_ENABLE_MODULES = YES;
				CLANG_ENABLE_OBJC_ARC = YES;
				CLANG_ENABLE_OBJC_WEAK = YES;
				CLANG_WARN_BLOCK_CAPTURE_AUTORELEASING = YES;
				CLANG_WARN_BOOL_CONVERSION = YES;
				CLANG_WARN_COMMA = YES;
				CLANG_WARN_CONSTANT_CONVERSION = YES;
				CLANG_WARN_DEPRECATED_OBJC_IMPLEMENTATIONS = YES;
				CLANG_WARN_DIRECT_OBJC_ISA_USAGE = YES_ERROR;
				CLANG_WARN_DOCUMENTATION_COMMENTS = YES;
				CLANG_WARN_EMPTY_BODY = YES;
				CLANG_WARN_ENUM_CONVERSION = YES;
				CLANG_WARN_INFINITE_RECURSION = YES;
				CLANG_WARN_INT_CONVERSION = YES;
				CLANG_WARN_NON_LITERAL_NULL_CONVERSION = YES;
				CLANG_WARN_OBJC_IMPLICIT_RETAIN_SELF = YES;
				CLANG_WARN_OBJC_LITERAL_CONVERSION = YES;
				CLANG_WARN_OBJC_ROOT_CLASS = YES_ERROR;
				CLANG_WARN_QUOTED_INCLUDE_IN_FRAMEWORK_HEADER = YES;
				CLANG_WARN_RANGE_LOOP_ANALYSIS = YES;
				CLANG_WARN_STRICT_PROTOTYPES = YES;
				CLANG_WARN_SUSPICIOUS_MOVE = YES;
				CLANG_WARN_UNGUARDED_AVAILABILITY = YES_AGGRESSIVE;
				CLANG_WARN_UNREACHABLE_CODE = YES;
				CLANG_WARN__DUPLICATE_METHOD_MATCH = YES;
				CODE_SIGN_ENTITLEMENTS = Solver/Solver.entitlements;
				CODE_SIGN_STYLE = Automatic;
				COMBINE_HIDPI_IMAGES = YES;
				COPY_PHASE_STRIP = NO;
				CURRENT_PROJECT_VERSION = 1;
				DEBUG_INFORMATION_FORMAT = dwarf;
				DEVELOPMENT_ASSET_PATHS = "";
				DEVELOPMENT_TEAM = 6X2P4HJBQW;
				ENABLE_HARDENED_RUNTIME = YES;
				ENABLE_PREVIEWS = YES;
				ENABLE_STRICT_OBJC_MSGSEND = YES;
				ENABLE_TESTABILITY = YES;
				ENABLE_USER_SCRIPT_SANDBOXING = YES;
				GCC_C_LANGUAGE_STANDARD = gnu17;
				GCC_DYNAMIC_NO_PIC = NO;
				GCC_NO_COMMON_BLOCKS = YES;
				GCC_OPTIMIZATION_LEVEL = 0;
				GCC_PREPROCESSOR_DEFINITIONS = (
					"DEBUG=1",
					"$(inherited)",
				);
				GCC_WARN_64_TO_32_BIT_CONVERSION = YES;
				GCC_WARN_ABOUT_RETURN_TYPE = YES_ERROR;
				GCC_WARN_UNDECLARED_SELECTOR = YES;
				GCC_WARN_UNINITIALIZED_AUTOS = YES_AGGRESSIVE;
				GCC_WARN_UNUSED_FUNCTION = YES;
				GCC_WARN_UNUSED_VARIABLE = YES;
				GENERATE_INFOPLIST_FILE = YES;
				INFOPLIST_KEY_NSHumanReadableCopyright = "";
				LD_RUNPATH_SEARCH_PATHS = (
					"$(inherited)",
					"@executable_path/../Frameworks",
				);
				LOCALIZATION_PREFERS_STRING_CATALOGS = YES;
				MACOSX_DEPLOYMENT_TARGET = 14.5;
				MARKETING_VERSION = 1.0;
				MTL_ENABLE_DEBUG_INFO = INCLUDE_SOURCE;
				MTL_FAST_MATH = YES;
				ONLY_ACTIVE_ARCH = YES;
				PRODUCT_BUNDLE_IDENTIFIER = com.stephenbensley.UrSolver;
				PRODUCT_NAME = "Ur Solver";
				SDKROOT = macosx;
				SWIFT_ACTIVE_COMPILATION_CONDITIONS = "DEBUG $(inherited)";
				SWIFT_EMIT_LOC_STRINGS = YES;
				SWIFT_OPTIMIZATION_LEVEL = "-Onone";
				SWIFT_VERSION = 5.0;
			};
			name = Debug;
		};
		DC729EBD2C7A4AAB00193A2E /* Release */ = {
			isa = XCBuildConfiguration;
			buildSettings = {
				ALWAYS_SEARCH_USER_PATHS = NO;
				ASSETCATALOG_COMPILER_APPICON_NAME = AppIcon;
				ASSETCATALOG_COMPILER_GENERATE_SWIFT_ASSET_SYMBOL_EXTENSIONS = YES;
				ASSETCATALOG_COMPILER_GLOBAL_ACCENT_COLOR_NAME = AccentColor;
				CLANG_ANALYZER_NONNULL = YES;
				CLANG_ANALYZER_NUMBER_OBJECT_CONVERSION = YES_AGGRESSIVE;
				CLANG_CXX_LANGUAGE_STANDARD = "gnu++20";
				CLANG_ENABLE_MODULES = YES;
				CLANG_ENABLE_OBJC_ARC = YES;
				CLANG_ENABLE_OBJC_WEAK = YES;
				CLANG_WARN_BLOCK_CAPTURE_AUTORELEASING = YES;
				CLANG_WARN_BOOL_CONVERSION = YES;
				CLANG_WARN_COMMA = YES;
				CLANG_WARN_CONSTANT_CONVERSION = YES;
				CLANG_WARN_DEPRECATED_OBJC_IMPLEMENTATIONS = YES;
				CLANG_WARN_DIRECT_OBJC_ISA_USAGE = YES_ERROR;
				CLANG_WARN_DOCUMENTATION_COMMENTS = YES;
				CLANG_WARN_EMPTY_BODY = YES;
				CLANG_WARN_ENUM_CONVERSION = YES;
				CLANG_WARN_INFINITE_RECURSION = YES;
				CLANG_WARN_INT_CONVERSION = YES;
				CLANG_WARN_NON_LITERAL_NULL_CONVERSION = YES;
				CLANG_WARN_OBJC_IMPLICIT_RETAIN_SELF = YES;
				CLANG_WARN_OBJC_LITERAL_CONVERSION = YES;
				CLANG_WARN_OBJC_ROOT_CLASS = YES_ERROR;
				CLANG_WARN_QUOTED_INCLUDE_IN_FRAMEWORK_HEADER = YES;
				CLANG_WARN_RANGE_LOOP_ANALYSIS = YES;
				CLANG_WARN_STRICT_PROTOTYPES = YES;
				CLANG_WARN_SUSPICIOUS_MOVE = YES;
				CLANG_WARN_UNGUARDED_AVAILABILITY = YES_AGGRESSIVE;
				CLANG_WARN_UNREACHABLE_CODE = YES;
				CLANG_WARN__DUPLICATE_METHOD_MATCH = YES;
				CODE_SIGN_ENTITLEMENTS = Solver/Solver.entitlements;
				CODE_SIGN_STYLE = Automatic;
				COMBINE_HIDPI_IMAGES = YES;
				COPY_PHASE_STRIP = NO;
				CURRENT_PROJECT_VERSION = 1;
				DEBUG_INFORMATION_FORMAT = "dwarf-with-dsym";
				DEVELOPMENT_ASSET_PATHS = "";
				DEVELOPMENT_TEAM = 6X2P4HJBQW;
				ENABLE_HARDENED_RUNTIME = YES;
				ENABLE_NS_ASSERTIONS = NO;
				ENABLE_PREVIEWS = YES;
				ENABLE_STRICT_OBJC_MSGSEND = YES;
				ENABLE_USER_SCRIPT_SANDBOXING = YES;
				GCC_C_LANGUAGE_STANDARD = gnu17;
				GCC_NO_COMMON_BLOCKS = YES;
				GCC_WARN_64_TO_32_BIT_CONVERSION = YES;
				GCC_WARN_ABOUT_RETURN_TYPE = YES_ERROR;
				GCC_WARN_UNDECLARED_SELECTOR = YES;
				GCC_WARN_UNINITIALIZED_AUTOS = YES_AGGRESSIVE;
				GCC_WARN_UNUSED_FUNCTION = YES;
				GCC_WARN_UNUSED_VARIABLE = YES;
				GENERATE_INFOPLIST_FILE = YES;
				INFOPLIST_KEY_NSHumanReadableCopyright = "";
				LD_RUNPATH_SEARCH_PATHS = (
					"$(inherited)",
					"@executable_path/../Frameworks",
				);
				LOCALIZATION_PREFERS_STRING_CATALOGS = YES;
				MACOSX_DEPLOYMENT_TARGET = 14.5;
				MARKETING_VERSION = 1.0;
				MTL_ENABLE_DEBUG_INFO = NO;
				MTL_FAST_MATH = YES;
				PRODUCT_BUNDLE_IDENTIFIER = com.stephenbensley.UrSolver;
				PRODUCT_NAME = "Ur Solver";
				SDKROOT = macosx;
				SWIFT_COMPILATION_MODE = wholemodule;
				SWIFT_EMIT_LOC_STRINGS = YES;
				SWIFT_VERSION = 5.0;
			};
			name = Release;
		};
		DC729EC72C7A4BB400193A2E /* Debug */ = {
			isa = XCBuildConfiguration;
			buildSettings = {
				ALWAYS_SEARCH_USER_PATHS = NO;
				ASSETCATALOG_COMPILER_GENERATE_SWIFT_ASSET_SYMBOL_EXTENSIONS = YES;
				CLANG_ANALYZER_NONNULL = YES;
				CLANG_ANALYZER_NUMBER_OBJECT_CONVERSION = YES_AGGRESSIVE;
				CLANG_CXX_LANGUAGE_STANDARD = "gnu++20";
				CLANG_ENABLE_MODULES = YES;
				CLANG_ENABLE_OBJC_ARC = YES;
				CLANG_ENABLE_OBJC_WEAK = YES;
				CLANG_WARN_BLOCK_CAPTURE_AUTORELEASING = YES;
				CLANG_WARN_BOOL_CONVERSION = YES;
				CLANG_WARN_COMMA = YES;
				CLANG_WARN_CONSTANT_CONVERSION = YES;
				CLANG_WARN_DEPRECATED_OBJC_IMPLEMENTATIONS = YES;
				CLANG_WARN_DIRECT_OBJC_ISA_USAGE = YES_ERROR;
				CLANG_WARN_DOCUMENTATION_COMMENTS = YES;
				CLANG_WARN_EMPTY_BODY = YES;
				CLANG_WARN_ENUM_CONVERSION = YES;
				CLANG_WARN_INFINITE_RECURSION = YES;
				CLANG_WARN_INT_CONVERSION = YES;
				CLANG_WARN_NON_LITERAL_NULL_CONVERSION = YES;
				CLANG_WARN_OBJC_IMPLICIT_RETAIN_SELF = YES;
				CLANG_WARN_OBJC_LITERAL_CONVERSION = YES;
				CLANG_WARN_OBJC_ROOT_CLASS = YES_ERROR;
				CLANG_WARN_QUOTED_INCLUDE_IN_FRAMEWORK_HEADER = YES;
				CLANG_WARN_RANGE_LOOP_ANALYSIS = YES;
				CLANG_WARN_STRICT_PROTOTYPES = YES;
				CLANG_WARN_SUSPICIOUS_MOVE = YES;
				CLANG_WARN_UNGUARDED_AVAILABILITY = YES_AGGRESSIVE;
				CLANG_WARN_UNREACHABLE_CODE = YES;
				CLANG_WARN__DUPLICATE_METHOD_MATCH = YES;
				CODE_SIGN_STYLE = Automatic;
				COPY_PHASE_STRIP = NO;
				DEBUG_INFORMATION_FORMAT = dwarf;
				DEVELOPMENT_TEAM = 6X2P4HJBQW;
				ENABLE_HARDENED_RUNTIME = YES;
				ENABLE_STRICT_OBJC_MSGSEND = YES;
				ENABLE_TESTABILITY = YES;
				ENABLE_USER_SCRIPT_SANDBOXING = YES;
				GCC_C_LANGUAGE_STANDARD = gnu17;
				GCC_DYNAMIC_NO_PIC = NO;
				GCC_NO_COMMON_BLOCKS = YES;
				GCC_OPTIMIZATION_LEVEL = 0;
				GCC_PREPROCESSOR_DEFINITIONS = (
					"DEBUG=1",
					"$(inherited)",
				);
				GCC_WARN_64_TO_32_BIT_CONVERSION = YES;
				GCC_WARN_ABOUT_RETURN_TYPE = YES_ERROR;
				GCC_WARN_UNDECLARED_SELECTOR = YES;
				GCC_WARN_UNINITIALIZED_AUTOS = YES_AGGRESSIVE;
				GCC_WARN_UNUSED_FUNCTION = YES;
				GCC_WARN_UNUSED_VARIABLE = YES;
				LOCALIZATION_PREFERS_STRING_CATALOGS = YES;
				MACOSX_DEPLOYMENT_TARGET = 14.5;
				MTL_ENABLE_DEBUG_INFO = INCLUDE_SOURCE;
				MTL_FAST_MATH = YES;
				ONLY_ACTIVE_ARCH = YES;
				PRODUCT_NAME = "$(TARGET_NAME)";
				SDKROOT = macosx;
				SWIFT_ACTIVE_COMPILATION_CONDITIONS = "DEBUG $(inherited)";
				SWIFT_OPTIMIZATION_LEVEL = "-Onone";
				SWIFT_VERSION = 5.0;
			};
			name = Debug;
		};
		DC729EC82C7A4BB400193A2E /* Release */ = {
			isa = XCBuildConfiguration;
			buildSettings = {
				ALWAYS_SEARCH_USER_PATHS = NO;
				ASSETCATALOG_COMPILER_GENERATE_SWIFT_ASSET_SYMBOL_EXTENSIONS = YES;
				CLANG_ANALYZER_NONNULL = YES;
				CLANG_ANALYZER_NUMBER_OBJECT_CONVERSION = YES_AGGRESSIVE;
				CLANG_CXX_LANGUAGE_STANDARD = "gnu++20";
				CLANG_ENABLE_MODULES = YES;
				CLANG_ENABLE_OBJC_ARC = YES;
				CLANG_ENABLE_OBJC_WEAK = YES;
				CLANG_WARN_BLOCK_CAPTURE_AUTORELEASING = YES;
				CLANG_WARN_BOOL_CONVERSION = YES;
				CLANG_WARN_COMMA = YES;
				CLANG_WARN_CONSTANT_CONVERSION = YES;
				CLANG_WARN_DEPRECATED_OBJC_IMPLEMENTATIONS = YES;
				CLANG_WARN_DIRECT_OBJC_ISA_USAGE = YES_ERROR;
				CLANG_WARN_DOCUMENTATION_COMMENTS = YES;
				CLANG_WARN_EMPTY_BODY = YES;
				CLANG_WARN_ENUM_CONVERSION = YES;
				CLANG_WARN_INFINITE_RECURSION = YES;
				CLANG_WARN_INT_CONVERSION = YES;
				CLANG_WARN_NON_LITERAL_NULL_CONVERSION = YES;
				CLANG_WARN_OBJC_IMPLICIT_RETAIN_SELF = YES;
				CLANG_WARN_OBJC_LITERAL_CONVERSION = YES;
				CLANG_WARN_OBJC_ROOT_CLASS = YES_ERROR;
				CLANG_WARN_QUOTED_INCLUDE_IN_FRAMEWORK_HEADER = YES;
				CLANG_WARN_RANGE_LOOP_ANALYSIS = YES;
				CLANG_WARN_STRICT_PROTOTYPES = YES;
				CLANG_WARN_SUSPICIOUS_MOVE = YES;
				CLANG_WARN_UNGUARDED_AVAILABILITY = YES_AGGRESSIVE;
				CLANG_WARN_UNREACHABLE_CODE = YES;
				CLANG_WARN__DUPLICATE_METHOD_MATCH = YES;
				CODE_SIGN_STYLE = Automatic;
				COPY_PHASE_STRIP = NO;
				DEBUG_INFORMATION_FORMAT = "dwarf-with-dsym";
				DEVELOPMENT_TEAM = 6X2P4HJBQW;
				ENABLE_HARDENED_RUNTIME = YES;
				ENABLE_NS_ASSERTIONS = NO;
				ENABLE_STRICT_OBJC_MSGSEND = YES;
				ENABLE_USER_SCRIPT_SANDBOXING = YES;
				GCC_C_LANGUAGE_STANDARD = gnu17;
				GCC_NO_COMMON_BLOCKS = YES;
				GCC_WARN_64_TO_32_BIT_CONVERSION = YES;
				GCC_WARN_ABOUT_RETURN_TYPE = YES_ERROR;
				GCC_WARN_UNDECLARED_SELECTOR = YES;
				GCC_WARN_UNINITIALIZED_AUTOS = YES_AGGRESSIVE;
				GCC_WARN_UNUSED_FUNCTION = YES;
				GCC_WARN_UNUSED_VARIABLE = YES;
				LOCALIZATION_PREFERS_STRING_CATALOGS = YES;
				MACOSX_DEPLOYMENT_TARGET = 14.5;
				MTL_ENABLE_DEBUG_INFO = NO;
				MTL_FAST_MATH = YES;
				PRODUCT_NAME = "$(TARGET_NAME)";
				SDKROOT = macosx;
				SWIFT_COMPILATION_MODE = wholemodule;
				SWIFT_VERSION = 5.0;
			};
			name = Release;
		};
		DC729F162C7A6B7100193A2E /* Debug */ = {
			isa = XCBuildConfiguration;
			buildSettings = {
				ALWAYS_SEARCH_USER_PATHS = NO;
				ASSETCATALOG_COMPILER_GENERATE_SWIFT_ASSET_SYMBOL_EXTENSIONS = YES;
				CLANG_ANALYZER_NONNULL = YES;
				CLANG_ANALYZER_NUMBER_OBJECT_CONVERSION = YES_AGGRESSIVE;
				CLANG_CXX_LANGUAGE_STANDARD = "gnu++20";
				CLANG_ENABLE_MODULES = YES;
				CLANG_ENABLE_OBJC_ARC = YES;
				CLANG_ENABLE_OBJC_WEAK = YES;
				CLANG_WARN_BLOCK_CAPTURE_AUTORELEASING = YES;
				CLANG_WARN_BOOL_CONVERSION = YES;
				CLANG_WARN_COMMA = YES;
				CLANG_WARN_CONSTANT_CONVERSION = YES;
				CLANG_WARN_DEPRECATED_OBJC_IMPLEMENTATIONS = YES;
				CLANG_WARN_DIRECT_OBJC_ISA_USAGE = YES_ERROR;
				CLANG_WARN_DOCUMENTATION_COMMENTS = YES;
				CLANG_WARN_EMPTY_BODY = YES;
				CLANG_WARN_ENUM_CONVERSION = YES;
				CLANG_WARN_INFINITE_RECURSION = YES;
				CLANG_WARN_INT_CONVERSION = YES;
				CLANG_WARN_NON_LITERAL_NULL_CONVERSION = YES;
				CLANG_WARN_OBJC_IMPLICIT_RETAIN_SELF = YES;
				CLANG_WARN_OBJC_LITERAL_CONVERSION = YES;
				CLANG_WARN_OBJC_ROOT_CLASS = YES_ERROR;
				CLANG_WARN_QUOTED_INCLUDE_IN_FRAMEWORK_HEADER = YES;
				CLANG_WARN_RANGE_LOOP_ANALYSIS = YES;
				CLANG_WARN_STRICT_PROTOTYPES = YES;
				CLANG_WARN_SUSPICIOUS_MOVE = YES;
				CLANG_WARN_UNGUARDED_AVAILABILITY = YES_AGGRESSIVE;
				CLANG_WARN_UNREACHABLE_CODE = YES;
				CLANG_WARN__DUPLICATE_METHOD_MATCH = YES;
				CODE_SIGN_STYLE = Automatic;
				COPY_PHASE_STRIP = NO;
				DEBUG_INFORMATION_FORMAT = dwarf;
				DEVELOPMENT_TEAM = 6X2P4HJBQW;
				ENABLE_HARDENED_RUNTIME = YES;
				ENABLE_STRICT_OBJC_MSGSEND = YES;
				ENABLE_TESTABILITY = YES;
				ENABLE_USER_SCRIPT_SANDBOXING = YES;
				GCC_C_LANGUAGE_STANDARD = gnu17;
				GCC_DYNAMIC_NO_PIC = NO;
				GCC_NO_COMMON_BLOCKS = YES;
				GCC_OPTIMIZATION_LEVEL = 0;
				GCC_PREPROCESSOR_DEFINITIONS = (
					"DEBUG=1",
					"$(inherited)",
				);
				GCC_WARN_64_TO_32_BIT_CONVERSION = YES;
				GCC_WARN_ABOUT_RETURN_TYPE = YES_ERROR;
				GCC_WARN_UNDECLARED_SELECTOR = YES;
				GCC_WARN_UNINITIALIZED_AUTOS = YES_AGGRESSIVE;
				GCC_WARN_UNUSED_FUNCTION = YES;
				GCC_WARN_UNUSED_VARIABLE = YES;
				LOCALIZATION_PREFERS_STRING_CATALOGS = YES;
				MACOSX_DEPLOYMENT_TARGET = 14.5;
				MTL_ENABLE_DEBUG_INFO = INCLUDE_SOURCE;
				MTL_FAST_MATH = YES;
				ONLY_ACTIVE_ARCH = YES;
				PRODUCT_NAME = "$(TARGET_NAME)";
				SDKROOT = macosx;
				SWIFT_ACTIVE_COMPILATION_CONDITIONS = "DEBUG $(inherited)";
				SWIFT_OPTIMIZATION_LEVEL = "-Onone";
				SWIFT_VERSION = 5.0;
			};
			name = Debug;
		};
		DC729F172C7A6B7100193A2E /* Release */ = {
			isa = XCBuildConfiguration;
			buildSettings = {
				ALWAYS_SEARCH_USER_PATHS = NO;
				ASSETCATALOG_COMPILER_GENERATE_SWIFT_ASSET_SYMBOL_EXTENSIONS = YES;
				CLANG_ANALYZER_NONNULL = YES;
				CLANG_ANALYZER_NUMBER_OBJECT_CONVERSION = YES_AGGRESSIVE;
				CLANG_CXX_LANGUAGE_STANDARD = "gnu++20";
				CLANG_ENABLE_MODULES = YES;
				CLANG_ENABLE_OBJC_ARC = YES;
				CLANG_ENABLE_OBJC_WEAK = YES;
				CLANG_WARN_BLOCK_CAPTURE_AUTORELEASING = YES;
				CLANG_WARN_BOOL_CONVERSION = YES;
				CLANG_WARN_COMMA = YES;
				CLANG_WARN_CONSTANT_CONVERSION = YES;
				CLANG_WARN_DEPRECATED_OBJC_IMPLEMENTATIONS = YES;
				CLANG_WARN_DIRECT_OBJC_ISA_USAGE = YES_ERROR;
				CLANG_WARN_DOCUMENTATION_COMMENTS = YES;
				CLANG_WARN_EMPTY_BODY = YES;
				CLANG_WARN_ENUM_CONVERSION = YES;
				CLANG_WARN_INFINITE_RECURSION = YES;
				CLANG_WARN_INT_CONVERSION = YES;
				CLANG_WARN_NON_LITERAL_NULL_CONVERSION = YES;
				CLANG_WARN_OBJC_IMPLICIT_RETAIN_SELF = YES;
				CLANG_WARN_OBJC_LITERAL_CONVERSION = YES;
				CLANG_WARN_OBJC_ROOT_CLASS = YES_ERROR;
				CLANG_WARN_QUOTED_INCLUDE_IN_FRAMEWORK_HEADER = YES;
				CLANG_WARN_RANGE_LOOP_ANALYSIS = YES;
				CLANG_WARN_STRICT_PROTOTYPES = YES;
				CLANG_WARN_SUSPICIOUS_MOVE = YES;
				CLANG_WARN_UNGUARDED_AVAILABILITY = YES_AGGRESSIVE;
				CLANG_WARN_UNREACHABLE_CODE = YES;
				CLANG_WARN__DUPLICATE_METHOD_MATCH = YES;
				CODE_SIGN_STYLE = Automatic;
				COPY_PHASE_STRIP = NO;
				DEBUG_INFORMATION_FORMAT = "dwarf-with-dsym";
				DEVELOPMENT_TEAM = 6X2P4HJBQW;
				ENABLE_HARDENED_RUNTIME = YES;
				ENABLE_NS_ASSERTIONS = NO;
				ENABLE_STRICT_OBJC_MSGSEND = YES;
				ENABLE_USER_SCRIPT_SANDBOXING = YES;
				GCC_C_LANGUAGE_STANDARD = gnu17;
				GCC_NO_COMMON_BLOCKS = YES;
				GCC_WARN_64_TO_32_BIT_CONVERSION = YES;
				GCC_WARN_ABOUT_RETURN_TYPE = YES_ERROR;
				GCC_WARN_UNDECLARED_SELECTOR = YES;
				GCC_WARN_UNINITIALIZED_AUTOS = YES_AGGRESSIVE;
				GCC_WARN_UNUSED_FUNCTION = YES;
				GCC_WARN_UNUSED_VARIABLE = YES;
				LOCALIZATION_PREFERS_STRING_CATALOGS = YES;
				MACOSX_DEPLOYMENT_TARGET = 14.5;
				MTL_ENABLE_DEBUG_INFO = NO;
				MTL_FAST_MATH = YES;
				PRODUCT_NAME = "$(TARGET_NAME)";
				SDKROOT = macosx;
				SWIFT_COMPILATION_MODE = wholemodule;
				SWIFT_VERSION = 5.0;
			};
			name = Release;
		};
		DC89A5742C7A40E1005D0269 /* Debug */ = {
			isa = XCBuildConfiguration;
			buildSettings = {
			};
			name = Debug;
		};
		DC89A5752C7A40E1005D0269 /* Release */ = {
			isa = XCBuildConfiguration;
			buildSettings = {
			};
			name = Release;
		};
		DC89A58F2C7A40F5005D0269 /* Debug */ = {
			isa = XCBuildConfiguration;
			buildSettings = {
				ALLOW_TARGET_PLATFORM_SPECIALIZATION = YES;
				ALWAYS_EMBED_SWIFT_STANDARD_LIBRARIES = YES;
				ALWAYS_SEARCH_USER_PATHS = NO;
				ASSETCATALOG_COMPILER_GENERATE_SWIFT_ASSET_SYMBOL_EXTENSIONS = YES;
				CLANG_ANALYZER_NONNULL = YES;
				CLANG_ANALYZER_NUMBER_OBJECT_CONVERSION = YES_AGGRESSIVE;
				CLANG_CXX_LANGUAGE_STANDARD = "gnu++20";
				CLANG_ENABLE_MODULES = YES;
				CLANG_ENABLE_OBJC_ARC = YES;
				CLANG_ENABLE_OBJC_WEAK = YES;
				CLANG_WARN_BLOCK_CAPTURE_AUTORELEASING = YES;
				CLANG_WARN_BOOL_CONVERSION = YES;
				CLANG_WARN_COMMA = YES;
				CLANG_WARN_CONSTANT_CONVERSION = YES;
				CLANG_WARN_DEPRECATED_OBJC_IMPLEMENTATIONS = YES;
				CLANG_WARN_DIRECT_OBJC_ISA_USAGE = YES_ERROR;
				CLANG_WARN_DOCUMENTATION_COMMENTS = YES;
				CLANG_WARN_EMPTY_BODY = YES;
				CLANG_WARN_ENUM_CONVERSION = YES;
				CLANG_WARN_INFINITE_RECURSION = YES;
				CLANG_WARN_INT_CONVERSION = YES;
				CLANG_WARN_NON_LITERAL_NULL_CONVERSION = YES;
				CLANG_WARN_OBJC_IMPLICIT_RETAIN_SELF = YES;
				CLANG_WARN_OBJC_LITERAL_CONVERSION = YES;
				CLANG_WARN_OBJC_ROOT_CLASS = YES_ERROR;
				CLANG_WARN_QUOTED_INCLUDE_IN_FRAMEWORK_HEADER = YES;
				CLANG_WARN_RANGE_LOOP_ANALYSIS = YES;
				CLANG_WARN_STRICT_PROTOTYPES = YES;
				CLANG_WARN_SUSPICIOUS_MOVE = YES;
				CLANG_WARN_UNGUARDED_AVAILABILITY = YES_AGGRESSIVE;
				CLANG_WARN_UNREACHABLE_CODE = YES;
				CLANG_WARN__DUPLICATE_METHOD_MATCH = YES;
				CODE_SIGN_STYLE = Automatic;
				COPY_PHASE_STRIP = NO;
				CURRENT_PROJECT_VERSION = 1;
				DEBUG_INFORMATION_FORMAT = dwarf;
				DEVELOPMENT_TEAM = 6X2P4HJBQW;
				ENABLE_STRICT_OBJC_MSGSEND = YES;
				ENABLE_TESTABILITY = YES;
				ENABLE_USER_SCRIPT_SANDBOXING = YES;
				GCC_C_LANGUAGE_STANDARD = gnu17;
				GCC_DYNAMIC_NO_PIC = NO;
				GCC_NO_COMMON_BLOCKS = YES;
				GCC_OPTIMIZATION_LEVEL = 0;
				GCC_PREPROCESSOR_DEFINITIONS = (
					"DEBUG=1",
					"$(inherited)",
				);
				GCC_WARN_64_TO_32_BIT_CONVERSION = YES;
				GCC_WARN_ABOUT_RETURN_TYPE = YES_ERROR;
				GCC_WARN_UNDECLARED_SELECTOR = YES;
				GCC_WARN_UNINITIALIZED_AUTOS = YES_AGGRESSIVE;
				GCC_WARN_UNUSED_FUNCTION = YES;
				GCC_WARN_UNUSED_VARIABLE = YES;
				GENERATE_INFOPLIST_FILE = YES;
				IPHONEOS_DEPLOYMENT_TARGET = 17.5;
				LOCALIZATION_PREFERS_STRING_CATALOGS = YES;
				MACOSX_DEPLOYMENT_TARGET = 14.5;
				MARKETING_VERSION = 1.0;
				MTL_ENABLE_DEBUG_INFO = INCLUDE_SOURCE;
				MTL_FAST_MATH = YES;
				ONLY_ACTIVE_ARCH = YES;
				PRODUCT_BUNDLE_IDENTIFIER = com.stephenbensley.UrCoreTests;
				PRODUCT_NAME = "$(TARGET_NAME)";
				SDKROOT = auto;
				SUPPORTED_PLATFORMS = "iphoneos iphonesimulator macosx";
				SWIFT_ACTIVE_COMPILATION_CONDITIONS = "DEBUG $(inherited)";
				SWIFT_EMIT_LOC_STRINGS = NO;
				SWIFT_OPTIMIZATION_LEVEL = "-Onone";
				SWIFT_VERSION = 5.0;
				TARGETED_DEVICE_FAMILY = "1,2";
			};
			name = Debug;
		};
		DC89A5902C7A40F5005D0269 /* Release */ = {
			isa = XCBuildConfiguration;
			buildSettings = {
				ALLOW_TARGET_PLATFORM_SPECIALIZATION = YES;
				ALWAYS_EMBED_SWIFT_STANDARD_LIBRARIES = YES;
				ALWAYS_SEARCH_USER_PATHS = NO;
				ASSETCATALOG_COMPILER_GENERATE_SWIFT_ASSET_SYMBOL_EXTENSIONS = YES;
				CLANG_ANALYZER_NONNULL = YES;
				CLANG_ANALYZER_NUMBER_OBJECT_CONVERSION = YES_AGGRESSIVE;
				CLANG_CXX_LANGUAGE_STANDARD = "gnu++20";
				CLANG_ENABLE_MODULES = YES;
				CLANG_ENABLE_OBJC_ARC = YES;
				CLANG_ENABLE_OBJC_WEAK = YES;
				CLANG_WARN_BLOCK_CAPTURE_AUTORELEASING = YES;
				CLANG_WARN_BOOL_CONVERSION = YES;
				CLANG_WARN_COMMA = YES;
				CLANG_WARN_CONSTANT_CONVERSION = YES;
				CLANG_WARN_DEPRECATED_OBJC_IMPLEMENTATIONS = YES;
				CLANG_WARN_DIRECT_OBJC_ISA_USAGE = YES_ERROR;
				CLANG_WARN_DOCUMENTATION_COMMENTS = YES;
				CLANG_WARN_EMPTY_BODY = YES;
				CLANG_WARN_ENUM_CONVERSION = YES;
				CLANG_WARN_INFINITE_RECURSION = YES;
				CLANG_WARN_INT_CONVERSION = YES;
				CLANG_WARN_NON_LITERAL_NULL_CONVERSION = YES;
				CLANG_WARN_OBJC_IMPLICIT_RETAIN_SELF = YES;
				CLANG_WARN_OBJC_LITERAL_CONVERSION = YES;
				CLANG_WARN_OBJC_ROOT_CLASS = YES_ERROR;
				CLANG_WARN_QUOTED_INCLUDE_IN_FRAMEWORK_HEADER = YES;
				CLANG_WARN_RANGE_LOOP_ANALYSIS = YES;
				CLANG_WARN_STRICT_PROTOTYPES = YES;
				CLANG_WARN_SUSPICIOUS_MOVE = YES;
				CLANG_WARN_UNGUARDED_AVAILABILITY = YES_AGGRESSIVE;
				CLANG_WARN_UNREACHABLE_CODE = YES;
				CLANG_WARN__DUPLICATE_METHOD_MATCH = YES;
				CODE_SIGN_STYLE = Automatic;
				COPY_PHASE_STRIP = NO;
				CURRENT_PROJECT_VERSION = 1;
				DEBUG_INFORMATION_FORMAT = "dwarf-with-dsym";
				DEVELOPMENT_TEAM = 6X2P4HJBQW;
				ENABLE_NS_ASSERTIONS = NO;
				ENABLE_STRICT_OBJC_MSGSEND = YES;
				ENABLE_USER_SCRIPT_SANDBOXING = YES;
				GCC_C_LANGUAGE_STANDARD = gnu17;
				GCC_NO_COMMON_BLOCKS = YES;
				GCC_WARN_64_TO_32_BIT_CONVERSION = YES;
				GCC_WARN_ABOUT_RETURN_TYPE = YES_ERROR;
				GCC_WARN_UNDECLARED_SELECTOR = YES;
				GCC_WARN_UNINITIALIZED_AUTOS = YES_AGGRESSIVE;
				GCC_WARN_UNUSED_FUNCTION = YES;
				GCC_WARN_UNUSED_VARIABLE = YES;
				GENERATE_INFOPLIST_FILE = YES;
				IPHONEOS_DEPLOYMENT_TARGET = 17.5;
				LOCALIZATION_PREFERS_STRING_CATALOGS = YES;
				MACOSX_DEPLOYMENT_TARGET = 14.5;
				MARKETING_VERSION = 1.0;
				MTL_ENABLE_DEBUG_INFO = NO;
				MTL_FAST_MATH = YES;
				PRODUCT_BUNDLE_IDENTIFIER = com.stephenbensley.UrCoreTests;
				PRODUCT_NAME = "$(TARGET_NAME)";
				SDKROOT = auto;
				SUPPORTED_PLATFORMS = "iphoneos iphonesimulator macosx";
				SWIFT_COMPILATION_MODE = wholemodule;
				SWIFT_EMIT_LOC_STRINGS = NO;
				SWIFT_VERSION = 5.0;
				TARGETED_DEVICE_FAMILY = "1,2";
			};
			name = Release;
		};
		DCA00C592C7BCA8600C9E1D2 /* Debug */ = {
			isa = XCBuildConfiguration;
			buildSettings = {
				ALWAYS_SEARCH_USER_PATHS = NO;
				ASSETCATALOG_COMPILER_APPICON_NAME = AppIcon;
				ASSETCATALOG_COMPILER_GENERATE_SWIFT_ASSET_SYMBOL_EXTENSIONS = YES;
				ASSETCATALOG_COMPILER_GLOBAL_ACCENT_COLOR_NAME = AccentColor;
				CLANG_ANALYZER_NONNULL = YES;
				CLANG_ANALYZER_NUMBER_OBJECT_CONVERSION = YES_AGGRESSIVE;
				CLANG_CXX_LANGUAGE_STANDARD = "gnu++20";
				CLANG_ENABLE_MODULES = YES;
				CLANG_ENABLE_OBJC_ARC = YES;
				CLANG_ENABLE_OBJC_WEAK = YES;
				CLANG_WARN_BLOCK_CAPTURE_AUTORELEASING = YES;
				CLANG_WARN_BOOL_CONVERSION = YES;
				CLANG_WARN_COMMA = YES;
				CLANG_WARN_CONSTANT_CONVERSION = YES;
				CLANG_WARN_DEPRECATED_OBJC_IMPLEMENTATIONS = YES;
				CLANG_WARN_DIRECT_OBJC_ISA_USAGE = YES_ERROR;
				CLANG_WARN_DOCUMENTATION_COMMENTS = YES;
				CLANG_WARN_EMPTY_BODY = YES;
				CLANG_WARN_ENUM_CONVERSION = YES;
				CLANG_WARN_INFINITE_RECURSION = YES;
				CLANG_WARN_INT_CONVERSION = YES;
				CLANG_WARN_NON_LITERAL_NULL_CONVERSION = YES;
				CLANG_WARN_OBJC_IMPLICIT_RETAIN_SELF = YES;
				CLANG_WARN_OBJC_LITERAL_CONVERSION = YES;
				CLANG_WARN_OBJC_ROOT_CLASS = YES_ERROR;
				CLANG_WARN_QUOTED_INCLUDE_IN_FRAMEWORK_HEADER = YES;
				CLANG_WARN_RANGE_LOOP_ANALYSIS = YES;
				CLANG_WARN_STRICT_PROTOTYPES = YES;
				CLANG_WARN_SUSPICIOUS_MOVE = YES;
				CLANG_WARN_UNGUARDED_AVAILABILITY = YES_AGGRESSIVE;
				CLANG_WARN_UNREACHABLE_CODE = YES;
				CLANG_WARN__DUPLICATE_METHOD_MATCH = YES;
				CODE_SIGN_STYLE = Automatic;
				COPY_PHASE_STRIP = NO;
				CURRENT_PROJECT_VERSION = 1;
				DEBUG_INFORMATION_FORMAT = dwarf;
				DEVELOPMENT_ASSET_PATHS = "";
				DEVELOPMENT_TEAM = 6X2P4HJBQW;
				ENABLE_PREVIEWS = YES;
				ENABLE_STRICT_OBJC_MSGSEND = YES;
				ENABLE_TESTABILITY = YES;
				ENABLE_USER_SCRIPT_SANDBOXING = YES;
				GCC_C_LANGUAGE_STANDARD = gnu17;
				GCC_DYNAMIC_NO_PIC = NO;
				GCC_NO_COMMON_BLOCKS = YES;
				GCC_OPTIMIZATION_LEVEL = 0;
				GCC_PREPROCESSOR_DEFINITIONS = (
					"DEBUG=1",
					"$(inherited)",
				);
				GCC_WARN_64_TO_32_BIT_CONVERSION = YES;
				GCC_WARN_ABOUT_RETURN_TYPE = YES_ERROR;
				GCC_WARN_UNDECLARED_SELECTOR = YES;
				GCC_WARN_UNINITIALIZED_AUTOS = YES_AGGRESSIVE;
				GCC_WARN_UNUSED_FUNCTION = YES;
				GCC_WARN_UNUSED_VARIABLE = YES;
				GENERATE_INFOPLIST_FILE = YES;
				INFOPLIST_KEY_UIApplicationSceneManifest_Generation = YES;
				INFOPLIST_KEY_UIApplicationSupportsIndirectInputEvents = YES;
				INFOPLIST_KEY_UILaunchScreen_Generation = YES;
				INFOPLIST_KEY_UISupportedInterfaceOrientations_iPad = "UIInterfaceOrientationPortrait UIInterfaceOrientationPortraitUpsideDown UIInterfaceOrientationLandscapeLeft UIInterfaceOrientationLandscapeRight";
				INFOPLIST_KEY_UISupportedInterfaceOrientations_iPhone = "UIInterfaceOrientationPortrait UIInterfaceOrientationLandscapeLeft UIInterfaceOrientationLandscapeRight";
				IPHONEOS_DEPLOYMENT_TARGET = 17.5;
				LD_RUNPATH_SEARCH_PATHS = (
					"$(inherited)",
					"@executable_path/Frameworks",
				);
				LOCALIZATION_PREFERS_STRING_CATALOGS = YES;
				MARKETING_VERSION = 1.0;
				MTL_ENABLE_DEBUG_INFO = INCLUDE_SOURCE;
				MTL_FAST_MATH = YES;
				ONLY_ACTIVE_ARCH = YES;
				PRODUCT_BUNDLE_IDENTIFIER = com.stephenbensley.UrCoach;
				PRODUCT_NAME = "$(TARGET_NAME)";
				SDKROOT = iphoneos;
				SWIFT_ACTIVE_COMPILATION_CONDITIONS = "DEBUG $(inherited)";
				SWIFT_EMIT_LOC_STRINGS = YES;
				SWIFT_OPTIMIZATION_LEVEL = "-Onone";
				SWIFT_VERSION = 5.0;
				TARGETED_DEVICE_FAMILY = "1,2";
			};
			name = Debug;
		};
		DCA00C5A2C7BCA8600C9E1D2 /* Release */ = {
			isa = XCBuildConfiguration;
			buildSettings = {
				ALWAYS_SEARCH_USER_PATHS = NO;
				ASSETCATALOG_COMPILER_APPICON_NAME = AppIcon;
				ASSETCATALOG_COMPILER_GENERATE_SWIFT_ASSET_SYMBOL_EXTENSIONS = YES;
				ASSETCATALOG_COMPILER_GLOBAL_ACCENT_COLOR_NAME = AccentColor;
				CLANG_ANALYZER_NONNULL = YES;
				CLANG_ANALYZER_NUMBER_OBJECT_CONVERSION = YES_AGGRESSIVE;
				CLANG_CXX_LANGUAGE_STANDARD = "gnu++20";
				CLANG_ENABLE_MODULES = YES;
				CLANG_ENABLE_OBJC_ARC = YES;
				CLANG_ENABLE_OBJC_WEAK = YES;
				CLANG_WARN_BLOCK_CAPTURE_AUTORELEASING = YES;
				CLANG_WARN_BOOL_CONVERSION = YES;
				CLANG_WARN_COMMA = YES;
				CLANG_WARN_CONSTANT_CONVERSION = YES;
				CLANG_WARN_DEPRECATED_OBJC_IMPLEMENTATIONS = YES;
				CLANG_WARN_DIRECT_OBJC_ISA_USAGE = YES_ERROR;
				CLANG_WARN_DOCUMENTATION_COMMENTS = YES;
				CLANG_WARN_EMPTY_BODY = YES;
				CLANG_WARN_ENUM_CONVERSION = YES;
				CLANG_WARN_INFINITE_RECURSION = YES;
				CLANG_WARN_INT_CONVERSION = YES;
				CLANG_WARN_NON_LITERAL_NULL_CONVERSION = YES;
				CLANG_WARN_OBJC_IMPLICIT_RETAIN_SELF = YES;
				CLANG_WARN_OBJC_LITERAL_CONVERSION = YES;
				CLANG_WARN_OBJC_ROOT_CLASS = YES_ERROR;
				CLANG_WARN_QUOTED_INCLUDE_IN_FRAMEWORK_HEADER = YES;
				CLANG_WARN_RANGE_LOOP_ANALYSIS = YES;
				CLANG_WARN_STRICT_PROTOTYPES = YES;
				CLANG_WARN_SUSPICIOUS_MOVE = YES;
				CLANG_WARN_UNGUARDED_AVAILABILITY = YES_AGGRESSIVE;
				CLANG_WARN_UNREACHABLE_CODE = YES;
				CLANG_WARN__DUPLICATE_METHOD_MATCH = YES;
				CODE_SIGN_STYLE = Automatic;
				COPY_PHASE_STRIP = NO;
				CURRENT_PROJECT_VERSION = 1;
				DEBUG_INFORMATION_FORMAT = "dwarf-with-dsym";
				DEVELOPMENT_ASSET_PATHS = "";
				DEVELOPMENT_TEAM = 6X2P4HJBQW;
				ENABLE_NS_ASSERTIONS = NO;
				ENABLE_PREVIEWS = YES;
				ENABLE_STRICT_OBJC_MSGSEND = YES;
				ENABLE_USER_SCRIPT_SANDBOXING = YES;
				GCC_C_LANGUAGE_STANDARD = gnu17;
				GCC_NO_COMMON_BLOCKS = YES;
				GCC_WARN_64_TO_32_BIT_CONVERSION = YES;
				GCC_WARN_ABOUT_RETURN_TYPE = YES_ERROR;
				GCC_WARN_UNDECLARED_SELECTOR = YES;
				GCC_WARN_UNINITIALIZED_AUTOS = YES_AGGRESSIVE;
				GCC_WARN_UNUSED_FUNCTION = YES;
				GCC_WARN_UNUSED_VARIABLE = YES;
				GENERATE_INFOPLIST_FILE = YES;
				INFOPLIST_KEY_UIApplicationSceneManifest_Generation = YES;
				INFOPLIST_KEY_UIApplicationSupportsIndirectInputEvents = YES;
				INFOPLIST_KEY_UILaunchScreen_Generation = YES;
				INFOPLIST_KEY_UISupportedInterfaceOrientations_iPad = "UIInterfaceOrientationPortrait UIInterfaceOrientationPortraitUpsideDown UIInterfaceOrientationLandscapeLeft UIInterfaceOrientationLandscapeRight";
				INFOPLIST_KEY_UISupportedInterfaceOrientations_iPhone = "UIInterfaceOrientationPortrait UIInterfaceOrientationLandscapeLeft UIInterfaceOrientationLandscapeRight";
				IPHONEOS_DEPLOYMENT_TARGET = 17.5;
				LD_RUNPATH_SEARCH_PATHS = (
					"$(inherited)",
					"@executable_path/Frameworks",
				);
				LOCALIZATION_PREFERS_STRING_CATALOGS = YES;
				MARKETING_VERSION = 1.0;
				MTL_ENABLE_DEBUG_INFO = NO;
				MTL_FAST_MATH = YES;
				PRODUCT_BUNDLE_IDENTIFIER = com.stephenbensley.UrCoach;
				PRODUCT_NAME = "$(TARGET_NAME)";
				SDKROOT = iphoneos;
				SWIFT_COMPILATION_MODE = wholemodule;
				SWIFT_EMIT_LOC_STRINGS = YES;
				SWIFT_VERSION = 5.0;
				TARGETED_DEVICE_FAMILY = "1,2";
				VALIDATE_PRODUCT = YES;
			};
			name = Release;
		};
/* End XCBuildConfiguration section */

/* Begin XCConfigurationList section */
		DC729EBB2C7A4AAB00193A2E /* Build configuration list for PBXNativeTarget "Solver" */ = {
			isa = XCConfigurationList;
			buildConfigurations = (
				DC729EBC2C7A4AAB00193A2E /* Debug */,
				DC729EBD2C7A4AAB00193A2E /* Release */,
			);
			defaultConfigurationIsVisible = 0;
			defaultConfigurationName = Release;
		};
		DC729EC62C7A4BB400193A2E /* Build configuration list for PBXNativeTarget "DynamoDBGen" */ = {
			isa = XCConfigurationList;
			buildConfigurations = (
				DC729EC72C7A4BB400193A2E /* Debug */,
				DC729EC82C7A4BB400193A2E /* Release */,
			);
			defaultConfigurationIsVisible = 0;
			defaultConfigurationName = Release;
		};
		DC729F152C7A6B7100193A2E /* Build configuration list for PBXNativeTarget "Tournament" */ = {
			isa = XCConfigurationList;
			buildConfigurations = (
				DC729F162C7A6B7100193A2E /* Debug */,
				DC729F172C7A6B7100193A2E /* Release */,
			);
			defaultConfigurationIsVisible = 0;
			defaultConfigurationName = Release;
		};
		DC89A5732C7A40E1005D0269 /* Build configuration list for PBXProject "UrCoach" */ = {
			isa = XCConfigurationList;
			buildConfigurations = (
				DC89A5742C7A40E1005D0269 /* Debug */,
				DC89A5752C7A40E1005D0269 /* Release */,
			);
			defaultConfigurationIsVisible = 0;
			defaultConfigurationName = Release;
		};
		DC89A58E2C7A40F5005D0269 /* Build configuration list for PBXNativeTarget "UrCoreTests" */ = {
			isa = XCConfigurationList;
			buildConfigurations = (
				DC89A58F2C7A40F5005D0269 /* Debug */,
				DC89A5902C7A40F5005D0269 /* Release */,
			);
			defaultConfigurationIsVisible = 0;
			defaultConfigurationName = Release;
		};
		DCA00C5B2C7BCA8600C9E1D2 /* Build configuration list for PBXNativeTarget "UrCoach" */ = {
			isa = XCConfigurationList;
			buildConfigurations = (
				DCA00C592C7BCA8600C9E1D2 /* Debug */,
				DCA00C5A2C7BCA8600C9E1D2 /* Release */,
			);
			defaultConfigurationIsVisible = 0;
			defaultConfigurationName = Release;
		};
/* End XCConfigurationList section */

/* Begin XCLocalSwiftPackageReference section */
		DC96FB532C7E0CCB00ECB509 /* XCLocalSwiftPackageReference "../UtiliKit" */ = {
			isa = XCLocalSwiftPackageReference;
			relativePath = ../UtiliKit;
		};
/* End XCLocalSwiftPackageReference section */

/* Begin XCSwiftPackageProductDependency section */
		DC1D07342C7E401B000B7D5B /* UtiliKit */ = {
			isa = XCSwiftPackageProductDependency;
			package = DC96FB532C7E0CCB00ECB509 /* XCLocalSwiftPackageReference "../UtiliKit" */;
			productName = UtiliKit;
		};
		DC1D07362C7E404A000B7D5B /* UtiliKit */ = {
			isa = XCSwiftPackageProductDependency;
			package = DC96FB532C7E0CCB00ECB509 /* XCLocalSwiftPackageReference "../UtiliKit" */;
			productName = UtiliKit;
		};
		DC1D07382C7E4066000B7D5B /* UtiliKit */ = {
			isa = XCSwiftPackageProductDependency;
			package = DC96FB532C7E0CCB00ECB509 /* XCLocalSwiftPackageReference "../UtiliKit" */;
			productName = UtiliKit;
		};
		DC1D073A2C7E407F000B7D5B /* UtiliKit */ = {
			isa = XCSwiftPackageProductDependency;
			package = DC96FB532C7E0CCB00ECB509 /* XCLocalSwiftPackageReference "../UtiliKit" */;
			productName = UtiliKit;
		};
		DC28E04D2C7E0B4100C0FD2C /* UtiliKit */ = {
			isa = XCSwiftPackageProductDependency;
			productName = UtiliKit;
		};
		DC28E04F2C7E0B6E00C0FD2C /* UtiliKit */ = {
			isa = XCSwiftPackageProductDependency;
			productName = UtiliKit;
		};
		DC96FB512C7E0C0700ECB509 /* UtiliKit */ = {
			isa = XCSwiftPackageProductDependency;
			productName = UtiliKit;
		};
		DC96FB542C7E0CCB00ECB509 /* UtiliKit */ = {
			isa = XCSwiftPackageProductDependency;
			productName = UtiliKit;
		};
		DCA00C962C7E07B700C9E1D2 /* UtiliKit */ = {
			isa = XCSwiftPackageProductDependency;
			productName = UtiliKit;
		};
/* End XCSwiftPackageProductDependency section */
	};
	rootObject = DC89A5702C7A40E1005D0269 /* Project object */;
}
