// !$*UTF8*$!
{
	archiveVersion = 1;
	classes = {
	};
	objectVersion = 56;
	objects = {

/* Begin PBXBuildFile section */
		DC1D07412C7E5D31000B7D5B /* UrModel.swift in Sources */ = {isa = PBXBuildFile; fileRef = DC1D07402C7E5D31000B7D5B /* UrModel.swift */; };
		DC28E04E2C7E0B4100C0FD2C /* UtiliKit in Frameworks */ = {isa = PBXBuildFile; productRef = DC28E04D2C7E0B4100C0FD2C /* UtiliKit */; };
		DC28E0502C7E0B6E00C0FD2C /* UtiliKit in Frameworks */ = {isa = PBXBuildFile; productRef = DC28E04F2C7E0B6E00C0FD2C /* UtiliKit */; };
		DC2CEEF22C88F30F00023B0C /* GameScene.swift in Sources */ = {isa = PBXBuildFile; fileRef = DCA00C692C7CC0BE00C9E1D2 /* GameScene.swift */; };
		DC2CEEF32C88F30F00023B0C /* UrModel.swift in Sources */ = {isa = PBXBuildFile; fileRef = DC1D07402C7E5D31000B7D5B /* UrModel.swift */; };
		DC2CEEF42C88F30F00023B0C /* BoardPositions.swift in Sources */ = {isa = PBXBuildFile; fileRef = DC96FB562C7E0D2100ECB509 /* BoardPositions.swift */; };
		DC2CEEF52C88F30F00023B0C /* SolutionDB.swift in Sources */ = {isa = PBXBuildFile; fileRef = DC729F1F2C7A840300193A2E /* SolutionDB.swift */; };
		DC2CEEF62C88F30F00023B0C /* AWSConfig.swift in Sources */ = {isa = PBXBuildFile; fileRef = DC729E8B2C7A428800193A2E /* AWSConfig.swift */; };
		DC2CEEF72C88F30F00023B0C /* DynamoNode.swift in Sources */ = {isa = PBXBuildFile; fileRef = DC729E8C2C7A428800193A2E /* DynamoNode.swift */; };
		DC2CEEF82C88F30F00023B0C /* SolutionDBClient.swift in Sources */ = {isa = PBXBuildFile; fileRef = DC729E8A2C7A428800193A2E /* SolutionDBClient.swift */; };
		DC2CEEF92C88F30F00023B0C /* GamePosition.swift in Sources */ = {isa = PBXBuildFile; fileRef = DC89A5922C7A410A005D0269 /* GamePosition.swift */; };
		DC2CEEFA2C88F30F00023B0C /* GameModel.swift in Sources */ = {isa = PBXBuildFile; fileRef = DC729EE72C7A53ED00193A2E /* GameModel.swift */; };
		DC2CEEFB2C88F30F00023B0C /* PlayerPosition.swift in Sources */ = {isa = PBXBuildFile; fileRef = DC89A5982C7A410A005D0269 /* PlayerPosition.swift */; };
		DC2CEEFC2C88F30F00023B0C /* PositionValues.swift in Sources */ = {isa = PBXBuildFile; fileRef = DC89A5962C7A410A005D0269 /* PositionValues.swift */; };
		DC2CEEFD2C88F30F00023B0C /* Ur.swift in Sources */ = {isa = PBXBuildFile; fileRef = DC89A5942C7A410A005D0269 /* Ur.swift */; };
		DC2CEEFE2C88F30F00023B0C /* PositionAnalyzer.swift in Sources */ = {isa = PBXBuildFile; fileRef = DC729E8E2C7A428800193A2E /* PositionAnalyzer.swift */; };
		DC2CEEFF2C88F30F00023B0C /* UrCoachApp.swift in Sources */ = {isa = PBXBuildFile; fileRef = DCA00C502C7BCA8500C9E1D2 /* UrCoachApp.swift */; };
		DC2CEF012C88F30F00023B0C /* UtiliKit in Frameworks */ = {isa = PBXBuildFile; productRef = DC2CEEEC2C88F30F00023B0C /* UtiliKit */; };
		DC2CEF022C88F30F00023B0C /* UtiliKit in Frameworks */ = {isa = PBXBuildFile; productRef = DC2CEEEE2C88F30F00023B0C /* UtiliKit */; };
		DC2CEF032C88F30F00023B0C /* UtiliKit in Frameworks */ = {isa = PBXBuildFile; productRef = DC2CEEEA2C88F30F00023B0C /* UtiliKit */; };
		DC2CEF042C88F30F00023B0C /* UtiliKit in Frameworks */ = {isa = PBXBuildFile; productRef = DC2CEEEB2C88F30F00023B0C /* UtiliKit */; };
		DC2CEF052C88F30F00023B0C /* UtiliKit in Frameworks */ = {isa = PBXBuildFile; productRef = DC2CEEED2C88F30F00023B0C /* UtiliKit */; };
		DC2CEF062C88F30F00023B0C /* CheckersKit in Frameworks */ = {isa = PBXBuildFile; productRef = DC2CEEEF2C88F30F00023B0C /* CheckersKit */; };
		DC2CEF082C88F30F00023B0C /* urSolution.data in Resources */ = {isa = PBXBuildFile; fileRef = DC729EA22C7A438400193A2E /* urSolution.data */; };
		DC2CEF092C88F30F00023B0C /* Help.md in Resources */ = {isa = PBXBuildFile; fileRef = DC358F322C85155E007BD6A3 /* Help.md */; };
		DC2CEF0A2C88F30F00023B0C /* Assets.xcassets in Resources */ = {isa = PBXBuildFile; fileRef = DCA00C542C7BCA8600C9E1D2 /* Assets.xcassets */; };
		DC358F342C85155E007BD6A3 /* Help.md in Resources */ = {isa = PBXBuildFile; fileRef = DC358F322C85155E007BD6A3 /* Help.md */; };
		DC358F372C851573007BD6A3 /* Help.md in Resources */ = {isa = PBXBuildFile; fileRef = DC358F322C85155E007BD6A3 /* Help.md */; };
		DC729EB22C7A4AAA00193A2E /* UrSolverApp.swift in Sources */ = {isa = PBXBuildFile; fileRef = DC729EB12C7A4AAA00193A2E /* UrSolverApp.swift */; };
		DC729EB42C7A4AAA00193A2E /* ContentView.swift in Sources */ = {isa = PBXBuildFile; fileRef = DC729EB32C7A4AAA00193A2E /* ContentView.swift */; };
		DC729EB62C7A4AAB00193A2E /* Assets.xcassets in Resources */ = {isa = PBXBuildFile; fileRef = DC729EB52C7A4AAB00193A2E /* Assets.xcassets */; };
		DC729ECB2C7A4BC300193A2E /* BufferedTextFile.swift in Sources */ = {isa = PBXBuildFile; fileRef = DC729EC92C7A4BC300193A2E /* BufferedTextFile.swift */; };
		DC729ECC2C7A4BC300193A2E /* DynamoDbFileGenerator.swift in Sources */ = {isa = PBXBuildFile; fileRef = DC729ECA2C7A4BC300193A2E /* DynamoDbFileGenerator.swift */; };
		DC729ECE2C7A4BFB00193A2E /* urSolution.data in CopyFiles */ = {isa = PBXBuildFile; fileRef = DC729EA22C7A438400193A2E /* urSolution.data */; };
		DC729F0A2C7A688600193A2E /* urSolution.data in CopyFiles */ = {isa = PBXBuildFile; fileRef = DC729EA22C7A438400193A2E /* urSolution.data */; };
		DC729F0B2C7A68C200193A2E /* DynamoNodeTests.swift in Sources */ = {isa = PBXBuildFile; fileRef = DC729E942C7A429F00193A2E /* DynamoNodeTests.swift */; };
		DC729F0C2C7A68C200193A2E /* PositionAnalyzerTests.swift in Sources */ = {isa = PBXBuildFile; fileRef = DC729EE32C7A507000193A2E /* PositionAnalyzerTests.swift */; };
		DC729F182C7A6B7A00193A2E /* Tournament.swift in Sources */ = {isa = PBXBuildFile; fileRef = DC729EF42C7A580E00193A2E /* Tournament.swift */; };
		DC729F1E2C7A6BB100193A2E /* urSolution.data in CopyFiles */ = {isa = PBXBuildFile; fileRef = DC729EA22C7A438400193A2E /* urSolution.data */; };
		DC729F452C7A8C5E00193A2E /* Strategy.swift in Sources */ = {isa = PBXBuildFile; fileRef = DC729EE52C7A527300193A2E /* Strategy.swift */; };
		DC89A5A52C7A413B005D0269 /* PlayerPositionTests.swift in Sources */ = {isa = PBXBuildFile; fileRef = DC89A5A12C7A413B005D0269 /* PlayerPositionTests.swift */; };
		DC89A5A62C7A413B005D0269 /* PositionValuesBuilderTests.swift in Sources */ = {isa = PBXBuildFile; fileRef = DC89A5A22C7A413B005D0269 /* PositionValuesBuilderTests.swift */; };
		DC89A5A72C7A413B005D0269 /* TestUtils.swift in Sources */ = {isa = PBXBuildFile; fileRef = DC89A5A32C7A413B005D0269 /* TestUtils.swift */; };
		DC89A5A82C7A413B005D0269 /* GamePositionTests.swift in Sources */ = {isa = PBXBuildFile; fileRef = DC89A5A42C7A413B005D0269 /* GamePositionTests.swift */; };
		DC8E71E82C877B50009DE9CE /* CheckersKit in Frameworks */ = {isa = PBXBuildFile; productRef = DC8E71E72C877B50009DE9CE /* CheckersKit */; };
		DC8E71EA2C877B50009DE9CE /* UtiliKit in Frameworks */ = {isa = PBXBuildFile; productRef = DC8E71E92C877B50009DE9CE /* UtiliKit */; };
		DC8E71EC2C877B59009DE9CE /* UtiliKit in Frameworks */ = {isa = PBXBuildFile; productRef = DC8E71EB2C877B59009DE9CE /* UtiliKit */; };
		DC8E71EE2C877B60009DE9CE /* CheckersKit in Frameworks */ = {isa = PBXBuildFile; productRef = DC8E71ED2C877B60009DE9CE /* CheckersKit */; };
		DC8E71F02C877B60009DE9CE /* UtiliKit in Frameworks */ = {isa = PBXBuildFile; productRef = DC8E71EF2C877B60009DE9CE /* UtiliKit */; };
		DC8E71F22C877B68009DE9CE /* CheckersKit in Frameworks */ = {isa = PBXBuildFile; productRef = DC8E71F12C877B68009DE9CE /* CheckersKit */; };
		DC8E71F42C877B70009DE9CE /* UtiliKit in Frameworks */ = {isa = PBXBuildFile; productRef = DC8E71F32C877B70009DE9CE /* UtiliKit */; };
		DC96FB522C7E0C0700ECB509 /* UtiliKit in Frameworks */ = {isa = PBXBuildFile; productRef = DC96FB512C7E0C0700ECB509 /* UtiliKit */; };
		DC96FB552C7E0CCB00ECB509 /* UtiliKit in Frameworks */ = {isa = PBXBuildFile; productRef = DC96FB542C7E0CCB00ECB509 /* UtiliKit */; };
		DC96FB572C7E0D2100ECB509 /* BoardPositions.swift in Sources */ = {isa = PBXBuildFile; fileRef = DC96FB562C7E0D2100ECB509 /* BoardPositions.swift */; };
		DCA00C452C7AAF6600C9E1D2 /* GameModelTests.swift in Sources */ = {isa = PBXBuildFile; fileRef = DCA00C442C7AAF6600C9E1D2 /* GameModelTests.swift */; };
		DCA00C472C7AB20700C9E1D2 /* SafeCountsTests.swift in Sources */ = {isa = PBXBuildFile; fileRef = DCA00C462C7AB20700C9E1D2 /* SafeCountsTests.swift */; };
		DCA00C492C7B942600C9E1D2 /* CloudDBClientTests.swift in Sources */ = {isa = PBXBuildFile; fileRef = DCA00C482C7B942600C9E1D2 /* CloudDBClientTests.swift */; };
		DCA00C512C7BCA8500C9E1D2 /* UrCoachApp.swift in Sources */ = {isa = PBXBuildFile; fileRef = DCA00C502C7BCA8500C9E1D2 /* UrCoachApp.swift */; };
		DCA00C552C7BCA8600C9E1D2 /* Assets.xcassets in Resources */ = {isa = PBXBuildFile; fileRef = DCA00C542C7BCA8600C9E1D2 /* Assets.xcassets */; };
		DCA00C6A2C7CC0BE00C9E1D2 /* GameScene.swift in Sources */ = {isa = PBXBuildFile; fileRef = DCA00C692C7CC0BE00C9E1D2 /* GameScene.swift */; };
		DCA00C972C7E07B700C9E1D2 /* UtiliKit in Frameworks */ = {isa = PBXBuildFile; productRef = DCA00C962C7E07B700C9E1D2 /* UtiliKit */; };
		DCBDB97E2C836BD700667654 /* GamePosition.swift in Sources */ = {isa = PBXBuildFile; fileRef = DC89A5922C7A410A005D0269 /* GamePosition.swift */; };
		DCBDB97F2C836BD700667654 /* PlayerPosition.swift in Sources */ = {isa = PBXBuildFile; fileRef = DC89A5982C7A410A005D0269 /* PlayerPosition.swift */; };
		DCBDB9802C836BF100667654 /* Ur.swift in Sources */ = {isa = PBXBuildFile; fileRef = DC89A5942C7A410A005D0269 /* Ur.swift */; };
		DCBDB9812C836C0000667654 /* SolutionDBClient.swift in Sources */ = {isa = PBXBuildFile; fileRef = DC729E8A2C7A428800193A2E /* SolutionDBClient.swift */; };
		DCBDB9822C836C0A00667654 /* PositionValues.swift in Sources */ = {isa = PBXBuildFile; fileRef = DC89A5962C7A410A005D0269 /* PositionValues.swift */; };
		DCBDB9832C836C1500667654 /* DynamoNode.swift in Sources */ = {isa = PBXBuildFile; fileRef = DC729E8C2C7A428800193A2E /* DynamoNode.swift */; };
		DCBDB9842C836C1D00667654 /* AWSConfig.swift in Sources */ = {isa = PBXBuildFile; fileRef = DC729E8B2C7A428800193A2E /* AWSConfig.swift */; };
		DCBDB9852C836C5600667654 /* PositionAnalyzer.swift in Sources */ = {isa = PBXBuildFile; fileRef = DC729E8E2C7A428800193A2E /* PositionAnalyzer.swift */; };
		DCBDB9862C836C5D00667654 /* SafeCounts.swift in Sources */ = {isa = PBXBuildFile; fileRef = DC89A5972C7A410A005D0269 /* SafeCounts.swift */; };
		DCBDB9872C836C6900667654 /* GameModel.swift in Sources */ = {isa = PBXBuildFile; fileRef = DC729EE72C7A53ED00193A2E /* GameModel.swift */; };
		DCBDB9882C836C7000667654 /* PositionValuesBuilder.swift in Sources */ = {isa = PBXBuildFile; fileRef = DC89A5952C7A410A005D0269 /* PositionValuesBuilder.swift */; };
		DCBDB9892C836C8E00667654 /* GamePosition.swift in Sources */ = {isa = PBXBuildFile; fileRef = DC89A5922C7A410A005D0269 /* GamePosition.swift */; };
		DCBDB98A2C836C9100667654 /* PlayerPosition.swift in Sources */ = {isa = PBXBuildFile; fileRef = DC89A5982C7A410A005D0269 /* PlayerPosition.swift */; };
		DCBDB98B2C836C9400667654 /* Ur.swift in Sources */ = {isa = PBXBuildFile; fileRef = DC89A5942C7A410A005D0269 /* Ur.swift */; };
		DCBDB98C2C836C9700667654 /* PositionValues.swift in Sources */ = {isa = PBXBuildFile; fileRef = DC89A5962C7A410A005D0269 /* PositionValues.swift */; };
		DCBDB98D2C836C9B00667654 /* DynamoNode.swift in Sources */ = {isa = PBXBuildFile; fileRef = DC729E8C2C7A428800193A2E /* DynamoNode.swift */; };
		DCBDB98E2C836CAC00667654 /* SolutionDBClient.swift in Sources */ = {isa = PBXBuildFile; fileRef = DC729E8A2C7A428800193A2E /* SolutionDBClient.swift */; };
		DCBDB9902C836D3800667654 /* PositionAnalyzer.swift in Sources */ = {isa = PBXBuildFile; fileRef = DC729E8E2C7A428800193A2E /* PositionAnalyzer.swift */; };
		DCBDB9912C836D4B00667654 /* AWSConfig.swift in Sources */ = {isa = PBXBuildFile; fileRef = DC729E8B2C7A428800193A2E /* AWSConfig.swift */; };
		DCBDB9922C836D7D00667654 /* AWSConfig.swift in Sources */ = {isa = PBXBuildFile; fileRef = DC729E8B2C7A428800193A2E /* AWSConfig.swift */; };
		DCBDB9932C836D7D00667654 /* GameModel.swift in Sources */ = {isa = PBXBuildFile; fileRef = DC729EE72C7A53ED00193A2E /* GameModel.swift */; };
		DCBDB9942C836D7D00667654 /* SolutionDBClient.swift in Sources */ = {isa = PBXBuildFile; fileRef = DC729E8A2C7A428800193A2E /* SolutionDBClient.swift */; };
		DCBDB9952C836D7D00667654 /* PositionAnalyzer.swift in Sources */ = {isa = PBXBuildFile; fileRef = DC729E8E2C7A428800193A2E /* PositionAnalyzer.swift */; };
		DCBDB9962C836D7D00667654 /* Ur.swift in Sources */ = {isa = PBXBuildFile; fileRef = DC89A5942C7A410A005D0269 /* Ur.swift */; };
		DCBDB9972C836D7D00667654 /* SolutionDB.swift in Sources */ = {isa = PBXBuildFile; fileRef = DC729F1F2C7A840300193A2E /* SolutionDB.swift */; };
		DCBDB9982C836D7D00667654 /* PositionValues.swift in Sources */ = {isa = PBXBuildFile; fileRef = DC89A5962C7A410A005D0269 /* PositionValues.swift */; };
		DCBDB9992C836D7D00667654 /* GamePosition.swift in Sources */ = {isa = PBXBuildFile; fileRef = DC89A5922C7A410A005D0269 /* GamePosition.swift */; };
		DCBDB99A2C836D7D00667654 /* PlayerPosition.swift in Sources */ = {isa = PBXBuildFile; fileRef = DC89A5982C7A410A005D0269 /* PlayerPosition.swift */; };
		DCBDB99B2C836D7D00667654 /* DynamoNode.swift in Sources */ = {isa = PBXBuildFile; fileRef = DC729E8C2C7A428800193A2E /* DynamoNode.swift */; };
		DCBDB99C2C836D9800667654 /* GamePosition.swift in Sources */ = {isa = PBXBuildFile; fileRef = DC89A5922C7A410A005D0269 /* GamePosition.swift */; };
		DCBDB99D2C836D9800667654 /* PlayerPosition.swift in Sources */ = {isa = PBXBuildFile; fileRef = DC89A5982C7A410A005D0269 /* PlayerPosition.swift */; };
		DCBDB99E2C836D9800667654 /* PositionValues.swift in Sources */ = {isa = PBXBuildFile; fileRef = DC89A5962C7A410A005D0269 /* PositionValues.swift */; };
		DCBDB99F2C836D9800667654 /* Solver.swift in Sources */ = {isa = PBXBuildFile; fileRef = DC89A5932C7A410A005D0269 /* Solver.swift */; };
		DCBDB9A02C836D9800667654 /* Ur.swift in Sources */ = {isa = PBXBuildFile; fileRef = DC89A5942C7A410A005D0269 /* Ur.swift */; };
		DCBDB9A12C836D9800667654 /* SafeCounts.swift in Sources */ = {isa = PBXBuildFile; fileRef = DC89A5972C7A410A005D0269 /* SafeCounts.swift */; };
		DCBDB9A22C836D9800667654 /* PositionValuesBuilder.swift in Sources */ = {isa = PBXBuildFile; fileRef = DC89A5952C7A410A005D0269 /* PositionValuesBuilder.swift */; };
		DCBDB9A42C836E3F00667654 /* SolutionDB.swift in Sources */ = {isa = PBXBuildFile; fileRef = DC729F1F2C7A840300193A2E /* SolutionDB.swift */; };
		DCBDB9A52C836E3F00667654 /* AWSConfig.swift in Sources */ = {isa = PBXBuildFile; fileRef = DC729E8B2C7A428800193A2E /* AWSConfig.swift */; };
		DCBDB9A62C836E3F00667654 /* DynamoNode.swift in Sources */ = {isa = PBXBuildFile; fileRef = DC729E8C2C7A428800193A2E /* DynamoNode.swift */; };
		DCBDB9A72C836E3F00667654 /* SolutionDBClient.swift in Sources */ = {isa = PBXBuildFile; fileRef = DC729E8A2C7A428800193A2E /* SolutionDBClient.swift */; };
		DCBDB9A82C836E3F00667654 /* GamePosition.swift in Sources */ = {isa = PBXBuildFile; fileRef = DC89A5922C7A410A005D0269 /* GamePosition.swift */; };
		DCBDB9A92C836E3F00667654 /* GameModel.swift in Sources */ = {isa = PBXBuildFile; fileRef = DC729EE72C7A53ED00193A2E /* GameModel.swift */; };
		DCBDB9AA2C836E3F00667654 /* PlayerPosition.swift in Sources */ = {isa = PBXBuildFile; fileRef = DC89A5982C7A410A005D0269 /* PlayerPosition.swift */; };
		DCBDB9AB2C836E3F00667654 /* PositionValues.swift in Sources */ = {isa = PBXBuildFile; fileRef = DC89A5962C7A410A005D0269 /* PositionValues.swift */; };
		DCBDB9AC2C836E3F00667654 /* Ur.swift in Sources */ = {isa = PBXBuildFile; fileRef = DC89A5942C7A410A005D0269 /* Ur.swift */; };
		DCBDB9AD2C836E3F00667654 /* PositionAnalyzer.swift in Sources */ = {isa = PBXBuildFile; fileRef = DC729E8E2C7A428800193A2E /* PositionAnalyzer.swift */; };
/* End PBXBuildFile section */

/* Begin PBXCopyFilesBuildPhase section */
		DC729EC02C7A4BB400193A2E /* CopyFiles */ = {
			isa = PBXCopyFilesBuildPhase;
			buildActionMask = 12;
			dstPath = "";
			dstSubfolderSpec = 16;
			files = (
				DC729ECE2C7A4BFB00193A2E /* urSolution.data in CopyFiles */,
			);
			runOnlyForDeploymentPostprocessing = 0;
		};
		DC729ED42C7A4CD700193A2E /* Embed Frameworks */ = {
			isa = PBXCopyFilesBuildPhase;
			buildActionMask = 2147483647;
			dstPath = "";
			dstSubfolderSpec = 10;
			files = (
			);
			name = "Embed Frameworks";
			runOnlyForDeploymentPostprocessing = 0;
		};
		DC729EDD2C7A4CDE00193A2E /* Embed Frameworks */ = {
			isa = PBXCopyFilesBuildPhase;
			buildActionMask = 2147483647;
			dstPath = "";
			dstSubfolderSpec = 10;
			files = (
			);
			name = "Embed Frameworks";
			runOnlyForDeploymentPostprocessing = 0;
		};
		DC729F092C7A687B00193A2E /* CopyFiles */ = {
			isa = PBXCopyFilesBuildPhase;
			buildActionMask = 2147483647;
			dstPath = /private/tmp;
			dstSubfolderSpec = 0;
			files = (
				DC729F0A2C7A688600193A2E /* urSolution.data in CopyFiles */,
			);
			runOnlyForDeploymentPostprocessing = 0;
		};
		DC729F0F2C7A6B7100193A2E /* CopyFiles */ = {
			isa = PBXCopyFilesBuildPhase;
			buildActionMask = 12;
			dstPath = "";
			dstSubfolderSpec = 16;
			files = (
				DC729F1E2C7A6BB100193A2E /* urSolution.data in CopyFiles */,
			);
			runOnlyForDeploymentPostprocessing = 0;
		};
		DC729F1D2C7A6BA300193A2E /* Embed Frameworks */ = {
			isa = PBXCopyFilesBuildPhase;
			buildActionMask = 2147483647;
			dstPath = "";
			dstSubfolderSpec = 10;
			files = (
			);
			name = "Embed Frameworks";
			runOnlyForDeploymentPostprocessing = 0;
		};
/* End PBXCopyFilesBuildPhase section */

/* Begin PBXFileReference section */
		DC1D07402C7E5D31000B7D5B /* UrModel.swift */ = {isa = PBXFileReference; lastKnownFileType = sourcecode.swift; path = UrModel.swift; sourceTree = "<group>"; };
		DC2CEF0E2C88F30F00023B0C /* UrCoach (local).app */ = {isa = PBXFileReference; explicitFileType = wrapper.application; includeInIndex = 0; path = "UrCoach (local).app"; sourceTree = BUILT_PRODUCTS_DIR; };
		DC358F322C85155E007BD6A3 /* Help.md */ = {isa = PBXFileReference; fileEncoding = 4; lastKnownFileType = net.daringfireball.markdown; path = Help.md; sourceTree = "<group>"; };
		DC729E8A2C7A428800193A2E /* SolutionDBClient.swift */ = {isa = PBXFileReference; fileEncoding = 4; lastKnownFileType = sourcecode.swift; path = SolutionDBClient.swift; sourceTree = "<group>"; };
		DC729E8B2C7A428800193A2E /* AWSConfig.swift */ = {isa = PBXFileReference; fileEncoding = 4; lastKnownFileType = sourcecode.swift; path = AWSConfig.swift; sourceTree = "<group>"; };
		DC729E8C2C7A428800193A2E /* DynamoNode.swift */ = {isa = PBXFileReference; fileEncoding = 4; lastKnownFileType = sourcecode.swift; path = DynamoNode.swift; sourceTree = "<group>"; };
		DC729E8E2C7A428800193A2E /* PositionAnalyzer.swift */ = {isa = PBXFileReference; fileEncoding = 4; lastKnownFileType = sourcecode.swift; path = PositionAnalyzer.swift; sourceTree = "<group>"; };
		DC729E942C7A429F00193A2E /* DynamoNodeTests.swift */ = {isa = PBXFileReference; fileEncoding = 4; lastKnownFileType = sourcecode.swift; path = DynamoNodeTests.swift; sourceTree = "<group>"; };
		DC729EA22C7A438400193A2E /* urSolution.data */ = {isa = PBXFileReference; lastKnownFileType = file; path = urSolution.data; sourceTree = "<group>"; };
		DC729EAF2C7A4AAA00193A2E /* Ur Solver.app */ = {isa = PBXFileReference; explicitFileType = wrapper.application; includeInIndex = 0; path = "Ur Solver.app"; sourceTree = BUILT_PRODUCTS_DIR; };
		DC729EB12C7A4AAA00193A2E /* UrSolverApp.swift */ = {isa = PBXFileReference; lastKnownFileType = sourcecode.swift; path = UrSolverApp.swift; sourceTree = "<group>"; };
		DC729EB32C7A4AAA00193A2E /* ContentView.swift */ = {isa = PBXFileReference; lastKnownFileType = sourcecode.swift; path = ContentView.swift; sourceTree = "<group>"; };
		DC729EB52C7A4AAB00193A2E /* Assets.xcassets */ = {isa = PBXFileReference; lastKnownFileType = folder.assetcatalog; path = Assets.xcassets; sourceTree = "<group>"; };
		DC729EC22C7A4BB400193A2E /* DynamoDBGen */ = {isa = PBXFileReference; explicitFileType = "compiled.mach-o.executable"; includeInIndex = 0; path = DynamoDBGen; sourceTree = BUILT_PRODUCTS_DIR; };
		DC729EC92C7A4BC300193A2E /* BufferedTextFile.swift */ = {isa = PBXFileReference; fileEncoding = 4; lastKnownFileType = sourcecode.swift; path = BufferedTextFile.swift; sourceTree = "<group>"; };
		DC729ECA2C7A4BC300193A2E /* DynamoDbFileGenerator.swift */ = {isa = PBXFileReference; fileEncoding = 4; lastKnownFileType = sourcecode.swift; path = DynamoDbFileGenerator.swift; sourceTree = "<group>"; };
		DC729EE32C7A507000193A2E /* PositionAnalyzerTests.swift */ = {isa = PBXFileReference; lastKnownFileType = sourcecode.swift; path = PositionAnalyzerTests.swift; sourceTree = "<group>"; };
		DC729EE52C7A527300193A2E /* Strategy.swift */ = {isa = PBXFileReference; fileEncoding = 4; lastKnownFileType = sourcecode.swift; path = Strategy.swift; sourceTree = "<group>"; };
		DC729EE72C7A53ED00193A2E /* GameModel.swift */ = {isa = PBXFileReference; fileEncoding = 4; lastKnownFileType = sourcecode.swift; path = GameModel.swift; sourceTree = "<group>"; };
		DC729EF42C7A580E00193A2E /* Tournament.swift */ = {isa = PBXFileReference; lastKnownFileType = sourcecode.swift; path = Tournament.swift; sourceTree = "<group>"; };
		DC729F112C7A6B7100193A2E /* Tournament */ = {isa = PBXFileReference; explicitFileType = "compiled.mach-o.executable"; includeInIndex = 0; path = Tournament; sourceTree = BUILT_PRODUCTS_DIR; };
		DC729F1F2C7A840300193A2E /* SolutionDB.swift */ = {isa = PBXFileReference; lastKnownFileType = sourcecode.swift; path = SolutionDB.swift; sourceTree = "<group>"; };
		DC89A5832C7A40F5005D0269 /* CoreTests.xctest */ = {isa = PBXFileReference; explicitFileType = wrapper.cfbundle; includeInIndex = 0; path = CoreTests.xctest; sourceTree = BUILT_PRODUCTS_DIR; };
		DC89A5922C7A410A005D0269 /* GamePosition.swift */ = {isa = PBXFileReference; fileEncoding = 4; lastKnownFileType = sourcecode.swift; path = GamePosition.swift; sourceTree = "<group>"; };
		DC89A5932C7A410A005D0269 /* Solver.swift */ = {isa = PBXFileReference; fileEncoding = 4; lastKnownFileType = sourcecode.swift; path = Solver.swift; sourceTree = "<group>"; };
		DC89A5942C7A410A005D0269 /* Ur.swift */ = {isa = PBXFileReference; fileEncoding = 4; lastKnownFileType = sourcecode.swift; path = Ur.swift; sourceTree = "<group>"; };
		DC89A5952C7A410A005D0269 /* PositionValuesBuilder.swift */ = {isa = PBXFileReference; fileEncoding = 4; lastKnownFileType = sourcecode.swift; path = PositionValuesBuilder.swift; sourceTree = "<group>"; };
		DC89A5962C7A410A005D0269 /* PositionValues.swift */ = {isa = PBXFileReference; fileEncoding = 4; lastKnownFileType = sourcecode.swift; path = PositionValues.swift; sourceTree = "<group>"; };
		DC89A5972C7A410A005D0269 /* SafeCounts.swift */ = {isa = PBXFileReference; fileEncoding = 4; lastKnownFileType = sourcecode.swift; path = SafeCounts.swift; sourceTree = "<group>"; };
		DC89A5982C7A410A005D0269 /* PlayerPosition.swift */ = {isa = PBXFileReference; fileEncoding = 4; lastKnownFileType = sourcecode.swift; path = PlayerPosition.swift; sourceTree = "<group>"; };
		DC89A5A12C7A413B005D0269 /* PlayerPositionTests.swift */ = {isa = PBXFileReference; fileEncoding = 4; lastKnownFileType = sourcecode.swift; path = PlayerPositionTests.swift; sourceTree = "<group>"; };
		DC89A5A22C7A413B005D0269 /* PositionValuesBuilderTests.swift */ = {isa = PBXFileReference; fileEncoding = 4; lastKnownFileType = sourcecode.swift; path = PositionValuesBuilderTests.swift; sourceTree = "<group>"; };
		DC89A5A32C7A413B005D0269 /* TestUtils.swift */ = {isa = PBXFileReference; fileEncoding = 4; lastKnownFileType = sourcecode.swift; path = TestUtils.swift; sourceTree = "<group>"; };
		DC89A5A42C7A413B005D0269 /* GamePositionTests.swift */ = {isa = PBXFileReference; fileEncoding = 4; lastKnownFileType = sourcecode.swift; path = GamePositionTests.swift; sourceTree = "<group>"; };
		DC8E71DC2C866A06009DE9CE /* Info.plist */ = {isa = PBXFileReference; lastKnownFileType = text.plist; path = Info.plist; sourceTree = "<group>"; };
		DC96FB562C7E0D2100ECB509 /* BoardPositions.swift */ = {isa = PBXFileReference; lastKnownFileType = sourcecode.swift; path = BoardPositions.swift; sourceTree = "<group>"; };
		DCA00C442C7AAF6600C9E1D2 /* GameModelTests.swift */ = {isa = PBXFileReference; lastKnownFileType = sourcecode.swift; path = GameModelTests.swift; sourceTree = "<group>"; };
		DCA00C462C7AB20700C9E1D2 /* SafeCountsTests.swift */ = {isa = PBXFileReference; lastKnownFileType = sourcecode.swift; path = SafeCountsTests.swift; sourceTree = "<group>"; };
		DCA00C482C7B942600C9E1D2 /* CloudDBClientTests.swift */ = {isa = PBXFileReference; lastKnownFileType = sourcecode.swift; path = CloudDBClientTests.swift; sourceTree = "<group>"; };
		DCA00C4E2C7BCA8500C9E1D2 /* Ur Coach.app */ = {isa = PBXFileReference; explicitFileType = wrapper.application; includeInIndex = 0; path = "Ur Coach.app"; sourceTree = BUILT_PRODUCTS_DIR; };
		DCA00C502C7BCA8500C9E1D2 /* UrCoachApp.swift */ = {isa = PBXFileReference; lastKnownFileType = sourcecode.swift; path = UrCoachApp.swift; sourceTree = "<group>"; };
		DCA00C542C7BCA8600C9E1D2 /* Assets.xcassets */ = {isa = PBXFileReference; lastKnownFileType = folder.assetcatalog; path = Assets.xcassets; sourceTree = "<group>"; };
		DCA00C692C7CC0BE00C9E1D2 /* GameScene.swift */ = {isa = PBXFileReference; lastKnownFileType = sourcecode.swift; path = GameScene.swift; sourceTree = "<group>"; };
		DCBDB9A32C836E2200667654 /* UrSolver.entitlements */ = {isa = PBXFileReference; lastKnownFileType = text.plist.entitlements; path = UrSolver.entitlements; sourceTree = "<group>"; };
/* End PBXFileReference section */

/* Begin PBXFrameworksBuildPhase section */
		DC2CEF002C88F30F00023B0C /* Frameworks */ = {
			isa = PBXFrameworksBuildPhase;
			buildActionMask = 2147483647;
			files = (
				DC2CEF012C88F30F00023B0C /* UtiliKit in Frameworks */,
				DC2CEF022C88F30F00023B0C /* UtiliKit in Frameworks */,
				DC2CEF032C88F30F00023B0C /* UtiliKit in Frameworks */,
				DC2CEF042C88F30F00023B0C /* UtiliKit in Frameworks */,
				DC2CEF052C88F30F00023B0C /* UtiliKit in Frameworks */,
				DC2CEF062C88F30F00023B0C /* CheckersKit in Frameworks */,
			);
			runOnlyForDeploymentPostprocessing = 0;
		};
		DC729EAC2C7A4AAA00193A2E /* Frameworks */ = {
			isa = PBXFrameworksBuildPhase;
			buildActionMask = 2147483647;
			files = (
				DC8E71F42C877B70009DE9CE /* UtiliKit in Frameworks */,
			);
			runOnlyForDeploymentPostprocessing = 0;
		};
		DC729EBF2C7A4BB400193A2E /* Frameworks */ = {
			isa = PBXFrameworksBuildPhase;
			buildActionMask = 2147483647;
			files = (
				DC8E71EC2C877B59009DE9CE /* UtiliKit in Frameworks */,
			);
			runOnlyForDeploymentPostprocessing = 0;
		};
		DC729F0E2C7A6B7100193A2E /* Frameworks */ = {
			isa = PBXFrameworksBuildPhase;
			buildActionMask = 2147483647;
			files = (
				DC8E71EE2C877B60009DE9CE /* CheckersKit in Frameworks */,
				DC8E71F02C877B60009DE9CE /* UtiliKit in Frameworks */,
			);
			runOnlyForDeploymentPostprocessing = 0;
		};
		DC89A5802C7A40F5005D0269 /* Frameworks */ = {
			isa = PBXFrameworksBuildPhase;
			buildActionMask = 2147483647;
			files = (
				DC8E71E82C877B50009DE9CE /* CheckersKit in Frameworks */,
				DC8E71EA2C877B50009DE9CE /* UtiliKit in Frameworks */,
			);
			runOnlyForDeploymentPostprocessing = 0;
		};
		DCA00C4B2C7BCA8500C9E1D2 /* Frameworks */ = {
			isa = PBXFrameworksBuildPhase;
			buildActionMask = 2147483647;
			files = (
				DC28E0502C7E0B6E00C0FD2C /* UtiliKit in Frameworks */,
				DC96FB552C7E0CCB00ECB509 /* UtiliKit in Frameworks */,
				DCA00C972C7E07B700C9E1D2 /* UtiliKit in Frameworks */,
				DC28E04E2C7E0B4100C0FD2C /* UtiliKit in Frameworks */,
				DC96FB522C7E0C0700ECB509 /* UtiliKit in Frameworks */,
				DC8E71F22C877B68009DE9CE /* CheckersKit in Frameworks */,
			);
			runOnlyForDeploymentPostprocessing = 0;
		};
/* End PBXFrameworksBuildPhase section */

/* Begin PBXGroup section */
		DC729EA12C7A436F00193A2E /* Resources */ = {
			isa = PBXGroup;
			children = (
				DC358F322C85155E007BD6A3 /* Help.md */,
				DC729EA22C7A438400193A2E /* urSolution.data */,
			);
			path = Resources;
			sourceTree = "<group>";
		};
		DC729EB02C7A4AAA00193A2E /* UrSolver */ = {
			isa = PBXGroup;
			children = (
				DC729EB52C7A4AAB00193A2E /* Assets.xcassets */,
				DC729EB32C7A4AAA00193A2E /* ContentView.swift */,
				DCBDB9A32C836E2200667654 /* UrSolver.entitlements */,
				DC729EB12C7A4AAA00193A2E /* UrSolverApp.swift */,
			);
			path = UrSolver;
			sourceTree = "<group>";
		};
		DC729EC32C7A4BB400193A2E /* DynamoDBGen */ = {
			isa = PBXGroup;
			children = (
				DC729EC92C7A4BC300193A2E /* BufferedTextFile.swift */,
				DC729ECA2C7A4BC300193A2E /* DynamoDbFileGenerator.swift */,
			);
			path = DynamoDBGen;
			sourceTree = "<group>";
		};
		DC729ECF2C7A4CD700193A2E /* Frameworks */ = {
			isa = PBXGroup;
			children = (
			);
			name = Frameworks;
			sourceTree = "<group>";
		};
		DC729F122C7A6B7100193A2E /* Tournament */ = {
			isa = PBXGroup;
			children = (
				DC729EE52C7A527300193A2E /* Strategy.swift */,
				DC729EF42C7A580E00193A2E /* Tournament.swift */,
			);
			path = Tournament;
			sourceTree = "<group>";
		};
		DC89A56F2C7A40E1005D0269 = {
			isa = PBXGroup;
			children = (
				DC89A57D2C7A40F5005D0269 /* Core */,
				DC89A5872C7A40F5005D0269 /* CoreTests */,
				DC729EC32C7A4BB400193A2E /* DynamoDBGen */,
				DC729ECF2C7A4CD700193A2E /* Frameworks */,
				DC89A57C2C7A40F5005D0269 /* Products */,
				DC729EA12C7A436F00193A2E /* Resources */,
				DC729F122C7A6B7100193A2E /* Tournament */,
				DCA00C4F2C7BCA8500C9E1D2 /* UrCoach */,
				DC729EB02C7A4AAA00193A2E /* UrSolver */,
			);
			sourceTree = "<group>";
		};
		DC89A57C2C7A40F5005D0269 /* Products */ = {
			isa = PBXGroup;
			children = (
				DC89A5832C7A40F5005D0269 /* CoreTests.xctest */,
				DC729EAF2C7A4AAA00193A2E /* Ur Solver.app */,
				DC729EC22C7A4BB400193A2E /* DynamoDBGen */,
				DC729F112C7A6B7100193A2E /* Tournament */,
				DCA00C4E2C7BCA8500C9E1D2 /* Ur Coach.app */,
				DC2CEF0E2C88F30F00023B0C /* UrCoach (local).app */,
			);
			name = Products;
			sourceTree = "<group>";
		};
		DC89A57D2C7A40F5005D0269 /* Core */ = {
			isa = PBXGroup;
			children = (
				DC729E8B2C7A428800193A2E /* AWSConfig.swift */,
				DC729E8C2C7A428800193A2E /* DynamoNode.swift */,
				DC729EE72C7A53ED00193A2E /* GameModel.swift */,
				DC89A5922C7A410A005D0269 /* GamePosition.swift */,
				DC89A5982C7A410A005D0269 /* PlayerPosition.swift */,
				DC729E8E2C7A428800193A2E /* PositionAnalyzer.swift */,
				DC89A5962C7A410A005D0269 /* PositionValues.swift */,
				DC89A5952C7A410A005D0269 /* PositionValuesBuilder.swift */,
				DC89A5972C7A410A005D0269 /* SafeCounts.swift */,
				DC729F1F2C7A840300193A2E /* SolutionDB.swift */,
				DC729E8A2C7A428800193A2E /* SolutionDBClient.swift */,
				DC89A5932C7A410A005D0269 /* Solver.swift */,
				DC89A5942C7A410A005D0269 /* Ur.swift */,
			);
			path = Core;
			sourceTree = "<group>";
		};
		DC89A5872C7A40F5005D0269 /* CoreTests */ = {
			isa = PBXGroup;
			children = (
				DCA00C482C7B942600C9E1D2 /* CloudDBClientTests.swift */,
				DC729E942C7A429F00193A2E /* DynamoNodeTests.swift */,
				DCA00C442C7AAF6600C9E1D2 /* GameModelTests.swift */,
				DC89A5A42C7A413B005D0269 /* GamePositionTests.swift */,
				DC89A5A12C7A413B005D0269 /* PlayerPositionTests.swift */,
				DC729EE32C7A507000193A2E /* PositionAnalyzerTests.swift */,
				DC89A5A22C7A413B005D0269 /* PositionValuesBuilderTests.swift */,
				DCA00C462C7AB20700C9E1D2 /* SafeCountsTests.swift */,
				DC89A5A32C7A413B005D0269 /* TestUtils.swift */,
			);
			path = CoreTests;
			sourceTree = "<group>";
		};
		DCA00C4F2C7BCA8500C9E1D2 /* UrCoach */ = {
			isa = PBXGroup;
			children = (
				DC8E71DC2C866A06009DE9CE /* Info.plist */,
				DCA00C542C7BCA8600C9E1D2 /* Assets.xcassets */,
				DC96FB562C7E0D2100ECB509 /* BoardPositions.swift */,
				DCA00C692C7CC0BE00C9E1D2 /* GameScene.swift */,
				DCA00C502C7BCA8500C9E1D2 /* UrCoachApp.swift */,
				DC1D07402C7E5D31000B7D5B /* UrModel.swift */,
			);
			path = UrCoach;
			sourceTree = "<group>";
		};
/* End PBXGroup section */

/* Begin PBXNativeTarget section */
		DC2CEEE92C88F30F00023B0C /* UrCoach (local) */ = {
			isa = PBXNativeTarget;
			buildConfigurationList = DC2CEF0B2C88F30F00023B0C /* Build configuration list for PBXNativeTarget "UrCoach (local)" */;
			buildPhases = (
				DC2CEEF12C88F30F00023B0C /* Sources */,
				DC2CEF002C88F30F00023B0C /* Frameworks */,
				DC2CEF072C88F30F00023B0C /* Resources */,
			);
			buildRules = (
			);
			dependencies = (
			);
			name = "UrCoach (local)";
			packageProductDependencies = (
				DC2CEEEA2C88F30F00023B0C /* UtiliKit */,
				DC2CEEEB2C88F30F00023B0C /* UtiliKit */,
				DC2CEEEC2C88F30F00023B0C /* UtiliKit */,
				DC2CEEED2C88F30F00023B0C /* UtiliKit */,
				DC2CEEEE2C88F30F00023B0C /* UtiliKit */,
				DC2CEEEF2C88F30F00023B0C /* CheckersKit */,
			);
			productName = UrCoach;
			productReference = DC2CEF0E2C88F30F00023B0C /* UrCoach (local).app */;
			productType = "com.apple.product-type.application";
		};
		DC729EAE2C7A4AAA00193A2E /* UrSolver */ = {
			isa = PBXNativeTarget;
			buildConfigurationList = DC729EBB2C7A4AAB00193A2E /* Build configuration list for PBXNativeTarget "UrSolver" */;
			buildPhases = (
				DC729EAB2C7A4AAA00193A2E /* Sources */,
				DC729EAC2C7A4AAA00193A2E /* Frameworks */,
				DC729EAD2C7A4AAA00193A2E /* Resources */,
				DC729ED42C7A4CD700193A2E /* Embed Frameworks */,
			);
			buildRules = (
			);
			dependencies = (
			);
			name = UrSolver;
			packageProductDependencies = (
				DC8E71F32C877B70009DE9CE /* UtiliKit */,
			);
			productName = Solver;
			productReference = DC729EAF2C7A4AAA00193A2E /* Ur Solver.app */;
			productType = "com.apple.product-type.application";
		};
		DC729EC12C7A4BB400193A2E /* DynamoDBGen */ = {
			isa = PBXNativeTarget;
			buildConfigurationList = DC729EC62C7A4BB400193A2E /* Build configuration list for PBXNativeTarget "DynamoDBGen" */;
			buildPhases = (
				DC729EBE2C7A4BB400193A2E /* Sources */,
				DC729EBF2C7A4BB400193A2E /* Frameworks */,
				DC729EC02C7A4BB400193A2E /* CopyFiles */,
				DC729EDD2C7A4CDE00193A2E /* Embed Frameworks */,
			);
			buildRules = (
			);
			dependencies = (
			);
			name = DynamoDBGen;
			packageProductDependencies = (
				DC8E71EB2C877B59009DE9CE /* UtiliKit */,
			);
			productName = DynamoDBGen;
			productReference = DC729EC22C7A4BB400193A2E /* DynamoDBGen */;
			productType = "com.apple.product-type.tool";
		};
		DC729F102C7A6B7100193A2E /* Tournament */ = {
			isa = PBXNativeTarget;
			buildConfigurationList = DC729F152C7A6B7100193A2E /* Build configuration list for PBXNativeTarget "Tournament" */;
			buildPhases = (
				DC729F0D2C7A6B7100193A2E /* Sources */,
				DC729F0E2C7A6B7100193A2E /* Frameworks */,
				DC729F0F2C7A6B7100193A2E /* CopyFiles */,
				DC729F1D2C7A6BA300193A2E /* Embed Frameworks */,
			);
			buildRules = (
			);
			dependencies = (
			);
			name = Tournament;
			packageProductDependencies = (
				DC8E71ED2C877B60009DE9CE /* CheckersKit */,
				DC8E71EF2C877B60009DE9CE /* UtiliKit */,
			);
			productName = Tournament;
			productReference = DC729F112C7A6B7100193A2E /* Tournament */;
			productType = "com.apple.product-type.tool";
		};
		DC89A5822C7A40F5005D0269 /* CoreTests */ = {
			isa = PBXNativeTarget;
			buildConfigurationList = DC89A58E2C7A40F5005D0269 /* Build configuration list for PBXNativeTarget "CoreTests" */;
			buildPhases = (
				DC89A57F2C7A40F5005D0269 /* Sources */,
				DC89A5802C7A40F5005D0269 /* Frameworks */,
				DC89A5812C7A40F5005D0269 /* Resources */,
				DC729F092C7A687B00193A2E /* CopyFiles */,
			);
			buildRules = (
			);
			dependencies = (
			);
			name = CoreTests;
			packageProductDependencies = (
				DC8E71E72C877B50009DE9CE /* CheckersKit */,
				DC8E71E92C877B50009DE9CE /* UtiliKit */,
			);
			productName = UrCoreTests;
			productReference = DC89A5832C7A40F5005D0269 /* CoreTests.xctest */;
			productType = "com.apple.product-type.bundle.unit-test";
		};
		DCA00C4D2C7BCA8500C9E1D2 /* UrCoach */ = {
			isa = PBXNativeTarget;
			buildConfigurationList = DCA00C5B2C7BCA8600C9E1D2 /* Build configuration list for PBXNativeTarget "UrCoach" */;
			buildPhases = (
				DCA00C4A2C7BCA8500C9E1D2 /* Sources */,
				DCA00C4B2C7BCA8500C9E1D2 /* Frameworks */,
				DCA00C4C2C7BCA8500C9E1D2 /* Resources */,
			);
			buildRules = (
			);
			dependencies = (
			);
			name = UrCoach;
			packageProductDependencies = (
				DCA00C962C7E07B700C9E1D2 /* UtiliKit */,
				DC28E04D2C7E0B4100C0FD2C /* UtiliKit */,
				DC28E04F2C7E0B6E00C0FD2C /* UtiliKit */,
				DC96FB512C7E0C0700ECB509 /* UtiliKit */,
				DC96FB542C7E0CCB00ECB509 /* UtiliKit */,
				DC8E71F12C877B68009DE9CE /* CheckersKit */,
			);
			productName = UrCoach;
			productReference = DCA00C4E2C7BCA8500C9E1D2 /* Ur Coach.app */;
			productType = "com.apple.product-type.application";
		};
/* End PBXNativeTarget section */

/* Begin PBXProject section */
		DC89A5702C7A40E1005D0269 /* Project object */ = {
			isa = PBXProject;
			attributes = {
				BuildIndependentTargetsInParallel = 1;
				LastSwiftUpdateCheck = 1540;
				LastUpgradeCheck = 1540;
				TargetAttributes = {
					DC729EAE2C7A4AAA00193A2E = {
						CreatedOnToolsVersion = 15.4;
					};
					DC729EC12C7A4BB400193A2E = {
						CreatedOnToolsVersion = 15.4;
					};
					DC729F102C7A6B7100193A2E = {
						CreatedOnToolsVersion = 15.4;
					};
					DC89A5822C7A40F5005D0269 = {
						CreatedOnToolsVersion = 15.4;
					};
					DCA00C4D2C7BCA8500C9E1D2 = {
						CreatedOnToolsVersion = 15.4;
					};
				};
			};
			buildConfigurationList = DC89A5732C7A40E1005D0269 /* Build configuration list for PBXProject "UrCoach" */;
			compatibilityVersion = "Xcode 14.0";
			developmentRegion = en;
			hasScannedForEncodings = 0;
			knownRegions = (
				en,
				Base,
			);
			mainGroup = DC89A56F2C7A40E1005D0269;
			packageReferences = (
				DC8E71E52C877B1C009DE9CE /* XCRemoteSwiftPackageReference "CheckersKit" */,
				DC8E71E62C877B43009DE9CE /* XCRemoteSwiftPackageReference "UtiliKit" */,
			);
			productRefGroup = DC89A57C2C7A40F5005D0269 /* Products */;
			projectDirPath = "";
			projectRoot = "";
			targets = (
				DC89A5822C7A40F5005D0269 /* CoreTests */,
				DC729EC12C7A4BB400193A2E /* DynamoDBGen */,
				DC729F102C7A6B7100193A2E /* Tournament */,
				DCA00C4D2C7BCA8500C9E1D2 /* UrCoach */,
				DC2CEEE92C88F30F00023B0C /* UrCoach (local) */,
				DC729EAE2C7A4AAA00193A2E /* UrSolver */,
			);
		};
/* End PBXProject section */

/* Begin PBXResourcesBuildPhase section */
		DC2CEF072C88F30F00023B0C /* Resources */ = {
			isa = PBXResourcesBuildPhase;
			buildActionMask = 2147483647;
			files = (
				DC2CEF082C88F30F00023B0C /* urSolution.data in Resources */,
				DC2CEF092C88F30F00023B0C /* Help.md in Resources */,
				DC2CEF0A2C88F30F00023B0C /* Assets.xcassets in Resources */,
			);
			runOnlyForDeploymentPostprocessing = 0;
		};
		DC729EAD2C7A4AAA00193A2E /* Resources */ = {
			isa = PBXResourcesBuildPhase;
			buildActionMask = 2147483647;
			files = (
				DC729EB62C7A4AAB00193A2E /* Assets.xcassets in Resources */,
			);
			runOnlyForDeploymentPostprocessing = 0;
		};
		DC89A5812C7A40F5005D0269 /* Resources */ = {
			isa = PBXResourcesBuildPhase;
			buildActionMask = 2147483647;
			files = (
				DC358F342C85155E007BD6A3 /* Help.md in Resources */,
			);
			runOnlyForDeploymentPostprocessing = 0;
		};
		DCA00C4C2C7BCA8500C9E1D2 /* Resources */ = {
			isa = PBXResourcesBuildPhase;
			buildActionMask = 2147483647;
			files = (
				DC358F372C851573007BD6A3 /* Help.md in Resources */,
				DCA00C552C7BCA8600C9E1D2 /* Assets.xcassets in Resources */,
			);
			runOnlyForDeploymentPostprocessing = 0;
		};
/* End PBXResourcesBuildPhase section */

/* Begin PBXSourcesBuildPhase section */
		DC2CEEF12C88F30F00023B0C /* Sources */ = {
			isa = PBXSourcesBuildPhase;
			buildActionMask = 2147483647;
			files = (
				DC2CEEF22C88F30F00023B0C /* GameScene.swift in Sources */,
				DC2CEEF32C88F30F00023B0C /* UrModel.swift in Sources */,
				DC2CEEF42C88F30F00023B0C /* BoardPositions.swift in Sources */,
				DC2CEEF52C88F30F00023B0C /* SolutionDB.swift in Sources */,
				DC2CEEF62C88F30F00023B0C /* AWSConfig.swift in Sources */,
				DC2CEEF72C88F30F00023B0C /* DynamoNode.swift in Sources */,
				DC2CEEF82C88F30F00023B0C /* SolutionDBClient.swift in Sources */,
				DC2CEEF92C88F30F00023B0C /* GamePosition.swift in Sources */,
				DC2CEEFA2C88F30F00023B0C /* GameModel.swift in Sources */,
				DC2CEEFB2C88F30F00023B0C /* PlayerPosition.swift in Sources */,
				DC2CEEFC2C88F30F00023B0C /* PositionValues.swift in Sources */,
				DC2CEEFD2C88F30F00023B0C /* Ur.swift in Sources */,
				DC2CEEFE2C88F30F00023B0C /* PositionAnalyzer.swift in Sources */,
				DC2CEEFF2C88F30F00023B0C /* UrCoachApp.swift in Sources */,
			);
			runOnlyForDeploymentPostprocessing = 0;
		};
		DC729EAB2C7A4AAA00193A2E /* Sources */ = {
			isa = PBXSourcesBuildPhase;
			buildActionMask = 2147483647;
			files = (
				DCBDB99C2C836D9800667654 /* GamePosition.swift in Sources */,
				DCBDB99D2C836D9800667654 /* PlayerPosition.swift in Sources */,
				DCBDB99E2C836D9800667654 /* PositionValues.swift in Sources */,
				DCBDB99F2C836D9800667654 /* Solver.swift in Sources */,
				DCBDB9A02C836D9800667654 /* Ur.swift in Sources */,
				DCBDB9A12C836D9800667654 /* SafeCounts.swift in Sources */,
				DCBDB9A22C836D9800667654 /* PositionValuesBuilder.swift in Sources */,
				DC729EB42C7A4AAA00193A2E /* ContentView.swift in Sources */,
				DC729EB22C7A4AAA00193A2E /* UrSolverApp.swift in Sources */,
			);
			runOnlyForDeploymentPostprocessing = 0;
		};
		DC729EBE2C7A4BB400193A2E /* Sources */ = {
			isa = PBXSourcesBuildPhase;
			buildActionMask = 2147483647;
			files = (
				DCBDB9892C836C8E00667654 /* GamePosition.swift in Sources */,
				DCBDB9912C836D4B00667654 /* AWSConfig.swift in Sources */,
				DCBDB98A2C836C9100667654 /* PlayerPosition.swift in Sources */,
				DC729ECB2C7A4BC300193A2E /* BufferedTextFile.swift in Sources */,
				DCBDB98E2C836CAC00667654 /* SolutionDBClient.swift in Sources */,
				DCBDB98B2C836C9400667654 /* Ur.swift in Sources */,
				DCBDB98C2C836C9700667654 /* PositionValues.swift in Sources */,
				DCBDB98D2C836C9B00667654 /* DynamoNode.swift in Sources */,
				DCBDB9902C836D3800667654 /* PositionAnalyzer.swift in Sources */,
				DC729ECC2C7A4BC300193A2E /* DynamoDbFileGenerator.swift in Sources */,
			);
			runOnlyForDeploymentPostprocessing = 0;
		};
		DC729F0D2C7A6B7100193A2E /* Sources */ = {
			isa = PBXSourcesBuildPhase;
			buildActionMask = 2147483647;
			files = (
				DC729F452C7A8C5E00193A2E /* Strategy.swift in Sources */,
				DCBDB9922C836D7D00667654 /* AWSConfig.swift in Sources */,
				DCBDB9932C836D7D00667654 /* GameModel.swift in Sources */,
				DCBDB9942C836D7D00667654 /* SolutionDBClient.swift in Sources */,
				DCBDB9952C836D7D00667654 /* PositionAnalyzer.swift in Sources */,
				DCBDB9962C836D7D00667654 /* Ur.swift in Sources */,
				DCBDB9972C836D7D00667654 /* SolutionDB.swift in Sources */,
				DCBDB9982C836D7D00667654 /* PositionValues.swift in Sources */,
				DCBDB9992C836D7D00667654 /* GamePosition.swift in Sources */,
				DCBDB99A2C836D7D00667654 /* PlayerPosition.swift in Sources */,
				DCBDB99B2C836D7D00667654 /* DynamoNode.swift in Sources */,
				DC729F182C7A6B7A00193A2E /* Tournament.swift in Sources */,
			);
			runOnlyForDeploymentPostprocessing = 0;
		};
		DC89A57F2C7A40F5005D0269 /* Sources */ = {
			isa = PBXSourcesBuildPhase;
			buildActionMask = 2147483647;
			files = (
				DCBDB9822C836C0A00667654 /* PositionValues.swift in Sources */,
				DC89A5A52C7A413B005D0269 /* PlayerPositionTests.swift in Sources */,
				DC729F0B2C7A68C200193A2E /* DynamoNodeTests.swift in Sources */,
				DCBDB9802C836BF100667654 /* Ur.swift in Sources */,
				DCBDB9812C836C0000667654 /* SolutionDBClient.swift in Sources */,
				DC729F0C2C7A68C200193A2E /* PositionAnalyzerTests.swift in Sources */,
				DC89A5A62C7A413B005D0269 /* PositionValuesBuilderTests.swift in Sources */,
				DCA00C452C7AAF6600C9E1D2 /* GameModelTests.swift in Sources */,
				DCBDB9862C836C5D00667654 /* SafeCounts.swift in Sources */,
				DCBDB97E2C836BD700667654 /* GamePosition.swift in Sources */,
				DCBDB9882C836C7000667654 /* PositionValuesBuilder.swift in Sources */,
				DCBDB9872C836C6900667654 /* GameModel.swift in Sources */,
				DCBDB97F2C836BD700667654 /* PlayerPosition.swift in Sources */,
				DCBDB9832C836C1500667654 /* DynamoNode.swift in Sources */,
				DCBDB9842C836C1D00667654 /* AWSConfig.swift in Sources */,
				DCA00C492C7B942600C9E1D2 /* CloudDBClientTests.swift in Sources */,
				DC89A5A72C7A413B005D0269 /* TestUtils.swift in Sources */,
				DC89A5A82C7A413B005D0269 /* GamePositionTests.swift in Sources */,
				DCBDB9852C836C5600667654 /* PositionAnalyzer.swift in Sources */,
				DCA00C472C7AB20700C9E1D2 /* SafeCountsTests.swift in Sources */,
			);
			runOnlyForDeploymentPostprocessing = 0;
		};
		DCA00C4A2C7BCA8500C9E1D2 /* Sources */ = {
			isa = PBXSourcesBuildPhase;
			buildActionMask = 2147483647;
			files = (
				DCA00C6A2C7CC0BE00C9E1D2 /* GameScene.swift in Sources */,
				DC1D07412C7E5D31000B7D5B /* UrModel.swift in Sources */,
				DC96FB572C7E0D2100ECB509 /* BoardPositions.swift in Sources */,
				DCBDB9A42C836E3F00667654 /* SolutionDB.swift in Sources */,
				DCBDB9A52C836E3F00667654 /* AWSConfig.swift in Sources */,
				DCBDB9A62C836E3F00667654 /* DynamoNode.swift in Sources */,
				DCBDB9A72C836E3F00667654 /* SolutionDBClient.swift in Sources */,
				DCBDB9A82C836E3F00667654 /* GamePosition.swift in Sources */,
				DCBDB9A92C836E3F00667654 /* GameModel.swift in Sources */,
				DCBDB9AA2C836E3F00667654 /* PlayerPosition.swift in Sources */,
				DCBDB9AB2C836E3F00667654 /* PositionValues.swift in Sources */,
				DCBDB9AC2C836E3F00667654 /* Ur.swift in Sources */,
				DCBDB9AD2C836E3F00667654 /* PositionAnalyzer.swift in Sources */,
				DCA00C512C7BCA8500C9E1D2 /* UrCoachApp.swift in Sources */,
			);
			runOnlyForDeploymentPostprocessing = 0;
		};
/* End PBXSourcesBuildPhase section */

/* Begin XCBuildConfiguration section */
		DC2CEF0C2C88F30F00023B0C /* Debug */ = {
			isa = XCBuildConfiguration;
			buildSettings = {
				ALWAYS_SEARCH_USER_PATHS = NO;
				ASSETCATALOG_COMPILER_APPICON_NAME = AppIcon;
				ASSETCATALOG_COMPILER_GENERATE_SWIFT_ASSET_SYMBOL_EXTENSIONS = YES;
				ASSETCATALOG_COMPILER_GLOBAL_ACCENT_COLOR_NAME = AccentColor;
				CLANG_ANALYZER_NONNULL = YES;
				CLANG_ANALYZER_NUMBER_OBJECT_CONVERSION = YES_AGGRESSIVE;
				CLANG_CXX_LANGUAGE_STANDARD = "gnu++20";
				CLANG_ENABLE_MODULES = YES;
				CLANG_ENABLE_OBJC_ARC = YES;
				CLANG_ENABLE_OBJC_WEAK = YES;
				CLANG_WARN_BLOCK_CAPTURE_AUTORELEASING = YES;
				CLANG_WARN_BOOL_CONVERSION = YES;
				CLANG_WARN_COMMA = YES;
				CLANG_WARN_CONSTANT_CONVERSION = YES;
				CLANG_WARN_DEPRECATED_OBJC_IMPLEMENTATIONS = YES;
				CLANG_WARN_DIRECT_OBJC_ISA_USAGE = YES_ERROR;
				CLANG_WARN_DOCUMENTATION_COMMENTS = YES;
				CLANG_WARN_EMPTY_BODY = YES;
				CLANG_WARN_ENUM_CONVERSION = YES;
				CLANG_WARN_INFINITE_RECURSION = YES;
				CLANG_WARN_INT_CONVERSION = YES;
				CLANG_WARN_NON_LITERAL_NULL_CONVERSION = YES;
				CLANG_WARN_OBJC_IMPLICIT_RETAIN_SELF = YES;
				CLANG_WARN_OBJC_LITERAL_CONVERSION = YES;
				CLANG_WARN_OBJC_ROOT_CLASS = YES_ERROR;
				CLANG_WARN_QUOTED_INCLUDE_IN_FRAMEWORK_HEADER = YES;
				CLANG_WARN_RANGE_LOOP_ANALYSIS = YES;
				CLANG_WARN_STRICT_PROTOTYPES = YES;
				CLANG_WARN_SUSPICIOUS_MOVE = YES;
				CLANG_WARN_UNGUARDED_AVAILABILITY = YES_AGGRESSIVE;
				CLANG_WARN_UNREACHABLE_CODE = YES;
				CLANG_WARN__DUPLICATE_METHOD_MATCH = YES;
				CODE_SIGN_STYLE = Automatic;
				COPY_PHASE_STRIP = NO;
				CURRENT_PROJECT_VERSION = 1;
				DEBUG_INFORMATION_FORMAT = dwarf;
				DEVELOPMENT_ASSET_PATHS = "";
				DEVELOPMENT_TEAM = 6X2P4HJBQW;
				ENABLE_PREVIEWS = YES;
				ENABLE_STRICT_OBJC_MSGSEND = YES;
				ENABLE_TESTABILITY = YES;
				ENABLE_USER_SCRIPT_SANDBOXING = YES;
				GCC_C_LANGUAGE_STANDARD = gnu17;
				GCC_DYNAMIC_NO_PIC = NO;
				GCC_NO_COMMON_BLOCKS = YES;
				GCC_OPTIMIZATION_LEVEL = 0;
				GCC_PREPROCESSOR_DEFINITIONS = (
					"DEBUG=1",
					"$(inherited)",
				);
				GCC_WARN_64_TO_32_BIT_CONVERSION = YES;
				GCC_WARN_ABOUT_RETURN_TYPE = YES_ERROR;
				GCC_WARN_UNDECLARED_SELECTOR = YES;
				GCC_WARN_UNINITIALIZED_AUTOS = YES_AGGRESSIVE;
				GCC_WARN_UNUSED_FUNCTION = YES;
				GCC_WARN_UNUSED_VARIABLE = YES;
				GENERATE_INFOPLIST_FILE = YES;
				INFOPLIST_FILE = UrCoach/Info.plist;
				INFOPLIST_KEY_UIApplicationSceneManifest_Generation = YES;
				INFOPLIST_KEY_UIApplicationSupportsIndirectInputEvents = YES;
				INFOPLIST_KEY_UISupportedInterfaceOrientations_iPad = "UIInterfaceOrientationPortrait UIInterfaceOrientationPortraitUpsideDown UIInterfaceOrientationLandscapeLeft UIInterfaceOrientationLandscapeRight";
				INFOPLIST_KEY_UISupportedInterfaceOrientations_iPhone = UIInterfaceOrientationPortrait;
				IPHONEOS_DEPLOYMENT_TARGET = 17.5;
				LD_RUNPATH_SEARCH_PATHS = (
					"$(inherited)",
					"@executable_path/Frameworks",
				);
				LOCALIZATION_PREFERS_STRING_CATALOGS = YES;
				MARKETING_VERSION = 1.0;
				MTL_ENABLE_DEBUG_INFO = INCLUDE_SOURCE;
				MTL_FAST_MATH = YES;
				ONLY_ACTIVE_ARCH = YES;
				PRODUCT_BUNDLE_IDENTIFIER = com.stephenbensley.UrCoach;
				PRODUCT_NAME = "$(TARGET_NAME)";
				SDKROOT = iphoneos;
				SWIFT_ACTIVE_COMPILATION_CONDITIONS = "DEBUG USE_LOCAL_SOLUTION";
				SWIFT_EMIT_LOC_STRINGS = YES;
				SWIFT_OPTIMIZATION_LEVEL = "-Onone";
				SWIFT_VERSION = 5.0;
				TARGETED_DEVICE_FAMILY = "1,2";
			};
			name = Debug;
		};
		DC2CEF0D2C88F30F00023B0C /* Release */ = {
			isa = XCBuildConfiguration;
			buildSettings = {
				ALWAYS_SEARCH_USER_PATHS = NO;
				ASSETCATALOG_COMPILER_APPICON_NAME = AppIcon;
				ASSETCATALOG_COMPILER_GENERATE_SWIFT_ASSET_SYMBOL_EXTENSIONS = YES;
				ASSETCATALOG_COMPILER_GLOBAL_ACCENT_COLOR_NAME = AccentColor;
				CLANG_ANALYZER_NONNULL = YES;
				CLANG_ANALYZER_NUMBER_OBJECT_CONVERSION = YES_AGGRESSIVE;
				CLANG_CXX_LANGUAGE_STANDARD = "gnu++20";
				CLANG_ENABLE_MODULES = YES;
				CLANG_ENABLE_OBJC_ARC = YES;
				CLANG_ENABLE_OBJC_WEAK = YES;
				CLANG_WARN_BLOCK_CAPTURE_AUTORELEASING = YES;
				CLANG_WARN_BOOL_CONVERSION = YES;
				CLANG_WARN_COMMA = YES;
				CLANG_WARN_CONSTANT_CONVERSION = YES;
				CLANG_WARN_DEPRECATED_OBJC_IMPLEMENTATIONS = YES;
				CLANG_WARN_DIRECT_OBJC_ISA_USAGE = YES_ERROR;
				CLANG_WARN_DOCUMENTATION_COMMENTS = YES;
				CLANG_WARN_EMPTY_BODY = YES;
				CLANG_WARN_ENUM_CONVERSION = YES;
				CLANG_WARN_INFINITE_RECURSION = YES;
				CLANG_WARN_INT_CONVERSION = YES;
				CLANG_WARN_NON_LITERAL_NULL_CONVERSION = YES;
				CLANG_WARN_OBJC_IMPLICIT_RETAIN_SELF = YES;
				CLANG_WARN_OBJC_LITERAL_CONVERSION = YES;
				CLANG_WARN_OBJC_ROOT_CLASS = YES_ERROR;
				CLANG_WARN_QUOTED_INCLUDE_IN_FRAMEWORK_HEADER = YES;
				CLANG_WARN_RANGE_LOOP_ANALYSIS = YES;
				CLANG_WARN_STRICT_PROTOTYPES = YES;
				CLANG_WARN_SUSPICIOUS_MOVE = YES;
				CLANG_WARN_UNGUARDED_AVAILABILITY = YES_AGGRESSIVE;
				CLANG_WARN_UNREACHABLE_CODE = YES;
				CLANG_WARN__DUPLICATE_METHOD_MATCH = YES;
				CODE_SIGN_STYLE = Automatic;
				COPY_PHASE_STRIP = NO;
				CURRENT_PROJECT_VERSION = 1;
				DEBUG_INFORMATION_FORMAT = "dwarf-with-dsym";
				DEVELOPMENT_ASSET_PATHS = "";
				DEVELOPMENT_TEAM = 6X2P4HJBQW;
				ENABLE_NS_ASSERTIONS = NO;
				ENABLE_PREVIEWS = YES;
				ENABLE_STRICT_OBJC_MSGSEND = YES;
				ENABLE_USER_SCRIPT_SANDBOXING = YES;
				GCC_C_LANGUAGE_STANDARD = gnu17;
				GCC_NO_COMMON_BLOCKS = YES;
				GCC_WARN_64_TO_32_BIT_CONVERSION = YES;
				GCC_WARN_ABOUT_RETURN_TYPE = YES_ERROR;
				GCC_WARN_UNDECLARED_SELECTOR = YES;
				GCC_WARN_UNINITIALIZED_AUTOS = YES_AGGRESSIVE;
				GCC_WARN_UNUSED_FUNCTION = YES;
				GCC_WARN_UNUSED_VARIABLE = YES;
				GENERATE_INFOPLIST_FILE = YES;
				INFOPLIST_FILE = UrCoach/Info.plist;
				INFOPLIST_KEY_UIApplicationSceneManifest_Generation = YES;
				INFOPLIST_KEY_UIApplicationSupportsIndirectInputEvents = YES;
				INFOPLIST_KEY_UISupportedInterfaceOrientations_iPad = "UIInterfaceOrientationPortrait UIInterfaceOrientationPortraitUpsideDown UIInterfaceOrientationLandscapeLeft UIInterfaceOrientationLandscapeRight";
				INFOPLIST_KEY_UISupportedInterfaceOrientations_iPhone = UIInterfaceOrientationPortrait;
				IPHONEOS_DEPLOYMENT_TARGET = 17.5;
				LD_RUNPATH_SEARCH_PATHS = (
					"$(inherited)",
					"@executable_path/Frameworks",
				);
				LOCALIZATION_PREFERS_STRING_CATALOGS = YES;
				MARKETING_VERSION = 1.0;
				MTL_ENABLE_DEBUG_INFO = NO;
				MTL_FAST_MATH = YES;
				PRODUCT_BUNDLE_IDENTIFIER = com.stephenbensley.UrCoach;
				PRODUCT_NAME = "$(TARGET_NAME)";
				SDKROOT = iphoneos;
				SWIFT_ACTIVE_COMPILATION_CONDITIONS = USE_LOCAL_SOLUTION;
				SWIFT_COMPILATION_MODE = wholemodule;
				SWIFT_EMIT_LOC_STRINGS = YES;
				SWIFT_VERSION = 5.0;
				TARGETED_DEVICE_FAMILY = "1,2";
				VALIDATE_PRODUCT = YES;
			};
			name = Release;
		};
		DC729EBC2C7A4AAB00193A2E /* Debug */ = {
			isa = XCBuildConfiguration;
			buildSettings = {
				ALWAYS_SEARCH_USER_PATHS = NO;
				ASSETCATALOG_COMPILER_APPICON_NAME = AppIcon;
				ASSETCATALOG_COMPILER_GENERATE_SWIFT_ASSET_SYMBOL_EXTENSIONS = YES;
				ASSETCATALOG_COMPILER_GLOBAL_ACCENT_COLOR_NAME = AccentColor;
				CLANG_ANALYZER_NONNULL = YES;
				CLANG_ANALYZER_NUMBER_OBJECT_CONVERSION = YES_AGGRESSIVE;
				CLANG_CXX_LANGUAGE_STANDARD = "gnu++20";
				CLANG_ENABLE_MODULES = YES;
				CLANG_ENABLE_OBJC_ARC = YES;
				CLANG_ENABLE_OBJC_WEAK = YES;
				CLANG_WARN_BLOCK_CAPTURE_AUTORELEASING = YES;
				CLANG_WARN_BOOL_CONVERSION = YES;
				CLANG_WARN_COMMA = YES;
				CLANG_WARN_CONSTANT_CONVERSION = YES;
				CLANG_WARN_DEPRECATED_OBJC_IMPLEMENTATIONS = YES;
				CLANG_WARN_DIRECT_OBJC_ISA_USAGE = YES_ERROR;
				CLANG_WARN_DOCUMENTATION_COMMENTS = YES;
				CLANG_WARN_EMPTY_BODY = YES;
				CLANG_WARN_ENUM_CONVERSION = YES;
				CLANG_WARN_INFINITE_RECURSION = YES;
				CLANG_WARN_INT_CONVERSION = YES;
				CLANG_WARN_NON_LITERAL_NULL_CONVERSION = YES;
				CLANG_WARN_OBJC_IMPLICIT_RETAIN_SELF = YES;
				CLANG_WARN_OBJC_LITERAL_CONVERSION = YES;
				CLANG_WARN_OBJC_ROOT_CLASS = YES_ERROR;
				CLANG_WARN_QUOTED_INCLUDE_IN_FRAMEWORK_HEADER = YES;
				CLANG_WARN_RANGE_LOOP_ANALYSIS = YES;
				CLANG_WARN_STRICT_PROTOTYPES = YES;
				CLANG_WARN_SUSPICIOUS_MOVE = YES;
				CLANG_WARN_UNGUARDED_AVAILABILITY = YES_AGGRESSIVE;
				CLANG_WARN_UNREACHABLE_CODE = YES;
				CLANG_WARN__DUPLICATE_METHOD_MATCH = YES;
				CODE_SIGN_ENTITLEMENTS = UrSolver/UrSolver.entitlements;
				CODE_SIGN_STYLE = Automatic;
				COMBINE_HIDPI_IMAGES = YES;
				COPY_PHASE_STRIP = NO;
				CURRENT_PROJECT_VERSION = 1;
				DEBUG_INFORMATION_FORMAT = dwarf;
				DEVELOPMENT_ASSET_PATHS = "";
				DEVELOPMENT_TEAM = 6X2P4HJBQW;
				ENABLE_HARDENED_RUNTIME = YES;
				ENABLE_PREVIEWS = YES;
				ENABLE_STRICT_OBJC_MSGSEND = YES;
				ENABLE_TESTABILITY = YES;
				ENABLE_USER_SCRIPT_SANDBOXING = YES;
				GCC_C_LANGUAGE_STANDARD = gnu17;
				GCC_DYNAMIC_NO_PIC = NO;
				GCC_NO_COMMON_BLOCKS = YES;
				GCC_OPTIMIZATION_LEVEL = 0;
				GCC_PREPROCESSOR_DEFINITIONS = (
					"DEBUG=1",
					"$(inherited)",
				);
				GCC_WARN_64_TO_32_BIT_CONVERSION = YES;
				GCC_WARN_ABOUT_RETURN_TYPE = YES_ERROR;
				GCC_WARN_UNDECLARED_SELECTOR = YES;
				GCC_WARN_UNINITIALIZED_AUTOS = YES_AGGRESSIVE;
				GCC_WARN_UNUSED_FUNCTION = YES;
				GCC_WARN_UNUSED_VARIABLE = YES;
				GENERATE_INFOPLIST_FILE = YES;
				INFOPLIST_KEY_NSHumanReadableCopyright = "";
				LD_RUNPATH_SEARCH_PATHS = (
					"$(inherited)",
					"@executable_path/../Frameworks",
				);
				LOCALIZATION_PREFERS_STRING_CATALOGS = YES;
				MACOSX_DEPLOYMENT_TARGET = 14.5;
				MARKETING_VERSION = 1.0.0;
				MTL_ENABLE_DEBUG_INFO = INCLUDE_SOURCE;
				MTL_FAST_MATH = YES;
				ONLY_ACTIVE_ARCH = YES;
				PRODUCT_BUNDLE_IDENTIFIER = com.stephenbensley.UrSolver;
				PRODUCT_NAME = "Ur Solver";
				SDKROOT = macosx;
				SWIFT_ACTIVE_COMPILATION_CONDITIONS = "DEBUG $(inherited)";
				SWIFT_EMIT_LOC_STRINGS = YES;
				SWIFT_OPTIMIZATION_LEVEL = "-Onone";
				SWIFT_VERSION = 5.0;
			};
			name = Debug;
		};
		DC729EBD2C7A4AAB00193A2E /* Release */ = {
			isa = XCBuildConfiguration;
			buildSettings = {
				ALWAYS_SEARCH_USER_PATHS = NO;
				ASSETCATALOG_COMPILER_APPICON_NAME = AppIcon;
				ASSETCATALOG_COMPILER_GENERATE_SWIFT_ASSET_SYMBOL_EXTENSIONS = YES;
				ASSETCATALOG_COMPILER_GLOBAL_ACCENT_COLOR_NAME = AccentColor;
				CLANG_ANALYZER_NONNULL = YES;
				CLANG_ANALYZER_NUMBER_OBJECT_CONVERSION = YES_AGGRESSIVE;
				CLANG_CXX_LANGUAGE_STANDARD = "gnu++20";
				CLANG_ENABLE_MODULES = YES;
				CLANG_ENABLE_OBJC_ARC = YES;
				CLANG_ENABLE_OBJC_WEAK = YES;
				CLANG_WARN_BLOCK_CAPTURE_AUTORELEASING = YES;
				CLANG_WARN_BOOL_CONVERSION = YES;
				CLANG_WARN_COMMA = YES;
				CLANG_WARN_CONSTANT_CONVERSION = YES;
				CLANG_WARN_DEPRECATED_OBJC_IMPLEMENTATIONS = YES;
				CLANG_WARN_DIRECT_OBJC_ISA_USAGE = YES_ERROR;
				CLANG_WARN_DOCUMENTATION_COMMENTS = YES;
				CLANG_WARN_EMPTY_BODY = YES;
				CLANG_WARN_ENUM_CONVERSION = YES;
				CLANG_WARN_INFINITE_RECURSION = YES;
				CLANG_WARN_INT_CONVERSION = YES;
				CLANG_WARN_NON_LITERAL_NULL_CONVERSION = YES;
				CLANG_WARN_OBJC_IMPLICIT_RETAIN_SELF = YES;
				CLANG_WARN_OBJC_LITERAL_CONVERSION = YES;
				CLANG_WARN_OBJC_ROOT_CLASS = YES_ERROR;
				CLANG_WARN_QUOTED_INCLUDE_IN_FRAMEWORK_HEADER = YES;
				CLANG_WARN_RANGE_LOOP_ANALYSIS = YES;
				CLANG_WARN_STRICT_PROTOTYPES = YES;
				CLANG_WARN_SUSPICIOUS_MOVE = YES;
				CLANG_WARN_UNGUARDED_AVAILABILITY = YES_AGGRESSIVE;
				CLANG_WARN_UNREACHABLE_CODE = YES;
				CLANG_WARN__DUPLICATE_METHOD_MATCH = YES;
				CODE_SIGN_ENTITLEMENTS = UrSolver/UrSolver.entitlements;
				CODE_SIGN_STYLE = Automatic;
				COMBINE_HIDPI_IMAGES = YES;
				COPY_PHASE_STRIP = NO;
				CURRENT_PROJECT_VERSION = 1;
				DEBUG_INFORMATION_FORMAT = "dwarf-with-dsym";
				DEVELOPMENT_ASSET_PATHS = "";
				DEVELOPMENT_TEAM = 6X2P4HJBQW;
				ENABLE_HARDENED_RUNTIME = YES;
				ENABLE_NS_ASSERTIONS = NO;
				ENABLE_PREVIEWS = YES;
				ENABLE_STRICT_OBJC_MSGSEND = YES;
				ENABLE_USER_SCRIPT_SANDBOXING = YES;
				GCC_C_LANGUAGE_STANDARD = gnu17;
				GCC_NO_COMMON_BLOCKS = YES;
				GCC_WARN_64_TO_32_BIT_CONVERSION = YES;
				GCC_WARN_ABOUT_RETURN_TYPE = YES_ERROR;
				GCC_WARN_UNDECLARED_SELECTOR = YES;
				GCC_WARN_UNINITIALIZED_AUTOS = YES_AGGRESSIVE;
				GCC_WARN_UNUSED_FUNCTION = YES;
				GCC_WARN_UNUSED_VARIABLE = YES;
				GENERATE_INFOPLIST_FILE = YES;
				INFOPLIST_KEY_NSHumanReadableCopyright = "";
				LD_RUNPATH_SEARCH_PATHS = (
					"$(inherited)",
					"@executable_path/../Frameworks",
				);
				LOCALIZATION_PREFERS_STRING_CATALOGS = YES;
				MACOSX_DEPLOYMENT_TARGET = 14.5;
				MARKETING_VERSION = 1.0.0;
				MTL_ENABLE_DEBUG_INFO = NO;
				MTL_FAST_MATH = YES;
				PRODUCT_BUNDLE_IDENTIFIER = com.stephenbensley.UrSolver;
				PRODUCT_NAME = "Ur Solver";
				SDKROOT = macosx;
				SWIFT_COMPILATION_MODE = wholemodule;
				SWIFT_EMIT_LOC_STRINGS = YES;
				SWIFT_VERSION = 5.0;
			};
			name = Release;
		};
		DC729EC72C7A4BB400193A2E /* Debug */ = {
			isa = XCBuildConfiguration;
			buildSettings = {
				ALWAYS_SEARCH_USER_PATHS = NO;
				ASSETCATALOG_COMPILER_GENERATE_SWIFT_ASSET_SYMBOL_EXTENSIONS = YES;
				CLANG_ANALYZER_NONNULL = YES;
				CLANG_ANALYZER_NUMBER_OBJECT_CONVERSION = YES_AGGRESSIVE;
				CLANG_CXX_LANGUAGE_STANDARD = "gnu++20";
				CLANG_ENABLE_MODULES = YES;
				CLANG_ENABLE_OBJC_ARC = YES;
				CLANG_ENABLE_OBJC_WEAK = YES;
				CLANG_WARN_BLOCK_CAPTURE_AUTORELEASING = YES;
				CLANG_WARN_BOOL_CONVERSION = YES;
				CLANG_WARN_COMMA = YES;
				CLANG_WARN_CONSTANT_CONVERSION = YES;
				CLANG_WARN_DEPRECATED_OBJC_IMPLEMENTATIONS = YES;
				CLANG_WARN_DIRECT_OBJC_ISA_USAGE = YES_ERROR;
				CLANG_WARN_DOCUMENTATION_COMMENTS = YES;
				CLANG_WARN_EMPTY_BODY = YES;
				CLANG_WARN_ENUM_CONVERSION = YES;
				CLANG_WARN_INFINITE_RECURSION = YES;
				CLANG_WARN_INT_CONVERSION = YES;
				CLANG_WARN_NON_LITERAL_NULL_CONVERSION = YES;
				CLANG_WARN_OBJC_IMPLICIT_RETAIN_SELF = YES;
				CLANG_WARN_OBJC_LITERAL_CONVERSION = YES;
				CLANG_WARN_OBJC_ROOT_CLASS = YES_ERROR;
				CLANG_WARN_QUOTED_INCLUDE_IN_FRAMEWORK_HEADER = YES;
				CLANG_WARN_RANGE_LOOP_ANALYSIS = YES;
				CLANG_WARN_STRICT_PROTOTYPES = YES;
				CLANG_WARN_SUSPICIOUS_MOVE = YES;
				CLANG_WARN_UNGUARDED_AVAILABILITY = YES_AGGRESSIVE;
				CLANG_WARN_UNREACHABLE_CODE = YES;
				CLANG_WARN__DUPLICATE_METHOD_MATCH = YES;
				CODE_SIGN_STYLE = Automatic;
				COPY_PHASE_STRIP = NO;
				DEBUG_INFORMATION_FORMAT = dwarf;
				DEVELOPMENT_TEAM = 6X2P4HJBQW;
				ENABLE_HARDENED_RUNTIME = YES;
				ENABLE_STRICT_OBJC_MSGSEND = YES;
				ENABLE_TESTABILITY = YES;
				ENABLE_USER_SCRIPT_SANDBOXING = YES;
				GCC_C_LANGUAGE_STANDARD = gnu17;
				GCC_DYNAMIC_NO_PIC = NO;
				GCC_NO_COMMON_BLOCKS = YES;
				GCC_OPTIMIZATION_LEVEL = 0;
				GCC_PREPROCESSOR_DEFINITIONS = (
					"DEBUG=1",
					"$(inherited)",
				);
				GCC_WARN_64_TO_32_BIT_CONVERSION = YES;
				GCC_WARN_ABOUT_RETURN_TYPE = YES_ERROR;
				GCC_WARN_UNDECLARED_SELECTOR = YES;
				GCC_WARN_UNINITIALIZED_AUTOS = YES_AGGRESSIVE;
				GCC_WARN_UNUSED_FUNCTION = YES;
				GCC_WARN_UNUSED_VARIABLE = YES;
				LOCALIZATION_PREFERS_STRING_CATALOGS = YES;
				MACOSX_DEPLOYMENT_TARGET = 14.5;
				MTL_ENABLE_DEBUG_INFO = INCLUDE_SOURCE;
				MTL_FAST_MATH = YES;
				ONLY_ACTIVE_ARCH = YES;
				PRODUCT_NAME = "$(TARGET_NAME)";
				SDKROOT = macosx;
				SWIFT_ACTIVE_COMPILATION_CONDITIONS = "DEBUG $(inherited)";
				SWIFT_OPTIMIZATION_LEVEL = "-Onone";
				SWIFT_VERSION = 5.0;
			};
			name = Debug;
		};
		DC729EC82C7A4BB400193A2E /* Release */ = {
			isa = XCBuildConfiguration;
			buildSettings = {
				ALWAYS_SEARCH_USER_PATHS = NO;
				ASSETCATALOG_COMPILER_GENERATE_SWIFT_ASSET_SYMBOL_EXTENSIONS = YES;
				CLANG_ANALYZER_NONNULL = YES;
				CLANG_ANALYZER_NUMBER_OBJECT_CONVERSION = YES_AGGRESSIVE;
				CLANG_CXX_LANGUAGE_STANDARD = "gnu++20";
				CLANG_ENABLE_MODULES = YES;
				CLANG_ENABLE_OBJC_ARC = YES;
				CLANG_ENABLE_OBJC_WEAK = YES;
				CLANG_WARN_BLOCK_CAPTURE_AUTORELEASING = YES;
				CLANG_WARN_BOOL_CONVERSION = YES;
				CLANG_WARN_COMMA = YES;
				CLANG_WARN_CONSTANT_CONVERSION = YES;
				CLANG_WARN_DEPRECATED_OBJC_IMPLEMENTATIONS = YES;
				CLANG_WARN_DIRECT_OBJC_ISA_USAGE = YES_ERROR;
				CLANG_WARN_DOCUMENTATION_COMMENTS = YES;
				CLANG_WARN_EMPTY_BODY = YES;
				CLANG_WARN_ENUM_CONVERSION = YES;
				CLANG_WARN_INFINITE_RECURSION = YES;
				CLANG_WARN_INT_CONVERSION = YES;
				CLANG_WARN_NON_LITERAL_NULL_CONVERSION = YES;
				CLANG_WARN_OBJC_IMPLICIT_RETAIN_SELF = YES;
				CLANG_WARN_OBJC_LITERAL_CONVERSION = YES;
				CLANG_WARN_OBJC_ROOT_CLASS = YES_ERROR;
				CLANG_WARN_QUOTED_INCLUDE_IN_FRAMEWORK_HEADER = YES;
				CLANG_WARN_RANGE_LOOP_ANALYSIS = YES;
				CLANG_WARN_STRICT_PROTOTYPES = YES;
				CLANG_WARN_SUSPICIOUS_MOVE = YES;
				CLANG_WARN_UNGUARDED_AVAILABILITY = YES_AGGRESSIVE;
				CLANG_WARN_UNREACHABLE_CODE = YES;
				CLANG_WARN__DUPLICATE_METHOD_MATCH = YES;
				CODE_SIGN_STYLE = Automatic;
				COPY_PHASE_STRIP = NO;
				DEBUG_INFORMATION_FORMAT = "dwarf-with-dsym";
				DEVELOPMENT_TEAM = 6X2P4HJBQW;
				ENABLE_HARDENED_RUNTIME = YES;
				ENABLE_NS_ASSERTIONS = NO;
				ENABLE_STRICT_OBJC_MSGSEND = YES;
				ENABLE_USER_SCRIPT_SANDBOXING = YES;
				GCC_C_LANGUAGE_STANDARD = gnu17;
				GCC_NO_COMMON_BLOCKS = YES;
				GCC_WARN_64_TO_32_BIT_CONVERSION = YES;
				GCC_WARN_ABOUT_RETURN_TYPE = YES_ERROR;
				GCC_WARN_UNDECLARED_SELECTOR = YES;
				GCC_WARN_UNINITIALIZED_AUTOS = YES_AGGRESSIVE;
				GCC_WARN_UNUSED_FUNCTION = YES;
				GCC_WARN_UNUSED_VARIABLE = YES;
				LOCALIZATION_PREFERS_STRING_CATALOGS = YES;
				MACOSX_DEPLOYMENT_TARGET = 14.5;
				MTL_ENABLE_DEBUG_INFO = NO;
				MTL_FAST_MATH = YES;
				PRODUCT_NAME = "$(TARGET_NAME)";
				SDKROOT = macosx;
				SWIFT_COMPILATION_MODE = wholemodule;
				SWIFT_VERSION = 5.0;
			};
			name = Release;
		};
		DC729F162C7A6B7100193A2E /* Debug */ = {
			isa = XCBuildConfiguration;
			buildSettings = {
				ALWAYS_SEARCH_USER_PATHS = NO;
				ASSETCATALOG_COMPILER_GENERATE_SWIFT_ASSET_SYMBOL_EXTENSIONS = YES;
				CLANG_ANALYZER_NONNULL = YES;
				CLANG_ANALYZER_NUMBER_OBJECT_CONVERSION = YES_AGGRESSIVE;
				CLANG_CXX_LANGUAGE_STANDARD = "gnu++20";
				CLANG_ENABLE_MODULES = YES;
				CLANG_ENABLE_OBJC_ARC = YES;
				CLANG_ENABLE_OBJC_WEAK = YES;
				CLANG_WARN_BLOCK_CAPTURE_AUTORELEASING = YES;
				CLANG_WARN_BOOL_CONVERSION = YES;
				CLANG_WARN_COMMA = YES;
				CLANG_WARN_CONSTANT_CONVERSION = YES;
				CLANG_WARN_DEPRECATED_OBJC_IMPLEMENTATIONS = YES;
				CLANG_WARN_DIRECT_OBJC_ISA_USAGE = YES_ERROR;
				CLANG_WARN_DOCUMENTATION_COMMENTS = YES;
				CLANG_WARN_EMPTY_BODY = YES;
				CLANG_WARN_ENUM_CONVERSION = YES;
				CLANG_WARN_INFINITE_RECURSION = YES;
				CLANG_WARN_INT_CONVERSION = YES;
				CLANG_WARN_NON_LITERAL_NULL_CONVERSION = YES;
				CLANG_WARN_OBJC_IMPLICIT_RETAIN_SELF = YES;
				CLANG_WARN_OBJC_LITERAL_CONVERSION = YES;
				CLANG_WARN_OBJC_ROOT_CLASS = YES_ERROR;
				CLANG_WARN_QUOTED_INCLUDE_IN_FRAMEWORK_HEADER = YES;
				CLANG_WARN_RANGE_LOOP_ANALYSIS = YES;
				CLANG_WARN_STRICT_PROTOTYPES = YES;
				CLANG_WARN_SUSPICIOUS_MOVE = YES;
				CLANG_WARN_UNGUARDED_AVAILABILITY = YES_AGGRESSIVE;
				CLANG_WARN_UNREACHABLE_CODE = YES;
				CLANG_WARN__DUPLICATE_METHOD_MATCH = YES;
				CODE_SIGN_STYLE = Automatic;
				COPY_PHASE_STRIP = NO;
				DEBUG_INFORMATION_FORMAT = dwarf;
				DEVELOPMENT_TEAM = 6X2P4HJBQW;
				ENABLE_HARDENED_RUNTIME = YES;
				ENABLE_STRICT_OBJC_MSGSEND = YES;
				ENABLE_TESTABILITY = YES;
				ENABLE_USER_SCRIPT_SANDBOXING = YES;
				GCC_C_LANGUAGE_STANDARD = gnu17;
				GCC_DYNAMIC_NO_PIC = NO;
				GCC_NO_COMMON_BLOCKS = YES;
				GCC_OPTIMIZATION_LEVEL = 0;
				GCC_PREPROCESSOR_DEFINITIONS = (
					"DEBUG=1",
					"$(inherited)",
				);
				GCC_WARN_64_TO_32_BIT_CONVERSION = YES;
				GCC_WARN_ABOUT_RETURN_TYPE = YES_ERROR;
				GCC_WARN_UNDECLARED_SELECTOR = YES;
				GCC_WARN_UNINITIALIZED_AUTOS = YES_AGGRESSIVE;
				GCC_WARN_UNUSED_FUNCTION = YES;
				GCC_WARN_UNUSED_VARIABLE = YES;
				LOCALIZATION_PREFERS_STRING_CATALOGS = YES;
				MACOSX_DEPLOYMENT_TARGET = 14.5;
				MTL_ENABLE_DEBUG_INFO = INCLUDE_SOURCE;
				MTL_FAST_MATH = YES;
				ONLY_ACTIVE_ARCH = YES;
				PRODUCT_NAME = "$(TARGET_NAME)";
				SDKROOT = macosx;
				SWIFT_ACTIVE_COMPILATION_CONDITIONS = "DEBUG $(inherited)";
				SWIFT_OPTIMIZATION_LEVEL = "-Onone";
				SWIFT_VERSION = 5.0;
			};
			name = Debug;
		};
		DC729F172C7A6B7100193A2E /* Release */ = {
			isa = XCBuildConfiguration;
			buildSettings = {
				ALWAYS_SEARCH_USER_PATHS = NO;
				ASSETCATALOG_COMPILER_GENERATE_SWIFT_ASSET_SYMBOL_EXTENSIONS = YES;
				CLANG_ANALYZER_NONNULL = YES;
				CLANG_ANALYZER_NUMBER_OBJECT_CONVERSION = YES_AGGRESSIVE;
				CLANG_CXX_LANGUAGE_STANDARD = "gnu++20";
				CLANG_ENABLE_MODULES = YES;
				CLANG_ENABLE_OBJC_ARC = YES;
				CLANG_ENABLE_OBJC_WEAK = YES;
				CLANG_WARN_BLOCK_CAPTURE_AUTORELEASING = YES;
				CLANG_WARN_BOOL_CONVERSION = YES;
				CLANG_WARN_COMMA = YES;
				CLANG_WARN_CONSTANT_CONVERSION = YES;
				CLANG_WARN_DEPRECATED_OBJC_IMPLEMENTATIONS = YES;
				CLANG_WARN_DIRECT_OBJC_ISA_USAGE = YES_ERROR;
				CLANG_WARN_DOCUMENTATION_COMMENTS = YES;
				CLANG_WARN_EMPTY_BODY = YES;
				CLANG_WARN_ENUM_CONVERSION = YES;
				CLANG_WARN_INFINITE_RECURSION = YES;
				CLANG_WARN_INT_CONVERSION = YES;
				CLANG_WARN_NON_LITERAL_NULL_CONVERSION = YES;
				CLANG_WARN_OBJC_IMPLICIT_RETAIN_SELF = YES;
				CLANG_WARN_OBJC_LITERAL_CONVERSION = YES;
				CLANG_WARN_OBJC_ROOT_CLASS = YES_ERROR;
				CLANG_WARN_QUOTED_INCLUDE_IN_FRAMEWORK_HEADER = YES;
				CLANG_WARN_RANGE_LOOP_ANALYSIS = YES;
				CLANG_WARN_STRICT_PROTOTYPES = YES;
				CLANG_WARN_SUSPICIOUS_MOVE = YES;
				CLANG_WARN_UNGUARDED_AVAILABILITY = YES_AGGRESSIVE;
				CLANG_WARN_UNREACHABLE_CODE = YES;
				CLANG_WARN__DUPLICATE_METHOD_MATCH = YES;
				CODE_SIGN_STYLE = Automatic;
				COPY_PHASE_STRIP = NO;
				DEBUG_INFORMATION_FORMAT = "dwarf-with-dsym";
				DEVELOPMENT_TEAM = 6X2P4HJBQW;
				ENABLE_HARDENED_RUNTIME = YES;
				ENABLE_NS_ASSERTIONS = NO;
				ENABLE_STRICT_OBJC_MSGSEND = YES;
				ENABLE_USER_SCRIPT_SANDBOXING = YES;
				GCC_C_LANGUAGE_STANDARD = gnu17;
				GCC_NO_COMMON_BLOCKS = YES;
				GCC_WARN_64_TO_32_BIT_CONVERSION = YES;
				GCC_WARN_ABOUT_RETURN_TYPE = YES_ERROR;
				GCC_WARN_UNDECLARED_SELECTOR = YES;
				GCC_WARN_UNINITIALIZED_AUTOS = YES_AGGRESSIVE;
				GCC_WARN_UNUSED_FUNCTION = YES;
				GCC_WARN_UNUSED_VARIABLE = YES;
				LOCALIZATION_PREFERS_STRING_CATALOGS = YES;
				MACOSX_DEPLOYMENT_TARGET = 14.5;
				MTL_ENABLE_DEBUG_INFO = NO;
				MTL_FAST_MATH = YES;
				PRODUCT_NAME = "$(TARGET_NAME)";
				SDKROOT = macosx;
				SWIFT_COMPILATION_MODE = wholemodule;
				SWIFT_VERSION = 5.0;
			};
			name = Release;
		};
		DC89A5742C7A40E1005D0269 /* Debug */ = {
			isa = XCBuildConfiguration;
			buildSettings = {
				SWIFT_STRICT_CONCURRENCY = complete;
			};
			name = Debug;
		};
		DC89A5752C7A40E1005D0269 /* Release */ = {
			isa = XCBuildConfiguration;
			buildSettings = {
				SWIFT_STRICT_CONCURRENCY = complete;
			};
			name = Release;
		};
		DC89A58F2C7A40F5005D0269 /* Debug */ = {
			isa = XCBuildConfiguration;
			buildSettings = {
				ALLOW_TARGET_PLATFORM_SPECIALIZATION = YES;
				ALWAYS_EMBED_SWIFT_STANDARD_LIBRARIES = YES;
				ALWAYS_SEARCH_USER_PATHS = NO;
				ASSETCATALOG_COMPILER_GENERATE_SWIFT_ASSET_SYMBOL_EXTENSIONS = YES;
				CLANG_ANALYZER_NONNULL = YES;
				CLANG_ANALYZER_NUMBER_OBJECT_CONVERSION = YES_AGGRESSIVE;
				CLANG_CXX_LANGUAGE_STANDARD = "gnu++20";
				CLANG_ENABLE_MODULES = YES;
				CLANG_ENABLE_OBJC_ARC = YES;
				CLANG_ENABLE_OBJC_WEAK = YES;
				CLANG_WARN_BLOCK_CAPTURE_AUTORELEASING = YES;
				CLANG_WARN_BOOL_CONVERSION = YES;
				CLANG_WARN_COMMA = YES;
				CLANG_WARN_CONSTANT_CONVERSION = YES;
				CLANG_WARN_DEPRECATED_OBJC_IMPLEMENTATIONS = YES;
				CLANG_WARN_DIRECT_OBJC_ISA_USAGE = YES_ERROR;
				CLANG_WARN_DOCUMENTATION_COMMENTS = YES;
				CLANG_WARN_EMPTY_BODY = YES;
				CLANG_WARN_ENUM_CONVERSION = YES;
				CLANG_WARN_INFINITE_RECURSION = YES;
				CLANG_WARN_INT_CONVERSION = YES;
				CLANG_WARN_NON_LITERAL_NULL_CONVERSION = YES;
				CLANG_WARN_OBJC_IMPLICIT_RETAIN_SELF = YES;
				CLANG_WARN_OBJC_LITERAL_CONVERSION = YES;
				CLANG_WARN_OBJC_ROOT_CLASS = YES_ERROR;
				CLANG_WARN_QUOTED_INCLUDE_IN_FRAMEWORK_HEADER = YES;
				CLANG_WARN_RANGE_LOOP_ANALYSIS = YES;
				CLANG_WARN_STRICT_PROTOTYPES = YES;
				CLANG_WARN_SUSPICIOUS_MOVE = YES;
				CLANG_WARN_UNGUARDED_AVAILABILITY = YES_AGGRESSIVE;
				CLANG_WARN_UNREACHABLE_CODE = YES;
				CLANG_WARN__DUPLICATE_METHOD_MATCH = YES;
				CODE_SIGN_STYLE = Automatic;
				COPY_PHASE_STRIP = NO;
				CURRENT_PROJECT_VERSION = 1;
				DEBUG_INFORMATION_FORMAT = dwarf;
				DEVELOPMENT_TEAM = 6X2P4HJBQW;
				ENABLE_STRICT_OBJC_MSGSEND = YES;
				ENABLE_TESTABILITY = YES;
				ENABLE_USER_SCRIPT_SANDBOXING = YES;
				GCC_C_LANGUAGE_STANDARD = gnu17;
				GCC_DYNAMIC_NO_PIC = NO;
				GCC_NO_COMMON_BLOCKS = YES;
				GCC_OPTIMIZATION_LEVEL = 0;
				GCC_PREPROCESSOR_DEFINITIONS = (
					"DEBUG=1",
					"$(inherited)",
				);
				GCC_WARN_64_TO_32_BIT_CONVERSION = YES;
				GCC_WARN_ABOUT_RETURN_TYPE = YES_ERROR;
				GCC_WARN_UNDECLARED_SELECTOR = YES;
				GCC_WARN_UNINITIALIZED_AUTOS = YES_AGGRESSIVE;
				GCC_WARN_UNUSED_FUNCTION = YES;
				GCC_WARN_UNUSED_VARIABLE = YES;
				GENERATE_INFOPLIST_FILE = YES;
				IPHONEOS_DEPLOYMENT_TARGET = 17.5;
				LOCALIZATION_PREFERS_STRING_CATALOGS = YES;
				MACOSX_DEPLOYMENT_TARGET = 14.5;
				MARKETING_VERSION = 1.0;
				MTL_ENABLE_DEBUG_INFO = INCLUDE_SOURCE;
				MTL_FAST_MATH = YES;
				ONLY_ACTIVE_ARCH = YES;
				PRODUCT_BUNDLE_IDENTIFIER = com.stephenbensley.UrCoreTests;
				PRODUCT_NAME = "$(TARGET_NAME)";
				SDKROOT = auto;
				SUPPORTED_PLATFORMS = "iphoneos iphonesimulator macosx";
				SWIFT_ACTIVE_COMPILATION_CONDITIONS = "DEBUG $(inherited)";
				SWIFT_EMIT_LOC_STRINGS = NO;
				SWIFT_OPTIMIZATION_LEVEL = "-Onone";
				SWIFT_VERSION = 5.0;
				TARGETED_DEVICE_FAMILY = "1,2";
			};
			name = Debug;
		};
		DC89A5902C7A40F5005D0269 /* Release */ = {
			isa = XCBuildConfiguration;
			buildSettings = {
				ALLOW_TARGET_PLATFORM_SPECIALIZATION = YES;
				ALWAYS_EMBED_SWIFT_STANDARD_LIBRARIES = YES;
				ALWAYS_SEARCH_USER_PATHS = NO;
				ASSETCATALOG_COMPILER_GENERATE_SWIFT_ASSET_SYMBOL_EXTENSIONS = YES;
				CLANG_ANALYZER_NONNULL = YES;
				CLANG_ANALYZER_NUMBER_OBJECT_CONVERSION = YES_AGGRESSIVE;
				CLANG_CXX_LANGUAGE_STANDARD = "gnu++20";
				CLANG_ENABLE_MODULES = YES;
				CLANG_ENABLE_OBJC_ARC = YES;
				CLANG_ENABLE_OBJC_WEAK = YES;
				CLANG_WARN_BLOCK_CAPTURE_AUTORELEASING = YES;
				CLANG_WARN_BOOL_CONVERSION = YES;
				CLANG_WARN_COMMA = YES;
				CLANG_WARN_CONSTANT_CONVERSION = YES;
				CLANG_WARN_DEPRECATED_OBJC_IMPLEMENTATIONS = YES;
				CLANG_WARN_DIRECT_OBJC_ISA_USAGE = YES_ERROR;
				CLANG_WARN_DOCUMENTATION_COMMENTS = YES;
				CLANG_WARN_EMPTY_BODY = YES;
				CLANG_WARN_ENUM_CONVERSION = YES;
				CLANG_WARN_INFINITE_RECURSION = YES;
				CLANG_WARN_INT_CONVERSION = YES;
				CLANG_WARN_NON_LITERAL_NULL_CONVERSION = YES;
				CLANG_WARN_OBJC_IMPLICIT_RETAIN_SELF = YES;
				CLANG_WARN_OBJC_LITERAL_CONVERSION = YES;
				CLANG_WARN_OBJC_ROOT_CLASS = YES_ERROR;
				CLANG_WARN_QUOTED_INCLUDE_IN_FRAMEWORK_HEADER = YES;
				CLANG_WARN_RANGE_LOOP_ANALYSIS = YES;
				CLANG_WARN_STRICT_PROTOTYPES = YES;
				CLANG_WARN_SUSPICIOUS_MOVE = YES;
				CLANG_WARN_UNGUARDED_AVAILABILITY = YES_AGGRESSIVE;
				CLANG_WARN_UNREACHABLE_CODE = YES;
				CLANG_WARN__DUPLICATE_METHOD_MATCH = YES;
				CODE_SIGN_STYLE = Automatic;
				COPY_PHASE_STRIP = NO;
				CURRENT_PROJECT_VERSION = 1;
				DEBUG_INFORMATION_FORMAT = "dwarf-with-dsym";
				DEVELOPMENT_TEAM = 6X2P4HJBQW;
				ENABLE_NS_ASSERTIONS = NO;
				ENABLE_STRICT_OBJC_MSGSEND = YES;
				ENABLE_USER_SCRIPT_SANDBOXING = YES;
				GCC_C_LANGUAGE_STANDARD = gnu17;
				GCC_NO_COMMON_BLOCKS = YES;
				GCC_WARN_64_TO_32_BIT_CONVERSION = YES;
				GCC_WARN_ABOUT_RETURN_TYPE = YES_ERROR;
				GCC_WARN_UNDECLARED_SELECTOR = YES;
				GCC_WARN_UNINITIALIZED_AUTOS = YES_AGGRESSIVE;
				GCC_WARN_UNUSED_FUNCTION = YES;
				GCC_WARN_UNUSED_VARIABLE = YES;
				GENERATE_INFOPLIST_FILE = YES;
				IPHONEOS_DEPLOYMENT_TARGET = 17.5;
				LOCALIZATION_PREFERS_STRING_CATALOGS = YES;
				MACOSX_DEPLOYMENT_TARGET = 14.5;
				MARKETING_VERSION = 1.0;
				MTL_ENABLE_DEBUG_INFO = NO;
				MTL_FAST_MATH = YES;
				PRODUCT_BUNDLE_IDENTIFIER = com.stephenbensley.UrCoreTests;
				PRODUCT_NAME = "$(TARGET_NAME)";
				SDKROOT = auto;
				SUPPORTED_PLATFORMS = "iphoneos iphonesimulator macosx";
				SWIFT_COMPILATION_MODE = wholemodule;
				SWIFT_EMIT_LOC_STRINGS = NO;
				SWIFT_VERSION = 5.0;
				TARGETED_DEVICE_FAMILY = "1,2";
			};
			name = Release;
		};
		DCA00C592C7BCA8600C9E1D2 /* Debug */ = {
			isa = XCBuildConfiguration;
			buildSettings = {
				ALWAYS_SEARCH_USER_PATHS = NO;
				ASSETCATALOG_COMPILER_APPICON_NAME = AppIcon;
				ASSETCATALOG_COMPILER_GENERATE_SWIFT_ASSET_SYMBOL_EXTENSIONS = YES;
				ASSETCATALOG_COMPILER_GLOBAL_ACCENT_COLOR_NAME = AccentColor;
				CLANG_ANALYZER_NONNULL = YES;
				CLANG_ANALYZER_NUMBER_OBJECT_CONVERSION = YES_AGGRESSIVE;
				CLANG_CXX_LANGUAGE_STANDARD = "gnu++20";
				CLANG_ENABLE_MODULES = YES;
				CLANG_ENABLE_OBJC_ARC = YES;
				CLANG_ENABLE_OBJC_WEAK = YES;
				CLANG_WARN_BLOCK_CAPTURE_AUTORELEASING = YES;
				CLANG_WARN_BOOL_CONVERSION = YES;
				CLANG_WARN_COMMA = YES;
				CLANG_WARN_CONSTANT_CONVERSION = YES;
				CLANG_WARN_DEPRECATED_OBJC_IMPLEMENTATIONS = YES;
				CLANG_WARN_DIRECT_OBJC_ISA_USAGE = YES_ERROR;
				CLANG_WARN_DOCUMENTATION_COMMENTS = YES;
				CLANG_WARN_EMPTY_BODY = YES;
				CLANG_WARN_ENUM_CONVERSION = YES;
				CLANG_WARN_INFINITE_RECURSION = YES;
				CLANG_WARN_INT_CONVERSION = YES;
				CLANG_WARN_NON_LITERAL_NULL_CONVERSION = YES;
				CLANG_WARN_OBJC_IMPLICIT_RETAIN_SELF = YES;
				CLANG_WARN_OBJC_LITERAL_CONVERSION = YES;
				CLANG_WARN_OBJC_ROOT_CLASS = YES_ERROR;
				CLANG_WARN_QUOTED_INCLUDE_IN_FRAMEWORK_HEADER = YES;
				CLANG_WARN_RANGE_LOOP_ANALYSIS = YES;
				CLANG_WARN_STRICT_PROTOTYPES = YES;
				CLANG_WARN_SUSPICIOUS_MOVE = YES;
				CLANG_WARN_UNGUARDED_AVAILABILITY = YES_AGGRESSIVE;
				CLANG_WARN_UNREACHABLE_CODE = YES;
				CLANG_WARN__DUPLICATE_METHOD_MATCH = YES;
				CODE_SIGN_STYLE = Automatic;
				COPY_PHASE_STRIP = NO;
				CURRENT_PROJECT_VERSION = 2;
				DEBUG_INFORMATION_FORMAT = dwarf;
				DEVELOPMENT_ASSET_PATHS = "";
				DEVELOPMENT_TEAM = 6X2P4HJBQW;
				ENABLE_PREVIEWS = YES;
				ENABLE_STRICT_OBJC_MSGSEND = YES;
				ENABLE_TESTABILITY = YES;
				ENABLE_USER_SCRIPT_SANDBOXING = YES;
				GCC_C_LANGUAGE_STANDARD = gnu17;
				GCC_DYNAMIC_NO_PIC = NO;
				GCC_NO_COMMON_BLOCKS = YES;
				GCC_OPTIMIZATION_LEVEL = 0;
				GCC_PREPROCESSOR_DEFINITIONS = (
					"DEBUG=1",
					"$(inherited)",
				);
				GCC_WARN_64_TO_32_BIT_CONVERSION = YES;
				GCC_WARN_ABOUT_RETURN_TYPE = YES_ERROR;
				GCC_WARN_UNDECLARED_SELECTOR = YES;
				GCC_WARN_UNINITIALIZED_AUTOS = YES_AGGRESSIVE;
				GCC_WARN_UNUSED_FUNCTION = YES;
				GCC_WARN_UNUSED_VARIABLE = YES;
				GENERATE_INFOPLIST_FILE = YES;
				INFOPLIST_FILE = UrCoach/Info.plist;
				INFOPLIST_KEY_UIApplicationSceneManifest_Generation = YES;
				INFOPLIST_KEY_UIApplicationSupportsIndirectInputEvents = YES;
				INFOPLIST_KEY_UISupportedInterfaceOrientations_iPad = "UIInterfaceOrientationPortrait UIInterfaceOrientationPortraitUpsideDown UIInterfaceOrientationLandscapeLeft UIInterfaceOrientationLandscapeRight";
				INFOPLIST_KEY_UISupportedInterfaceOrientations_iPhone = UIInterfaceOrientationPortrait;
				IPHONEOS_DEPLOYMENT_TARGET = 17.5;
				LD_RUNPATH_SEARCH_PATHS = (
					"$(inherited)",
					"@executable_path/Frameworks",
				);
				LOCALIZATION_PREFERS_STRING_CATALOGS = YES;
				MARKETING_VERSION = 1.0.1;
				MTL_ENABLE_DEBUG_INFO = INCLUDE_SOURCE;
				MTL_FAST_MATH = YES;
				ONLY_ACTIVE_ARCH = YES;
				PRODUCT_BUNDLE_IDENTIFIER = com.stephenbensley.UrCoach;
				PRODUCT_NAME = "Ur Coach";
				SDKROOT = iphoneos;
				SWIFT_ACTIVE_COMPILATION_CONDITIONS = DEBUG;
				SWIFT_EMIT_LOC_STRINGS = YES;
				SWIFT_OPTIMIZATION_LEVEL = "-Onone";
				SWIFT_VERSION = 5.0;
				TARGETED_DEVICE_FAMILY = "1,2";
			};
			name = Debug;
		};
		DCA00C5A2C7BCA8600C9E1D2 /* Release */ = {
			isa = XCBuildConfiguration;
			buildSettings = {
				ALWAYS_SEARCH_USER_PATHS = NO;
				ASSETCATALOG_COMPILER_APPICON_NAME = AppIcon;
				ASSETCATALOG_COMPILER_GENERATE_SWIFT_ASSET_SYMBOL_EXTENSIONS = YES;
				ASSETCATALOG_COMPILER_GLOBAL_ACCENT_COLOR_NAME = AccentColor;
				CLANG_ANALYZER_NONNULL = YES;
				CLANG_ANALYZER_NUMBER_OBJECT_CONVERSION = YES_AGGRESSIVE;
				CLANG_CXX_LANGUAGE_STANDARD = "gnu++20";
				CLANG_ENABLE_MODULES = YES;
				CLANG_ENABLE_OBJC_ARC = YES;
				CLANG_ENABLE_OBJC_WEAK = YES;
				CLANG_WARN_BLOCK_CAPTURE_AUTORELEASING = YES;
				CLANG_WARN_BOOL_CONVERSION = YES;
				CLANG_WARN_COMMA = YES;
				CLANG_WARN_CONSTANT_CONVERSION = YES;
				CLANG_WARN_DEPRECATED_OBJC_IMPLEMENTATIONS = YES;
				CLANG_WARN_DIRECT_OBJC_ISA_USAGE = YES_ERROR;
				CLANG_WARN_DOCUMENTATION_COMMENTS = YES;
				CLANG_WARN_EMPTY_BODY = YES;
				CLANG_WARN_ENUM_CONVERSION = YES;
				CLANG_WARN_INFINITE_RECURSION = YES;
				CLANG_WARN_INT_CONVERSION = YES;
				CLANG_WARN_NON_LITERAL_NULL_CONVERSION = YES;
				CLANG_WARN_OBJC_IMPLICIT_RETAIN_SELF = YES;
				CLANG_WARN_OBJC_LITERAL_CONVERSION = YES;
				CLANG_WARN_OBJC_ROOT_CLASS = YES_ERROR;
				CLANG_WARN_QUOTED_INCLUDE_IN_FRAMEWORK_HEADER = YES;
				CLANG_WARN_RANGE_LOOP_ANALYSIS = YES;
				CLANG_WARN_STRICT_PROTOTYPES = YES;
				CLANG_WARN_SUSPICIOUS_MOVE = YES;
				CLANG_WARN_UNGUARDED_AVAILABILITY = YES_AGGRESSIVE;
				CLANG_WARN_UNREACHABLE_CODE = YES;
				CLANG_WARN__DUPLICATE_METHOD_MATCH = YES;
				CODE_SIGN_STYLE = Automatic;
				COPY_PHASE_STRIP = NO;
				CURRENT_PROJECT_VERSION = 2;
				DEBUG_INFORMATION_FORMAT = "dwarf-with-dsym";
				DEVELOPMENT_ASSET_PATHS = "";
				DEVELOPMENT_TEAM = 6X2P4HJBQW;
				ENABLE_NS_ASSERTIONS = NO;
				ENABLE_PREVIEWS = YES;
				ENABLE_STRICT_OBJC_MSGSEND = YES;
				ENABLE_USER_SCRIPT_SANDBOXING = YES;
				GCC_C_LANGUAGE_STANDARD = gnu17;
				GCC_NO_COMMON_BLOCKS = YES;
				GCC_WARN_64_TO_32_BIT_CONVERSION = YES;
				GCC_WARN_ABOUT_RETURN_TYPE = YES_ERROR;
				GCC_WARN_UNDECLARED_SELECTOR = YES;
				GCC_WARN_UNINITIALIZED_AUTOS = YES_AGGRESSIVE;
				GCC_WARN_UNUSED_FUNCTION = YES;
				GCC_WARN_UNUSED_VARIABLE = YES;
				GENERATE_INFOPLIST_FILE = YES;
				INFOPLIST_FILE = UrCoach/Info.plist;
				INFOPLIST_KEY_UIApplicationSceneManifest_Generation = YES;
				INFOPLIST_KEY_UIApplicationSupportsIndirectInputEvents = YES;
				INFOPLIST_KEY_UISupportedInterfaceOrientations_iPad = "UIInterfaceOrientationPortrait UIInterfaceOrientationPortraitUpsideDown UIInterfaceOrientationLandscapeLeft UIInterfaceOrientationLandscapeRight";
				INFOPLIST_KEY_UISupportedInterfaceOrientations_iPhone = UIInterfaceOrientationPortrait;
				IPHONEOS_DEPLOYMENT_TARGET = 17.5;
				LD_RUNPATH_SEARCH_PATHS = (
					"$(inherited)",
					"@executable_path/Frameworks",
				);
				LOCALIZATION_PREFERS_STRING_CATALOGS = YES;
				MARKETING_VERSION = 1.0.1;
				MTL_ENABLE_DEBUG_INFO = NO;
				MTL_FAST_MATH = YES;
				PRODUCT_BUNDLE_IDENTIFIER = com.stephenbensley.UrCoach;
				PRODUCT_NAME = "Ur Coach";
				SDKROOT = iphoneos;
				SWIFT_ACTIVE_COMPILATION_CONDITIONS = "";
				SWIFT_COMPILATION_MODE = wholemodule;
				SWIFT_EMIT_LOC_STRINGS = YES;
				SWIFT_VERSION = 5.0;
				TARGETED_DEVICE_FAMILY = "1,2";
				VALIDATE_PRODUCT = YES;
			};
			name = Release;
		};
/* End XCBuildConfiguration section */

/* Begin XCConfigurationList section */
		DC2CEF0B2C88F30F00023B0C /* Build configuration list for PBXNativeTarget "UrCoach (local)" */ = {
			isa = XCConfigurationList;
			buildConfigurations = (
				DC2CEF0C2C88F30F00023B0C /* Debug */,
				DC2CEF0D2C88F30F00023B0C /* Release */,
			);
			defaultConfigurationIsVisible = 0;
			defaultConfigurationName = Release;
		};
		DC729EBB2C7A4AAB00193A2E /* Build configuration list for PBXNativeTarget "UrSolver" */ = {
			isa = XCConfigurationList;
			buildConfigurations = (
				DC729EBC2C7A4AAB00193A2E /* Debug */,
				DC729EBD2C7A4AAB00193A2E /* Release */,
			);
			defaultConfigurationIsVisible = 0;
			defaultConfigurationName = Release;
		};
		DC729EC62C7A4BB400193A2E /* Build configuration list for PBXNativeTarget "DynamoDBGen" */ = {
			isa = XCConfigurationList;
			buildConfigurations = (
				DC729EC72C7A4BB400193A2E /* Debug */,
				DC729EC82C7A4BB400193A2E /* Release */,
			);
			defaultConfigurationIsVisible = 0;
			defaultConfigurationName = Release;
		};
		DC729F152C7A6B7100193A2E /* Build configuration list for PBXNativeTarget "Tournament" */ = {
			isa = XCConfigurationList;
			buildConfigurations = (
				DC729F162C7A6B7100193A2E /* Debug */,
				DC729F172C7A6B7100193A2E /* Release */,
			);
			defaultConfigurationIsVisible = 0;
			defaultConfigurationName = Release;
		};
		DC89A5732C7A40E1005D0269 /* Build configuration list for PBXProject "UrCoach" */ = {
			isa = XCConfigurationList;
			buildConfigurations = (
				DC89A5742C7A40E1005D0269 /* Debug */,
				DC89A5752C7A40E1005D0269 /* Release */,
			);
			defaultConfigurationIsVisible = 0;
			defaultConfigurationName = Release;
		};
		DC89A58E2C7A40F5005D0269 /* Build configuration list for PBXNativeTarget "CoreTests" */ = {
			isa = XCConfigurationList;
			buildConfigurations = (
				DC89A58F2C7A40F5005D0269 /* Debug */,
				DC89A5902C7A40F5005D0269 /* Release */,
			);
			defaultConfigurationIsVisible = 0;
			defaultConfigurationName = Release;
		};
		DCA00C5B2C7BCA8600C9E1D2 /* Build configuration list for PBXNativeTarget "UrCoach" */ = {
			isa = XCConfigurationList;
			buildConfigurations = (
				DCA00C592C7BCA8600C9E1D2 /* Debug */,
				DCA00C5A2C7BCA8600C9E1D2 /* Release */,
			);
			defaultConfigurationIsVisible = 0;
			defaultConfigurationName = Release;
		};
/* End XCConfigurationList section */

/* Begin XCRemoteSwiftPackageReference section */
		DC2CEEF02C88F30F00023B0C /* XCRemoteSwiftPackageReference "CheckersKit" */ = {
			isa = XCRemoteSwiftPackageReference;
			repositoryURL = "https://github.com/stephenbensley/CheckersKit";
			requirement = {
				branch = main;
				kind = branch;
			};
		};
		DC8E71E52C877B1C009DE9CE /* XCRemoteSwiftPackageReference "CheckersKit" */ = {
			isa = XCRemoteSwiftPackageReference;
			repositoryURL = "https://github.com/stephenbensley/CheckersKit";
			requirement = {
				branch = main;
				kind = branch;
			};
		};
		DC8E71E62C877B43009DE9CE /* XCRemoteSwiftPackageReference "UtiliKit" */ = {
			isa = XCRemoteSwiftPackageReference;
			repositoryURL = "https://github.com/stephenbensley/UtiliKit";
			requirement = {
				branch = main;
				kind = branch;
			};
		};
/* End XCRemoteSwiftPackageReference section */

/* Begin XCSwiftPackageProductDependency section */
		DC28E04D2C7E0B4100C0FD2C /* UtiliKit */ = {
			isa = XCSwiftPackageProductDependency;
			productName = UtiliKit;
		};
		DC28E04F2C7E0B6E00C0FD2C /* UtiliKit */ = {
			isa = XCSwiftPackageProductDependency;
			productName = UtiliKit;
		};
		DC2CEEEA2C88F30F00023B0C /* UtiliKit */ = {
			isa = XCSwiftPackageProductDependency;
			productName = UtiliKit;
		};
		DC2CEEEB2C88F30F00023B0C /* UtiliKit */ = {
			isa = XCSwiftPackageProductDependency;
			productName = UtiliKit;
		};
		DC2CEEEC2C88F30F00023B0C /* UtiliKit */ = {
			isa = XCSwiftPackageProductDependency;
			productName = UtiliKit;
		};
		DC2CEEED2C88F30F00023B0C /* UtiliKit */ = {
			isa = XCSwiftPackageProductDependency;
			productName = UtiliKit;
		};
		DC2CEEEE2C88F30F00023B0C /* UtiliKit */ = {
			isa = XCSwiftPackageProductDependency;
			productName = UtiliKit;
		};
		DC2CEEEF2C88F30F00023B0C /* CheckersKit */ = {
			isa = XCSwiftPackageProductDependency;
			package = DC2CEEF02C88F30F00023B0C /* XCRemoteSwiftPackageReference "CheckersKit" */;
			productName = CheckersKit;
		};
		DC8E71E72C877B50009DE9CE /* CheckersKit */ = {
			isa = XCSwiftPackageProductDependency;
			package = DC8E71E52C877B1C009DE9CE /* XCRemoteSwiftPackageReference "CheckersKit" */;
			productName = CheckersKit;
		};
		DC8E71E92C877B50009DE9CE /* UtiliKit */ = {
			isa = XCSwiftPackageProductDependency;
			package = DC8E71E62C877B43009DE9CE /* XCRemoteSwiftPackageReference "UtiliKit" */;
			productName = UtiliKit;
		};
		DC8E71EB2C877B59009DE9CE /* UtiliKit */ = {
			isa = XCSwiftPackageProductDependency;
			package = DC8E71E62C877B43009DE9CE /* XCRemoteSwiftPackageReference "UtiliKit" */;
			productName = UtiliKit;
		};
		DC8E71ED2C877B60009DE9CE /* CheckersKit */ = {
			isa = XCSwiftPackageProductDependency;
			package = DC8E71E52C877B1C009DE9CE /* XCRemoteSwiftPackageReference "CheckersKit" */;
			productName = CheckersKit;
		};
		DC8E71EF2C877B60009DE9CE /* UtiliKit */ = {
			isa = XCSwiftPackageProductDependency;
			package = DC8E71E62C877B43009DE9CE /* XCRemoteSwiftPackageReference "UtiliKit" */;
			productName = UtiliKit;
		};
		DC8E71F12C877B68009DE9CE /* CheckersKit */ = {
			isa = XCSwiftPackageProductDependency;
			package = DC8E71E52C877B1C009DE9CE /* XCRemoteSwiftPackageReference "CheckersKit" */;
			productName = CheckersKit;
		};
		DC8E71F32C877B70009DE9CE /* UtiliKit */ = {
			isa = XCSwiftPackageProductDependency;
			package = DC8E71E62C877B43009DE9CE /* XCRemoteSwiftPackageReference "UtiliKit" */;
			productName = UtiliKit;
		};
		DC96FB512C7E0C0700ECB509 /* UtiliKit */ = {
			isa = XCSwiftPackageProductDependency;
			productName = UtiliKit;
		};
		DC96FB542C7E0CCB00ECB509 /* UtiliKit */ = {
			isa = XCSwiftPackageProductDependency;
			productName = UtiliKit;
		};
		DCA00C962C7E07B700C9E1D2 /* UtiliKit */ = {
			isa = XCSwiftPackageProductDependency;
			productName = UtiliKit;
		};
/* End XCSwiftPackageProductDependency section */
	};
	rootObject = DC89A5702C7A40E1005D0269 /* Project object */;
}
